// !$*UTF8*$!
{
	archiveVersion = 1;
	classes = {
	};
	objectVersion = 55;
	objects = {

/* Begin PBXBuildFile section */
		00DB7DDCAF9469B0E81AC51B /* NetworkKit.framework in Frameworks */ = {isa = PBXBuildFile; fileRef = EF021344F16945968371F691 /* NetworkKit.framework */; };
		0263D464A0060067F7C699E4 /* Firebase.framework in Frameworks */ = {isa = PBXBuildFile; fileRef = 7F44EDE91A79696F3FBBFE16 /* Firebase.framework */; };
		03C31E734B72B29FEA1E066D /* SubscribeDomain.framework in Frameworks */ = {isa = PBXBuildFile; fileRef = 6403E5FCF0FC81B2922FA5E5 /* SubscribeDomain.framework */; };
		097F71382AB33B072400656E /* FirebaseCoreExtension.framework in Frameworks */ = {isa = PBXBuildFile; fileRef = D986AB50C6EC5E677534690A /* FirebaseCoreExtension.framework */; };
		0C267D12DF8888A49CDF7F4C /* AppDependencies.swift in Sources */ = {isa = PBXBuildFile; fileRef = A6527EDA66DBCA90ED0AF755 /* AppDependencies.swift */; };
		0E31A3C3C925B3D0A640E70A /* NewDokTabView.swift in Sources */ = {isa = PBXBuildFile; fileRef = 839C7785F67E3906215F67C8 /* NewDokTabView.swift */; };
		100701B9BFA1DFBDD27D1BF0 /* GoogleAppMeasurementTarget.framework in Frameworks */ = {isa = PBXBuildFile; fileRef = FBAB840F54EFA40D6A143F7F /* GoogleAppMeasurementTarget.framework */; };
		151CD1C7340B25AF05B5F1F3 /* Security.framework in Frameworks */ = {isa = PBXBuildFile; fileRef = 4459AC440B063044813E979E /* Security.framework */; };
		19AA6DB30A90955617F9B7FD /* BookmarkInterface.framework in Frameworks */ = {isa = PBXBuildFile; fileRef = E72FF74C328526DB94E50010 /* BookmarkInterface.framework */; };
		1ADFB6F0C0F33AE51F6793BD /* FirebaseInstallations.framework in Frameworks */ = {isa = PBXBuildFile; fileRef = 1EDD3D57F65917DB1A07B052 /* FirebaseInstallations.framework */; };
		1BC5B98AD386E5E8F84A45D6 /* Shared.framework in Frameworks */ = {isa = PBXBuildFile; fileRef = AB40F3B3D8E2DCB2AC3C9605 /* Shared.framework */; };
		1C97140162D8A52649A79034 /* DatabaseKit.framework in Frameworks */ = {isa = PBXBuildFile; fileRef = 20472DE96208EAF694E16719 /* DatabaseKit.framework */; };
		1DAF338EC3091F9B6BB61A11 /* Detail.framework in Frameworks */ = {isa = PBXBuildFile; fileRef = 6FB9E693CAE8686756749690 /* Detail.framework */; };
		232800970AFA0DEF4018B1FB /* GoogleUtilities_Environment.framework in Embed Frameworks */ = {isa = PBXBuildFile; fileRef = 49A8F44173AE773538037143 /* GoogleUtilities_Environment.framework */; settings = {ATTRIBUTES = (CodeSignOnCopy, RemoveHeadersOnCopy, ); }; };
		24B03597CF38DDDB6A79FECE /* GoogleUtilities_UserDefaults.framework in Frameworks */ = {isa = PBXBuildFile; fileRef = E636F12029AD4B16C7FB0A49 /* GoogleUtilities_UserDefaults.framework */; };
		25C16329B5447E96E40BAB34 /* DetailInterface.framework in Frameworks */ = {isa = PBXBuildFile; fileRef = 86C4E404056697A170B2B575 /* DetailInterface.framework */; };
		2A9E6C9228EFD0F89BB15873 /* FirebaseCore.framework in Embed Frameworks */ = {isa = PBXBuildFile; fileRef = 6057899A5EBA0F72DCB4F9FB /* FirebaseCore.framework */; settings = {ATTRIBUTES = (CodeSignOnCopy, RemoveHeadersOnCopy, ); }; };
		2DECB327F9E1EFE0AE533114 /* Launch.framework in Frameworks */ = {isa = PBXBuildFile; fileRef = 7E710496E985656C6B2D0826 /* Launch.framework */; };
		2E52F27A54B699D9FDADE3EA /* GoogleUtilities_Reachability.framework in Frameworks */ = {isa = PBXBuildFile; fileRef = 586B2137F5665C47D8CBF265 /* GoogleUtilities_Reachability.framework */; };
		2E743A6F76CCB6064D781210 /* TuistAssets+App.swift in Sources */ = {isa = PBXBuildFile; fileRef = 95D529DAAF6A9D59C44D9D68 /* TuistAssets+App.swift */; };
		2F849686E3F1AB9940B88C90 /* Explore.framework in Frameworks */ = {isa = PBXBuildFile; fileRef = 233D852B07E4FC2B2B1F1179 /* Explore.framework */; };
		2FEC4C6AC218B26FF4A2F4A8 /* GoogleUtilities_Network.framework in Embed Frameworks */ = {isa = PBXBuildFile; fileRef = C99EEBAAE10B045CF1A64A0E /* GoogleUtilities_Network.framework */; settings = {ATTRIBUTES = (CodeSignOnCopy, RemoveHeadersOnCopy, ); }; };
		326C0B3CADC173970CDF3EAF /* Auth.framework in Frameworks */ = {isa = PBXBuildFile; fileRef = 709ECB981BF7FB2A9D697179 /* Auth.framework */; };
		33E81FC86F95AFABE4A4C1CE /* HomeDomain.framework in Frameworks */ = {isa = PBXBuildFile; fileRef = A384F9952484B3EE82AEEEB0 /* HomeDomain.framework */; };
		343BDB365A3C8C6E6705D1F5 /* GoogleAppMeasurementIdentitySupport.xcframework in Frameworks */ = {isa = PBXBuildFile; fileRef = A6CC5BE38C825952D62A4FEA /* GoogleAppMeasurementIdentitySupport.xcframework */; };
		352FA513E7B4EF4FF9C5A9A0 /* CoreTelephony.framework in Frameworks */ = {isa = PBXBuildFile; fileRef = 80E02385EF041EF7C0B15DA4 /* CoreTelephony.framework */; };
		3B197E4B3C8EC9C0A91A7459 /* FBLPromises.framework in Frameworks */ = {isa = PBXBuildFile; fileRef = A04862A34120F5891A8E63BD /* FBLPromises.framework */; };
		3B8CD8CA059DB727F00BFCFD /* KakaoSDKCommon.framework in Embed Frameworks */ = {isa = PBXBuildFile; fileRef = 07A64FDDEF0AA8332A7C2E8F /* KakaoSDKCommon.framework */; settings = {ATTRIBUTES = (CodeSignOnCopy, RemoveHeadersOnCopy, ); }; };
		3E218B454583303272ECB968 /* DetailData.framework in Frameworks */ = {isa = PBXBuildFile; fileRef = 56CEFEBE90EBB1FAFCA079B3 /* DetailData.framework */; };
		3F828FC9E0F2A854B6E472EF /* FirebaseInstallations.framework in Embed Frameworks */ = {isa = PBXBuildFile; fileRef = 1EDD3D57F65917DB1A07B052 /* FirebaseInstallations.framework */; settings = {ATTRIBUTES = (CodeSignOnCopy, RemoveHeadersOnCopy, ); }; };
		4056A0FE42A1656466061EE8 /* Alamofire.framework in Embed Frameworks */ = {isa = PBXBuildFile; fileRef = C86E6E6BCDFAB61BBD09E06F /* Alamofire.framework */; settings = {ATTRIBUTES = (CodeSignOnCopy, RemoveHeadersOnCopy, ); }; };
		48469C5111BF762561C9B9B6 /* Assets.xcassets in Resources */ = {isa = PBXBuildFile; fileRef = 8F7F83A194E1D17030DCA033 /* Assets.xcassets */; };
		492675EEAF29D31EF314EE9E /* GoogleUtilities_AppDelegateSwizzler.framework in Frameworks */ = {isa = PBXBuildFile; fileRef = 48998AA38F90160E6A754556 /* GoogleUtilities_AppDelegateSwizzler.framework */; };
		4943C02C8CCE2B41CF3E2D13 /* FirebaseCoreInternal.framework in Embed Frameworks */ = {isa = PBXBuildFile; fileRef = 64190CDE29515E79F9CFDF34 /* FirebaseCoreInternal.framework */; settings = {ATTRIBUTES = (CodeSignOnCopy, RemoveHeadersOnCopy, ); }; };
		4B4BEDFFBA8F6B8697F6D658 /* GoogleUtilities_NSData.framework in Embed Frameworks */ = {isa = PBXBuildFile; fileRef = 97F9F26BC0A0A0A32CD460D4 /* GoogleUtilities_NSData.framework */; settings = {ATTRIBUTES = (CodeSignOnCopy, RemoveHeadersOnCopy, ); }; };
		509D382CCFE306D7B52B5D3F /* FirebaseSessionsObjC.framework in Frameworks */ = {isa = PBXBuildFile; fileRef = 03CE70F210A2CC94EABD7C03 /* FirebaseSessionsObjC.framework */; };
		5189CF63EEE31ED6C09F5354 /* FirebaseCoreExtension.framework in Embed Frameworks */ = {isa = PBXBuildFile; fileRef = D986AB50C6EC5E677534690A /* FirebaseCoreExtension.framework */; settings = {ATTRIBUTES = (CodeSignOnCopy, RemoveHeadersOnCopy, ); }; };
		5533C7995DDE899C36BC2346 /* third_party_IsAppEncrypted.framework in Frameworks */ = {isa = PBXBuildFile; fileRef = 255DFB5369032FF8E4C1007C /* third_party_IsAppEncrypted.framework */; };
		557E5EB9CE186DC932D2D731 /* GoogleUtilities_NSData.framework in Frameworks */ = {isa = PBXBuildFile; fileRef = 97F9F26BC0A0A0A32CD460D4 /* GoogleUtilities_NSData.framework */; };
		55C10C02F203892AF5DFBEC5 /* Moya.framework in Frameworks */ = {isa = PBXBuildFile; fileRef = 97590F8716CD862F585CC863 /* Moya.framework */; };
		5B8ED560C12821F468B19513 /* GoogleAdsOnDeviceConversion.xcframework in Frameworks */ = {isa = PBXBuildFile; fileRef = 7CE72C73A76A964F8E7408D6 /* GoogleAdsOnDeviceConversion.xcframework */; };
		5C67BAA15381AE7145205E2B /* SearchInterface.framework in Frameworks */ = {isa = PBXBuildFile; fileRef = 1398C2480450D84DC3712CB1 /* SearchInterface.framework */; };
		5D498E3D12F6070817B573C5 /* FoundationKit.framework in Frameworks */ = {isa = PBXBuildFile; fileRef = 137FBFC1E48C21B372502272 /* FoundationKit.framework */; };
		60BAC7B09140821CE84C3573 /* NetworkErrorAppMapper.swift in Sources */ = {isa = PBXBuildFile; fileRef = 7DC4BECC212699120AF58DCF /* NetworkErrorAppMapper.swift */; };
		617287F49CD5AF999D4CC84E /* GoogleUtilities_UserDefaults.framework in Embed Frameworks */ = {isa = PBXBuildFile; fileRef = E636F12029AD4B16C7FB0A49 /* GoogleUtilities_UserDefaults.framework */; settings = {ATTRIBUTES = (CodeSignOnCopy, RemoveHeadersOnCopy, ); }; };
		618C5A4BDBBDA7F1A2F8DC93 /* Home.framework in Frameworks */ = {isa = PBXBuildFile; fileRef = 76E66C32BAE4D2C1EE4C64CB /* Home.framework */; };
		65C48DAD150D3041D0A25442 /* VersionCheckService.swift in Sources */ = {isa = PBXBuildFile; fileRef = 8C9623594413736EB5B5E46F /* VersionCheckService.swift */; };
		667E72036A7944FECF2FEBB0 /* GoogleUtilities_MethodSwizzler.framework in Embed Frameworks */ = {isa = PBXBuildFile; fileRef = 426373E4E665642601D5BE1A /* GoogleUtilities_MethodSwizzler.framework */; settings = {ATTRIBUTES = (CodeSignOnCopy, RemoveHeadersOnCopy, ); }; };
		69B40BAF2815D2969E4A0FB1 /* Kingfisher.framework in Embed Frameworks */ = {isa = PBXBuildFile; fileRef = 77D69EAF942AA87F8A9468BF /* Kingfisher.framework */; settings = {ATTRIBUTES = (CodeSignOnCopy, RemoveHeadersOnCopy, ); }; };
		6E8362D867B53D4394477600 /* Moya.framework in Embed Frameworks */ = {isa = PBXBuildFile; fileRef = 97590F8716CD862F585CC863 /* Moya.framework */; settings = {ATTRIBUTES = (CodeSignOnCopy, RemoveHeadersOnCopy, ); }; };
		6F40F0302996AC8E9B709719 /* BookmarkDomain.framework in Frameworks */ = {isa = PBXBuildFile; fileRef = F8F861BEFA693139AC601928 /* BookmarkDomain.framework */; };
		6F52EB8BAB38DBC2979F5AB7 /* GoogleDataTransport.framework in Embed Frameworks */ = {isa = PBXBuildFile; fileRef = CAA551898AB3AD913E2B2E80 /* GoogleDataTransport.framework */; settings = {ATTRIBUTES = (CodeSignOnCopy, RemoveHeadersOnCopy, ); }; };
		70F3CF0BB9F240B2A59853E0 /* DesignSystem.framework in Embed Frameworks */ = {isa = PBXBuildFile; fileRef = E9369BFA2C65412102538303 /* DesignSystem.framework */; settings = {ATTRIBUTES = (CodeSignOnCopy, RemoveHeadersOnCopy, ); }; };
		729F10544E8CB2CD05A2D73D /* KakaoSDKAuth.framework in Frameworks */ = {isa = PBXBuildFile; fileRef = 6C71FCA8677FAE2B173DC8BC /* KakaoSDKAuth.framework */; };
		7389C3BF0F6EE9AA745BEADA /* Subscribe.framework in Frameworks */ = {isa = PBXBuildFile; fileRef = 7280B4F86503740125AA0E61 /* Subscribe.framework */; };
		73F3FC1D4FF7EB1EE2A318E4 /* FirebaseCrashlytics.framework in Frameworks */ = {isa = PBXBuildFile; fileRef = 579A16AE603CDAC89FBACF86 /* FirebaseCrashlytics.framework */; };
		7652F95357A65A6D95872B14 /* FirebaseRemoteConfigInterop.framework in Frameworks */ = {isa = PBXBuildFile; fileRef = 2EC0EED4803AED8EF066F337 /* FirebaseRemoteConfigInterop.framework */; };
		781E1A97690EAB40B031F79C /* HomeInterface.framework in Frameworks */ = {isa = PBXBuildFile; fileRef = 3378AADEC52D5A8AE2261C5D /* HomeInterface.framework */; };
		784452FA2E8E29178120DA76 /* Kingfisher.framework in Frameworks */ = {isa = PBXBuildFile; fileRef = 77D69EAF942AA87F8A9468BF /* Kingfisher.framework */; };
		78EFAC18FFEF5BF6FB75A09E /* FirebaseCoreInternal.framework in Frameworks */ = {isa = PBXBuildFile; fileRef = 64190CDE29515E79F9CFDF34 /* FirebaseCoreInternal.framework */; };
		78FD877B769D47E08863D328 /* AppKit.framework in Frameworks */ = {isa = PBXBuildFile; fileRef = 91FB685CB6A1E3D66A15E903 /* AppKit.framework */; platformFilters = (macos, ); };
		79B9D7F5FE8621194334063B /* GoogleUtilities_MethodSwizzler.framework in Frameworks */ = {isa = PBXBuildFile; fileRef = 426373E4E665642601D5BE1A /* GoogleUtilities_MethodSwizzler.framework */; };
		79CC342CF73CCAAFEF0E7A8A /* NewdokApp.swift in Sources */ = {isa = PBXBuildFile; fileRef = 0E742829AD9D1D2B50EFB2A0 /* NewdokApp.swift */; };
		7B9F449FE333FAF6C557BDCD /* Promises.framework in Frameworks */ = {isa = PBXBuildFile; fileRef = 4DF851AB63186CE3D1CB0DED /* Promises.framework */; };
		7BCB27357632345470081169 /* GoogleDataTransport.framework in Frameworks */ = {isa = PBXBuildFile; fileRef = CAA551898AB3AD913E2B2E80 /* GoogleDataTransport.framework */; };
		80319378A3DAAAA15CA9AEEA /* UIKit.framework in Frameworks */ = {isa = PBXBuildFile; fileRef = FCA3C5FAA7EFDD728B5A5DA0 /* UIKit.framework */; };
		82084C94D10127344D2915C5 /* GoogleUtilities_Reachability.framework in Embed Frameworks */ = {isa = PBXBuildFile; fileRef = 586B2137F5665C47D8CBF265 /* GoogleUtilities_Reachability.framework */; settings = {ATTRIBUTES = (CodeSignOnCopy, RemoveHeadersOnCopy, ); }; };
		825230B66CE03FD8757C0F13 /* MypageInterface.framework in Frameworks */ = {isa = PBXBuildFile; fileRef = 96DD70846B0784404F045D9B /* MypageInterface.framework */; };
		83989972E0EFDFDC98B9D266 /* AuthData.framework in Frameworks */ = {isa = PBXBuildFile; fileRef = 90F102DAA3B6B8E740853FB0 /* AuthData.framework */; };
		886EBD382F20C3E46CEA0427 /* DetailDomain.framework in Frameworks */ = {isa = PBXBuildFile; fileRef = 4307B0453450735C4C2D0075 /* DetailDomain.framework */; };
		88B77F146FB7D3D00F3C2450 /* GoogleUtilities_Environment.framework in Frameworks */ = {isa = PBXBuildFile; fileRef = 49A8F44173AE773538037143 /* GoogleUtilities_Environment.framework */; };
		8B7F4D5F182C6C286C41D29C /* MypageDomain.framework in Frameworks */ = {isa = PBXBuildFile; fileRef = BF295CF0B578304BEF374ADF /* MypageDomain.framework */; };
		8C1ECE2C139ABD512A2275C6 /* FirebaseAnalytics.xcframework in Frameworks */ = {isa = PBXBuildFile; fileRef = 59562D711788A69AA94F066C /* FirebaseAnalytics.xcframework */; };
		8F3691F7301E714387485350 /* DesignSystem.framework in Frameworks */ = {isa = PBXBuildFile; fileRef = E9369BFA2C65412102538303 /* DesignSystem.framework */; };
		8FC13E553A63D7A2F007D79B /* SubscribeData.framework in Frameworks */ = {isa = PBXBuildFile; fileRef = C31F0BDE173A605012E7B8AC /* SubscribeData.framework */; };
		92F54D6F46C20B4A9B9764D4 /* MypageData.framework in Frameworks */ = {isa = PBXBuildFile; fileRef = 25D86E385893D41F56082155 /* MypageData.framework */; };
		951F5F7AD846B44C5D2B4794 /* BookmarkData.framework in Frameworks */ = {isa = PBXBuildFile; fileRef = 0DBF32E59C44117542EBDEFB /* BookmarkData.framework */; };
		9531452380F62186E3D0D24B /* PopupView.framework in Embed Frameworks */ = {isa = PBXBuildFile; fileRef = 7D4C1070D34B90B47363412F /* PopupView.framework */; settings = {ATTRIBUTES = (CodeSignOnCopy, RemoveHeadersOnCopy, ); }; };
		98213E62324FAFF244E18FFB /* KakaoSDKAuth.framework in Embed Frameworks */ = {isa = PBXBuildFile; fileRef = 6C71FCA8677FAE2B173DC8BC /* KakaoSDKAuth.framework */; settings = {ATTRIBUTES = (CodeSignOnCopy, RemoveHeadersOnCopy, ); }; };
		98231FB337224089D071C61A /* AppToastHost.swift in Sources */ = {isa = PBXBuildFile; fileRef = B6011F38009256ECAA5FCCE7 /* AppToastHost.swift */; };
		9ADB6DE0770536AB7D9F7EA2 /* libsqlite3.tbd in Frameworks */ = {isa = PBXBuildFile; fileRef = 75C1D964EE1929E7F47691C1 /* libsqlite3.tbd */; };
		9D12C99AAD2F9CD449517FBA /* SearchData.framework in Frameworks */ = {isa = PBXBuildFile; fileRef = 8D326740F43A5F556E2007C0 /* SearchData.framework */; };
		9D2DD36569CD3FA02C1A5DAD /* ExploreData.framework in Frameworks */ = {isa = PBXBuildFile; fileRef = D2EE2EA788E57C11B55BBF8A /* ExploreData.framework */; };
		9E97060454F08C720AC1E1DB /* FirebaseCrashlyticsSwift.framework in Frameworks */ = {isa = PBXBuildFile; fileRef = 61F2B8D3FBE655A0B9B1C1C3 /* FirebaseCrashlyticsSwift.framework */; };
		9FC27D46D287335E3F17DE53 /* Bookmark.framework in Frameworks */ = {isa = PBXBuildFile; fileRef = 84FBE2452C04B4D7AC7749E0 /* Bookmark.framework */; };
		A0142B1AA7D90160EBBC2FE8 /* SearchDomain.framework in Frameworks */ = {isa = PBXBuildFile; fileRef = A00883EC86642517904880FC /* SearchDomain.framework */; };
		A0EBB486D9671C02D5B5293F /* AuthInterface.framework in Frameworks */ = {isa = PBXBuildFile; fileRef = 364B2FD98E76A3247813D747 /* AuthInterface.framework */; };
		A74FEE290A5DA1D3F24DF935 /* KakaoSDKUser.framework in Embed Frameworks */ = {isa = PBXBuildFile; fileRef = D38B74E3880A33963F2FC652 /* KakaoSDKUser.framework */; settings = {ATTRIBUTES = (CodeSignOnCopy, RemoveHeadersOnCopy, ); }; };
		A76F97E3ED283C3131700469 /* KakaoSDKCommon.framework in Frameworks */ = {isa = PBXBuildFile; fileRef = 07A64FDDEF0AA8332A7C2E8F /* KakaoSDKCommon.framework */; };
		A92C683605E31D18E761A10D /* SystemConfiguration.framework in Frameworks */ = {isa = PBXBuildFile; fileRef = 9FE0ECF9910AB356967B5279 /* SystemConfiguration.framework */; };
		AA253D8AD1A1D49463E18C89 /* libz.tbd in Frameworks */ = {isa = PBXBuildFile; fileRef = 0BE35C6E44DDB3DC2EAFA79F /* libz.tbd */; };
		AB34FB6F6DB90E6EABE7E0D3 /* FirebaseAnalyticsWrapper.framework in Frameworks */ = {isa = PBXBuildFile; fileRef = 9FBB016895105DD820FB961E /* FirebaseAnalyticsWrapper.framework */; };
		ACB9F921EC8195E3A4550EF3 /* GoogleService-Info.plist in Resources */ = {isa = PBXBuildFile; fileRef = E554DAA4AB515DAF86082D9E /* GoogleService-Info.plist */; };
		AF2C76A0516AA27E58A19304 /* FirebaseCore.framework in Frameworks */ = {isa = PBXBuildFile; fileRef = 6057899A5EBA0F72DCB4F9FB /* FirebaseCore.framework */; };
		B202306A3AFE89A5BDBFB17A /* KakaoSDKUser.framework in Frameworks */ = {isa = PBXBuildFile; fileRef = D38B74E3880A33963F2FC652 /* KakaoSDKUser.framework */; };
		BA0821813F9EFEC96108F29C /* FirebaseSessions.framework in Frameworks */ = {isa = PBXBuildFile; fileRef = 235BA3CECEDCE6AB843915C7 /* FirebaseSessions.framework */; };
		BCC9EDD6ADD2F07F95D4BAC9 /* GoogleUtilities_AppDelegateSwizzler.framework in Embed Frameworks */ = {isa = PBXBuildFile; fileRef = 48998AA38F90160E6A754556 /* GoogleUtilities_AppDelegateSwizzler.framework */; settings = {ATTRIBUTES = (CodeSignOnCopy, RemoveHeadersOnCopy, ); }; };
		C3589A70DFF400CA5B499F90 /* AppRootView.swift in Sources */ = {isa = PBXBuildFile; fileRef = 81B1B1045BA33FE4E4B7B2BE /* AppRootView.swift */; };
		C4B75090C0B2C8C29DCB5A6C /* AppContainer.swift in Sources */ = {isa = PBXBuildFile; fileRef = 14007BBD56368520EDB35575 /* AppContainer.swift */; };
		CCA882DEDF8A62AB1141EBD4 /* TuistPlists+App.swift in Sources */ = {isa = PBXBuildFile; fileRef = AB0EC4037905D748A3AC2129 /* TuistPlists+App.swift */; };
		CF3C49C4B9CB32CF2ABAAE6C /* AuthDomain.framework in Frameworks */ = {isa = PBXBuildFile; fileRef = 1F171699E8077C4150AFB994 /* AuthDomain.framework */; };
		D0C295699905C71F5BA36345 /* GoogleUtilities_Network.framework in Frameworks */ = {isa = PBXBuildFile; fileRef = C99EEBAAE10B045CF1A64A0E /* GoogleUtilities_Network.framework */; };
		D0D65E408FF57299A1762EC2 /* GoogleUtilities_Logger.framework in Frameworks */ = {isa = PBXBuildFile; fileRef = 2FAFAA40E48DF2BAD19BC548 /* GoogleUtilities_Logger.framework */; };
		D7023AF7E9A9396BAF28A867 /* FBLPromises.framework in Embed Frameworks */ = {isa = PBXBuildFile; fileRef = A04862A34120F5891A8E63BD /* FBLPromises.framework */; settings = {ATTRIBUTES = (CodeSignOnCopy, RemoveHeadersOnCopy, ); }; };
		D7ABC7FF8DF5D9DD20A14358 /* Promises.framework in Embed Frameworks */ = {isa = PBXBuildFile; fileRef = 4DF851AB63186CE3D1CB0DED /* Promises.framework */; settings = {ATTRIBUTES = (CodeSignOnCopy, RemoveHeadersOnCopy, ); }; };
		DCD1CDA51C0E83201D9519D5 /* SubscribeInterface.framework in Frameworks */ = {isa = PBXBuildFile; fileRef = 819B3A414C51EAA10DE042A0 /* SubscribeInterface.framework */; };
		DE94F4759ADE18287F00A3FB /* FirebaseAnalyticsTarget.framework in Frameworks */ = {isa = PBXBuildFile; fileRef = 5C85A81A03B5267CA8CC2EC9 /* FirebaseAnalyticsTarget.framework */; };
		E492654A9AF926A52A47BCCC /* Mypage.framework in Frameworks */ = {isa = PBXBuildFile; fileRef = 6AE449FC872A10DA9227F0A7 /* Mypage.framework */; };
		E5EECDAED4239341C2F24AE2 /* ExploreDomain.framework in Frameworks */ = {isa = PBXBuildFile; fileRef = B81DA1013615941AD811A574 /* ExploreDomain.framework */; };
		E876353B6A37EF48E58A9D39 /* PopupView.framework in Frameworks */ = {isa = PBXBuildFile; fileRef = 7D4C1070D34B90B47363412F /* PopupView.framework */; };
		ED14030AAE7234BDD355EFB0 /* nanopb.framework in Frameworks */ = {isa = PBXBuildFile; fileRef = 5F4076E956478B59F7481B80 /* nanopb.framework */; };
		F093B195EA3559F7AD713EE0 /* ExploreInterface.framework in Frameworks */ = {isa = PBXBuildFile; fileRef = 78CD79CD69E90D94B6A94553 /* ExploreInterface.framework */; };
		F1113AB299F42FEAAB55681C /* libc++.tbd in Frameworks */ = {isa = PBXBuildFile; fileRef = D5C086E361BFD0D4DF600B2D /* libc++.tbd */; };
		F1597A735BFBCAEA1FAC7971 /* GoogleUtilities_Logger.framework in Embed Frameworks */ = {isa = PBXBuildFile; fileRef = 2FAFAA40E48DF2BAD19BC548 /* GoogleUtilities_Logger.framework */; settings = {ATTRIBUTES = (CodeSignOnCopy, RemoveHeadersOnCopy, ); }; };
		F2527FB2BF7081A7A0F63630 /* HomeData.framework in Frameworks */ = {isa = PBXBuildFile; fileRef = 399957C9AAC3B887DDD3649B /* HomeData.framework */; };
		F4F71442B9CC6C3E397CD7E8 /* Search.framework in Frameworks */ = {isa = PBXBuildFile; fileRef = 460AADA523E2A539BF85F4C6 /* Search.framework */; };
		F63766E053EA36F3C0101C0D /* GoogleAppMeasurement.xcframework in Frameworks */ = {isa = PBXBuildFile; fileRef = 85D9916874570E959AD65449 /* GoogleAppMeasurement.xcframework */; };
		F8CB5ED6F921603868665787 /* StoreKit.framework in Frameworks */ = {isa = PBXBuildFile; fileRef = 9794475B8B6D993D855A2001 /* StoreKit.framework */; };
		FB2D3CD81D0E7CCDE4156363 /* nanopb.framework in Embed Frameworks */ = {isa = PBXBuildFile; fileRef = 5F4076E956478B59F7481B80 /* nanopb.framework */; settings = {ATTRIBUTES = (CodeSignOnCopy, RemoveHeadersOnCopy, ); }; };
		FE060CC116FAC5B10EC8A846 /* GoogleAdsOnDeviceConversionTarget.framework in Frameworks */ = {isa = PBXBuildFile; fileRef = EE6F604B0FACC3BEB663D1D1 /* GoogleAdsOnDeviceConversionTarget.framework */; };
		FE078F42728C23B77EE02A1B /* TuistBundle+App.swift in Sources */ = {isa = PBXBuildFile; fileRef = 083CD4D343ECF7F321C1905D /* TuistBundle+App.swift */; };
		FED64D5941C7FDEB946F6B3D /* FirebaseCrashlytics.framework in Embed Frameworks */ = {isa = PBXBuildFile; fileRef = 579A16AE603CDAC89FBACF86 /* FirebaseCrashlytics.framework */; settings = {ATTRIBUTES = (CodeSignOnCopy, RemoveHeadersOnCopy, ); }; };
/* End PBXBuildFile section */

/* Begin PBXCopyFilesBuildPhase section */
		8EFDE6013C818852098745E7 /* Embed Frameworks */ = {
			isa = PBXCopyFilesBuildPhase;
			buildActionMask = 2147483647;
			dstPath = "";
			dstSubfolderSpec = 10;
			files = (
				4056A0FE42A1656466061EE8 /* Alamofire.framework in Embed Frameworks */,
				70F3CF0BB9F240B2A59853E0 /* DesignSystem.framework in Embed Frameworks */,
				D7023AF7E9A9396BAF28A867 /* FBLPromises.framework in Embed Frameworks */,
				2A9E6C9228EFD0F89BB15873 /* FirebaseCore.framework in Embed Frameworks */,
				5189CF63EEE31ED6C09F5354 /* FirebaseCoreExtension.framework in Embed Frameworks */,
				4943C02C8CCE2B41CF3E2D13 /* FirebaseCoreInternal.framework in Embed Frameworks */,
				FED64D5941C7FDEB946F6B3D /* FirebaseCrashlytics.framework in Embed Frameworks */,
				3F828FC9E0F2A854B6E472EF /* FirebaseInstallations.framework in Embed Frameworks */,
				6F52EB8BAB38DBC2979F5AB7 /* GoogleDataTransport.framework in Embed Frameworks */,
				BCC9EDD6ADD2F07F95D4BAC9 /* GoogleUtilities_AppDelegateSwizzler.framework in Embed Frameworks */,
				232800970AFA0DEF4018B1FB /* GoogleUtilities_Environment.framework in Embed Frameworks */,
				F1597A735BFBCAEA1FAC7971 /* GoogleUtilities_Logger.framework in Embed Frameworks */,
				667E72036A7944FECF2FEBB0 /* GoogleUtilities_MethodSwizzler.framework in Embed Frameworks */,
				4B4BEDFFBA8F6B8697F6D658 /* GoogleUtilities_NSData.framework in Embed Frameworks */,
				2FEC4C6AC218B26FF4A2F4A8 /* GoogleUtilities_Network.framework in Embed Frameworks */,
				82084C94D10127344D2915C5 /* GoogleUtilities_Reachability.framework in Embed Frameworks */,
				617287F49CD5AF999D4CC84E /* GoogleUtilities_UserDefaults.framework in Embed Frameworks */,
				98213E62324FAFF244E18FFB /* KakaoSDKAuth.framework in Embed Frameworks */,
				3B8CD8CA059DB727F00BFCFD /* KakaoSDKCommon.framework in Embed Frameworks */,
				A74FEE290A5DA1D3F24DF935 /* KakaoSDKUser.framework in Embed Frameworks */,
				69B40BAF2815D2969E4A0FB1 /* Kingfisher.framework in Embed Frameworks */,
				6E8362D867B53D4394477600 /* Moya.framework in Embed Frameworks */,
				9531452380F62186E3D0D24B /* PopupView.framework in Embed Frameworks */,
				D7ABC7FF8DF5D9DD20A14358 /* Promises.framework in Embed Frameworks */,
				FB2D3CD81D0E7CCDE4156363 /* nanopb.framework in Embed Frameworks */,
			);
			name = "Embed Frameworks";
			runOnlyForDeploymentPostprocessing = 0;
		};
/* End PBXCopyFilesBuildPhase section */

/* Begin PBXFileReference section */
		01E1AA015F9EE84780DE15E5 /* App-Info.plist */ = {isa = PBXFileReference; lastKnownFileType = text.plist; path = "App-Info.plist"; sourceTree = "<group>"; };
		03CE70F210A2CC94EABD7C03 /* FirebaseSessionsObjC.framework */ = {isa = PBXFileReference; explicitFileType = wrapper.framework; includeInIndex = 0; path = FirebaseSessionsObjC.framework; sourceTree = BUILT_PRODUCTS_DIR; };
		07A64FDDEF0AA8332A7C2E8F /* KakaoSDKCommon.framework */ = {isa = PBXFileReference; explicitFileType = wrapper.framework; includeInIndex = 0; path = KakaoSDKCommon.framework; sourceTree = BUILT_PRODUCTS_DIR; };
		083CD4D343ECF7F321C1905D /* TuistBundle+App.swift */ = {isa = PBXFileReference; lastKnownFileType = sourcecode.swift; path = "TuistBundle+App.swift"; sourceTree = "<group>"; };
		0BE35C6E44DDB3DC2EAFA79F /* libz.tbd */ = {isa = PBXFileReference; lastKnownFileType = "sourcecode.text-based-dylib-definition"; name = libz.tbd; path = Platforms/iPhoneOS.platform/Developer/SDKs/iPhoneOS.sdk/usr/lib/libz.tbd; sourceTree = DEVELOPER_DIR; };
		0DBF32E59C44117542EBDEFB /* BookmarkData.framework */ = {isa = PBXFileReference; explicitFileType = wrapper.framework; includeInIndex = 0; path = BookmarkData.framework; sourceTree = BUILT_PRODUCTS_DIR; };
		0E742829AD9D1D2B50EFB2A0 /* NewdokApp.swift */ = {isa = PBXFileReference; lastKnownFileType = sourcecode.swift; path = NewdokApp.swift; sourceTree = "<group>"; };
		102EA30F9FFCB1968D084E73 /* Release.xcconfig */ = {isa = PBXFileReference; lastKnownFileType = text.xcconfig; path = Release.xcconfig; sourceTree = "<group>"; };
		137FBFC1E48C21B372502272 /* FoundationKit.framework */ = {isa = PBXFileReference; explicitFileType = wrapper.framework; includeInIndex = 0; path = FoundationKit.framework; sourceTree = BUILT_PRODUCTS_DIR; };
		1398C2480450D84DC3712CB1 /* SearchInterface.framework */ = {isa = PBXFileReference; explicitFileType = wrapper.framework; includeInIndex = 0; path = SearchInterface.framework; sourceTree = BUILT_PRODUCTS_DIR; };
		14007BBD56368520EDB35575 /* AppContainer.swift */ = {isa = PBXFileReference; lastKnownFileType = sourcecode.swift; path = AppContainer.swift; sourceTree = "<group>"; };
		1EDD3D57F65917DB1A07B052 /* FirebaseInstallations.framework */ = {isa = PBXFileReference; explicitFileType = wrapper.framework; includeInIndex = 0; path = FirebaseInstallations.framework; sourceTree = BUILT_PRODUCTS_DIR; };
		1F171699E8077C4150AFB994 /* AuthDomain.framework */ = {isa = PBXFileReference; explicitFileType = wrapper.framework; includeInIndex = 0; path = AuthDomain.framework; sourceTree = BUILT_PRODUCTS_DIR; };
		20472DE96208EAF694E16719 /* DatabaseKit.framework */ = {isa = PBXFileReference; explicitFileType = wrapper.framework; includeInIndex = 0; path = DatabaseKit.framework; sourceTree = BUILT_PRODUCTS_DIR; };
		233D852B07E4FC2B2B1F1179 /* Explore.framework */ = {isa = PBXFileReference; explicitFileType = wrapper.framework; includeInIndex = 0; path = Explore.framework; sourceTree = BUILT_PRODUCTS_DIR; };
		235BA3CECEDCE6AB843915C7 /* FirebaseSessions.framework */ = {isa = PBXFileReference; explicitFileType = wrapper.framework; includeInIndex = 0; path = FirebaseSessions.framework; sourceTree = BUILT_PRODUCTS_DIR; };
		255DFB5369032FF8E4C1007C /* third_party_IsAppEncrypted.framework */ = {isa = PBXFileReference; explicitFileType = wrapper.framework; includeInIndex = 0; path = third_party_IsAppEncrypted.framework; sourceTree = BUILT_PRODUCTS_DIR; };
		25D86E385893D41F56082155 /* MypageData.framework */ = {isa = PBXFileReference; explicitFileType = wrapper.framework; includeInIndex = 0; path = MypageData.framework; sourceTree = BUILT_PRODUCTS_DIR; };
		2EC0EED4803AED8EF066F337 /* FirebaseRemoteConfigInterop.framework */ = {isa = PBXFileReference; explicitFileType = wrapper.framework; includeInIndex = 0; path = FirebaseRemoteConfigInterop.framework; sourceTree = BUILT_PRODUCTS_DIR; };
		2FAFAA40E48DF2BAD19BC548 /* GoogleUtilities_Logger.framework */ = {isa = PBXFileReference; explicitFileType = wrapper.framework; includeInIndex = 0; path = GoogleUtilities_Logger.framework; sourceTree = BUILT_PRODUCTS_DIR; };
		3378AADEC52D5A8AE2261C5D /* HomeInterface.framework */ = {isa = PBXFileReference; explicitFileType = wrapper.framework; includeInIndex = 0; path = HomeInterface.framework; sourceTree = BUILT_PRODUCTS_DIR; };
		364B2FD98E76A3247813D747 /* AuthInterface.framework */ = {isa = PBXFileReference; explicitFileType = wrapper.framework; includeInIndex = 0; path = AuthInterface.framework; sourceTree = BUILT_PRODUCTS_DIR; };
		399957C9AAC3B887DDD3649B /* HomeData.framework */ = {isa = PBXFileReference; explicitFileType = wrapper.framework; includeInIndex = 0; path = HomeData.framework; sourceTree = BUILT_PRODUCTS_DIR; };
		426373E4E665642601D5BE1A /* GoogleUtilities_MethodSwizzler.framework */ = {isa = PBXFileReference; explicitFileType = wrapper.framework; includeInIndex = 0; path = GoogleUtilities_MethodSwizzler.framework; sourceTree = BUILT_PRODUCTS_DIR; };
		4307B0453450735C4C2D0075 /* DetailDomain.framework */ = {isa = PBXFileReference; explicitFileType = wrapper.framework; includeInIndex = 0; path = DetailDomain.framework; sourceTree = BUILT_PRODUCTS_DIR; };
		4459AC440B063044813E979E /* Security.framework */ = {isa = PBXFileReference; lastKnownFileType = wrapper.framework; name = Security.framework; path = Platforms/iPhoneOS.platform/Developer/SDKs/iPhoneOS.sdk/System/Library/Frameworks/Security.framework; sourceTree = DEVELOPER_DIR; };
		460AADA523E2A539BF85F4C6 /* Search.framework */ = {isa = PBXFileReference; explicitFileType = wrapper.framework; includeInIndex = 0; path = Search.framework; sourceTree = BUILT_PRODUCTS_DIR; };
		48998AA38F90160E6A754556 /* GoogleUtilities_AppDelegateSwizzler.framework */ = {isa = PBXFileReference; explicitFileType = wrapper.framework; includeInIndex = 0; path = GoogleUtilities_AppDelegateSwizzler.framework; sourceTree = BUILT_PRODUCTS_DIR; };
		49A8F44173AE773538037143 /* GoogleUtilities_Environment.framework */ = {isa = PBXFileReference; explicitFileType = wrapper.framework; includeInIndex = 0; path = GoogleUtilities_Environment.framework; sourceTree = BUILT_PRODUCTS_DIR; };
		4DF851AB63186CE3D1CB0DED /* Promises.framework */ = {isa = PBXFileReference; explicitFileType = wrapper.framework; includeInIndex = 0; path = Promises.framework; sourceTree = BUILT_PRODUCTS_DIR; };
		56CEFEBE90EBB1FAFCA079B3 /* DetailData.framework */ = {isa = PBXFileReference; explicitFileType = wrapper.framework; includeInIndex = 0; path = DetailData.framework; sourceTree = BUILT_PRODUCTS_DIR; };
		571E08A9083FD4334E4B7D06 /* App.app */ = {isa = PBXFileReference; explicitFileType = wrapper.application; includeInIndex = 0; path = App.app; sourceTree = BUILT_PRODUCTS_DIR; };
		579A16AE603CDAC89FBACF86 /* FirebaseCrashlytics.framework */ = {isa = PBXFileReference; explicitFileType = wrapper.framework; includeInIndex = 0; path = FirebaseCrashlytics.framework; sourceTree = BUILT_PRODUCTS_DIR; };
		586B2137F5665C47D8CBF265 /* GoogleUtilities_Reachability.framework */ = {isa = PBXFileReference; explicitFileType = wrapper.framework; includeInIndex = 0; path = GoogleUtilities_Reachability.framework; sourceTree = BUILT_PRODUCTS_DIR; };
		59562D711788A69AA94F066C /* FirebaseAnalytics.xcframework */ = {isa = PBXFileReference; lastKnownFileType = wrapper.xcframework; path = FirebaseAnalytics.xcframework; sourceTree = "<group>"; };
		5C85A81A03B5267CA8CC2EC9 /* FirebaseAnalyticsTarget.framework */ = {isa = PBXFileReference; explicitFileType = wrapper.framework; includeInIndex = 0; path = FirebaseAnalyticsTarget.framework; sourceTree = BUILT_PRODUCTS_DIR; };
		5F4076E956478B59F7481B80 /* nanopb.framework */ = {isa = PBXFileReference; explicitFileType = wrapper.framework; includeInIndex = 0; path = nanopb.framework; sourceTree = BUILT_PRODUCTS_DIR; };
		6057899A5EBA0F72DCB4F9FB /* FirebaseCore.framework */ = {isa = PBXFileReference; explicitFileType = wrapper.framework; includeInIndex = 0; path = FirebaseCore.framework; sourceTree = BUILT_PRODUCTS_DIR; };
		61F2B8D3FBE655A0B9B1C1C3 /* FirebaseCrashlyticsSwift.framework */ = {isa = PBXFileReference; explicitFileType = wrapper.framework; includeInIndex = 0; path = FirebaseCrashlyticsSwift.framework; sourceTree = BUILT_PRODUCTS_DIR; };
		6403E5FCF0FC81B2922FA5E5 /* SubscribeDomain.framework */ = {isa = PBXFileReference; explicitFileType = wrapper.framework; includeInIndex = 0; path = SubscribeDomain.framework; sourceTree = BUILT_PRODUCTS_DIR; };
		64190CDE29515E79F9CFDF34 /* FirebaseCoreInternal.framework */ = {isa = PBXFileReference; explicitFileType = wrapper.framework; includeInIndex = 0; path = FirebaseCoreInternal.framework; sourceTree = BUILT_PRODUCTS_DIR; };
		6AE449FC872A10DA9227F0A7 /* Mypage.framework */ = {isa = PBXFileReference; explicitFileType = wrapper.framework; includeInIndex = 0; path = Mypage.framework; sourceTree = BUILT_PRODUCTS_DIR; };
		6C71FCA8677FAE2B173DC8BC /* KakaoSDKAuth.framework */ = {isa = PBXFileReference; explicitFileType = wrapper.framework; includeInIndex = 0; path = KakaoSDKAuth.framework; sourceTree = BUILT_PRODUCTS_DIR; };
		6FB9E693CAE8686756749690 /* Detail.framework */ = {isa = PBXFileReference; explicitFileType = wrapper.framework; includeInIndex = 0; path = Detail.framework; sourceTree = BUILT_PRODUCTS_DIR; };
		709ECB981BF7FB2A9D697179 /* Auth.framework */ = {isa = PBXFileReference; explicitFileType = wrapper.framework; includeInIndex = 0; path = Auth.framework; sourceTree = BUILT_PRODUCTS_DIR; };
		7280B4F86503740125AA0E61 /* Subscribe.framework */ = {isa = PBXFileReference; explicitFileType = wrapper.framework; includeInIndex = 0; path = Subscribe.framework; sourceTree = BUILT_PRODUCTS_DIR; };
		75C1D964EE1929E7F47691C1 /* libsqlite3.tbd */ = {isa = PBXFileReference; lastKnownFileType = "sourcecode.text-based-dylib-definition"; name = libsqlite3.tbd; path = Platforms/iPhoneOS.platform/Developer/SDKs/iPhoneOS.sdk/usr/lib/libsqlite3.tbd; sourceTree = DEVELOPER_DIR; };
		76E66C32BAE4D2C1EE4C64CB /* Home.framework */ = {isa = PBXFileReference; explicitFileType = wrapper.framework; includeInIndex = 0; path = Home.framework; sourceTree = BUILT_PRODUCTS_DIR; };
		77D69EAF942AA87F8A9468BF /* Kingfisher.framework */ = {isa = PBXFileReference; explicitFileType = wrapper.framework; includeInIndex = 0; path = Kingfisher.framework; sourceTree = BUILT_PRODUCTS_DIR; };
		78CD79CD69E90D94B6A94553 /* ExploreInterface.framework */ = {isa = PBXFileReference; explicitFileType = wrapper.framework; includeInIndex = 0; path = ExploreInterface.framework; sourceTree = BUILT_PRODUCTS_DIR; };
		7CE72C73A76A964F8E7408D6 /* GoogleAdsOnDeviceConversion.xcframework */ = {isa = PBXFileReference; lastKnownFileType = wrapper.xcframework; path = GoogleAdsOnDeviceConversion.xcframework; sourceTree = "<group>"; };
		7D4C1070D34B90B47363412F /* PopupView.framework */ = {isa = PBXFileReference; explicitFileType = wrapper.framework; includeInIndex = 0; path = PopupView.framework; sourceTree = BUILT_PRODUCTS_DIR; };
		7DC4BECC212699120AF58DCF /* NetworkErrorAppMapper.swift */ = {isa = PBXFileReference; lastKnownFileType = sourcecode.swift; path = NetworkErrorAppMapper.swift; sourceTree = "<group>"; };
		7E710496E985656C6B2D0826 /* Launch.framework */ = {isa = PBXFileReference; explicitFileType = wrapper.framework; includeInIndex = 0; path = Launch.framework; sourceTree = BUILT_PRODUCTS_DIR; };
		7F44EDE91A79696F3FBBFE16 /* Firebase.framework */ = {isa = PBXFileReference; explicitFileType = wrapper.framework; includeInIndex = 0; path = Firebase.framework; sourceTree = BUILT_PRODUCTS_DIR; };
		80E02385EF041EF7C0B15DA4 /* CoreTelephony.framework */ = {isa = PBXFileReference; lastKnownFileType = wrapper.framework; name = CoreTelephony.framework; path = Platforms/iPhoneOS.platform/Developer/SDKs/iPhoneOS.sdk/System/Library/Frameworks/CoreTelephony.framework; sourceTree = DEVELOPER_DIR; };
		819B3A414C51EAA10DE042A0 /* SubscribeInterface.framework */ = {isa = PBXFileReference; explicitFileType = wrapper.framework; includeInIndex = 0; path = SubscribeInterface.framework; sourceTree = BUILT_PRODUCTS_DIR; };
		81B1B1045BA33FE4E4B7B2BE /* AppRootView.swift */ = {isa = PBXFileReference; lastKnownFileType = sourcecode.swift; path = AppRootView.swift; sourceTree = "<group>"; };
		839C7785F67E3906215F67C8 /* NewDokTabView.swift */ = {isa = PBXFileReference; lastKnownFileType = sourcecode.swift; path = NewDokTabView.swift; sourceTree = "<group>"; };
		84FBE2452C04B4D7AC7749E0 /* Bookmark.framework */ = {isa = PBXFileReference; explicitFileType = wrapper.framework; includeInIndex = 0; path = Bookmark.framework; sourceTree = BUILT_PRODUCTS_DIR; };
		85D9916874570E959AD65449 /* GoogleAppMeasurement.xcframework */ = {isa = PBXFileReference; lastKnownFileType = wrapper.xcframework; path = GoogleAppMeasurement.xcframework; sourceTree = "<group>"; };
		86C4E404056697A170B2B575 /* DetailInterface.framework */ = {isa = PBXFileReference; explicitFileType = wrapper.framework; includeInIndex = 0; path = DetailInterface.framework; sourceTree = BUILT_PRODUCTS_DIR; };
		87508572DAF45259CFBDF271 /* Debug.xcconfig */ = {isa = PBXFileReference; lastKnownFileType = text.xcconfig; path = Debug.xcconfig; sourceTree = "<group>"; };
		8C9623594413736EB5B5E46F /* VersionCheckService.swift */ = {isa = PBXFileReference; lastKnownFileType = sourcecode.swift; path = VersionCheckService.swift; sourceTree = "<group>"; };
		8D326740F43A5F556E2007C0 /* SearchData.framework */ = {isa = PBXFileReference; explicitFileType = wrapper.framework; includeInIndex = 0; path = SearchData.framework; sourceTree = BUILT_PRODUCTS_DIR; };
		8F7F83A194E1D17030DCA033 /* Assets.xcassets */ = {isa = PBXFileReference; lastKnownFileType = folder.assetcatalog; path = Assets.xcassets; sourceTree = "<group>"; };
		90F102DAA3B6B8E740853FB0 /* AuthData.framework */ = {isa = PBXFileReference; explicitFileType = wrapper.framework; includeInIndex = 0; path = AuthData.framework; sourceTree = BUILT_PRODUCTS_DIR; };
		91FB685CB6A1E3D66A15E903 /* AppKit.framework */ = {isa = PBXFileReference; lastKnownFileType = wrapper.framework; name = AppKit.framework; path = Platforms/iPhoneOS.platform/Developer/SDKs/iPhoneOS.sdk/System/Library/Frameworks/AppKit.framework; sourceTree = DEVELOPER_DIR; };
		95D529DAAF6A9D59C44D9D68 /* TuistAssets+App.swift */ = {isa = PBXFileReference; lastKnownFileType = sourcecode.swift; path = "TuistAssets+App.swift"; sourceTree = "<group>"; };
		96DD70846B0784404F045D9B /* MypageInterface.framework */ = {isa = PBXFileReference; explicitFileType = wrapper.framework; includeInIndex = 0; path = MypageInterface.framework; sourceTree = BUILT_PRODUCTS_DIR; };
		97590F8716CD862F585CC863 /* Moya.framework */ = {isa = PBXFileReference; explicitFileType = wrapper.framework; includeInIndex = 0; path = Moya.framework; sourceTree = BUILT_PRODUCTS_DIR; };
		9794475B8B6D993D855A2001 /* StoreKit.framework */ = {isa = PBXFileReference; lastKnownFileType = wrapper.framework; name = StoreKit.framework; path = Platforms/iPhoneOS.platform/Developer/SDKs/iPhoneOS.sdk/System/Library/Frameworks/StoreKit.framework; sourceTree = DEVELOPER_DIR; };
		97F9F26BC0A0A0A32CD460D4 /* GoogleUtilities_NSData.framework */ = {isa = PBXFileReference; explicitFileType = wrapper.framework; includeInIndex = 0; path = GoogleUtilities_NSData.framework; sourceTree = BUILT_PRODUCTS_DIR; };
		9FBB016895105DD820FB961E /* FirebaseAnalyticsWrapper.framework */ = {isa = PBXFileReference; explicitFileType = wrapper.framework; includeInIndex = 0; path = FirebaseAnalyticsWrapper.framework; sourceTree = BUILT_PRODUCTS_DIR; };
		9FE0ECF9910AB356967B5279 /* SystemConfiguration.framework */ = {isa = PBXFileReference; lastKnownFileType = wrapper.framework; name = SystemConfiguration.framework; path = Platforms/iPhoneOS.platform/Developer/SDKs/iPhoneOS.sdk/System/Library/Frameworks/SystemConfiguration.framework; sourceTree = DEVELOPER_DIR; };
		A00883EC86642517904880FC /* SearchDomain.framework */ = {isa = PBXFileReference; explicitFileType = wrapper.framework; includeInIndex = 0; path = SearchDomain.framework; sourceTree = BUILT_PRODUCTS_DIR; };
		A04862A34120F5891A8E63BD /* FBLPromises.framework */ = {isa = PBXFileReference; explicitFileType = wrapper.framework; includeInIndex = 0; path = FBLPromises.framework; sourceTree = BUILT_PRODUCTS_DIR; };
		A384F9952484B3EE82AEEEB0 /* HomeDomain.framework */ = {isa = PBXFileReference; explicitFileType = wrapper.framework; includeInIndex = 0; path = HomeDomain.framework; sourceTree = BUILT_PRODUCTS_DIR; };
		A6527EDA66DBCA90ED0AF755 /* AppDependencies.swift */ = {isa = PBXFileReference; lastKnownFileType = sourcecode.swift; path = AppDependencies.swift; sourceTree = "<group>"; };
		A6CC5BE38C825952D62A4FEA /* GoogleAppMeasurementIdentitySupport.xcframework */ = {isa = PBXFileReference; lastKnownFileType = wrapper.xcframework; path = GoogleAppMeasurementIdentitySupport.xcframework; sourceTree = "<group>"; };
		AB0EC4037905D748A3AC2129 /* TuistPlists+App.swift */ = {isa = PBXFileReference; lastKnownFileType = sourcecode.swift; path = "TuistPlists+App.swift"; sourceTree = "<group>"; };
		AB40F3B3D8E2DCB2AC3C9605 /* Shared.framework */ = {isa = PBXFileReference; explicitFileType = wrapper.framework; includeInIndex = 0; path = Shared.framework; sourceTree = BUILT_PRODUCTS_DIR; };
		B6011F38009256ECAA5FCCE7 /* AppToastHost.swift */ = {isa = PBXFileReference; lastKnownFileType = sourcecode.swift; path = AppToastHost.swift; sourceTree = "<group>"; };
		B81DA1013615941AD811A574 /* ExploreDomain.framework */ = {isa = PBXFileReference; explicitFileType = wrapper.framework; includeInIndex = 0; path = ExploreDomain.framework; sourceTree = BUILT_PRODUCTS_DIR; };
		BF295CF0B578304BEF374ADF /* MypageDomain.framework */ = {isa = PBXFileReference; explicitFileType = wrapper.framework; includeInIndex = 0; path = MypageDomain.framework; sourceTree = BUILT_PRODUCTS_DIR; };
		C31F0BDE173A605012E7B8AC /* SubscribeData.framework */ = {isa = PBXFileReference; explicitFileType = wrapper.framework; includeInIndex = 0; path = SubscribeData.framework; sourceTree = BUILT_PRODUCTS_DIR; };
		C86E6E6BCDFAB61BBD09E06F /* Alamofire.framework */ = {isa = PBXFileReference; explicitFileType = wrapper.framework; includeInIndex = 0; path = Alamofire.framework; sourceTree = BUILT_PRODUCTS_DIR; };
		C99EEBAAE10B045CF1A64A0E /* GoogleUtilities_Network.framework */ = {isa = PBXFileReference; explicitFileType = wrapper.framework; includeInIndex = 0; path = GoogleUtilities_Network.framework; sourceTree = BUILT_PRODUCTS_DIR; };
		CAA551898AB3AD913E2B2E80 /* GoogleDataTransport.framework */ = {isa = PBXFileReference; explicitFileType = wrapper.framework; includeInIndex = 0; path = GoogleDataTransport.framework; sourceTree = BUILT_PRODUCTS_DIR; };
		D2EE2EA788E57C11B55BBF8A /* ExploreData.framework */ = {isa = PBXFileReference; explicitFileType = wrapper.framework; includeInIndex = 0; path = ExploreData.framework; sourceTree = BUILT_PRODUCTS_DIR; };
		D38B74E3880A33963F2FC652 /* KakaoSDKUser.framework */ = {isa = PBXFileReference; explicitFileType = wrapper.framework; includeInIndex = 0; path = KakaoSDKUser.framework; sourceTree = BUILT_PRODUCTS_DIR; };
		D5C086E361BFD0D4DF600B2D /* libc++.tbd */ = {isa = PBXFileReference; lastKnownFileType = "sourcecode.text-based-dylib-definition"; name = "libc++.tbd"; path = "Platforms/iPhoneOS.platform/Developer/SDKs/iPhoneOS.sdk/usr/lib/libc++.tbd"; sourceTree = DEVELOPER_DIR; };
		D986AB50C6EC5E677534690A /* FirebaseCoreExtension.framework */ = {isa = PBXFileReference; explicitFileType = wrapper.framework; includeInIndex = 0; path = FirebaseCoreExtension.framework; sourceTree = BUILT_PRODUCTS_DIR; };
		E554DAA4AB515DAF86082D9E /* GoogleService-Info.plist */ = {isa = PBXFileReference; lastKnownFileType = text.plist; path = "GoogleService-Info.plist"; sourceTree = "<group>"; };
		E636F12029AD4B16C7FB0A49 /* GoogleUtilities_UserDefaults.framework */ = {isa = PBXFileReference; explicitFileType = wrapper.framework; includeInIndex = 0; path = GoogleUtilities_UserDefaults.framework; sourceTree = BUILT_PRODUCTS_DIR; };
		E72FF74C328526DB94E50010 /* BookmarkInterface.framework */ = {isa = PBXFileReference; explicitFileType = wrapper.framework; includeInIndex = 0; path = BookmarkInterface.framework; sourceTree = BUILT_PRODUCTS_DIR; };
		E9369BFA2C65412102538303 /* DesignSystem.framework */ = {isa = PBXFileReference; explicitFileType = wrapper.framework; includeInIndex = 0; path = DesignSystem.framework; sourceTree = BUILT_PRODUCTS_DIR; };
		EE6F604B0FACC3BEB663D1D1 /* GoogleAdsOnDeviceConversionTarget.framework */ = {isa = PBXFileReference; explicitFileType = wrapper.framework; includeInIndex = 0; path = GoogleAdsOnDeviceConversionTarget.framework; sourceTree = BUILT_PRODUCTS_DIR; };
		EF021344F16945968371F691 /* NetworkKit.framework */ = {isa = PBXFileReference; explicitFileType = wrapper.framework; includeInIndex = 0; path = NetworkKit.framework; sourceTree = BUILT_PRODUCTS_DIR; };
		F8F861BEFA693139AC601928 /* BookmarkDomain.framework */ = {isa = PBXFileReference; explicitFileType = wrapper.framework; includeInIndex = 0; path = BookmarkDomain.framework; sourceTree = BUILT_PRODUCTS_DIR; };
		FBAB840F54EFA40D6A143F7F /* GoogleAppMeasurementTarget.framework */ = {isa = PBXFileReference; explicitFileType = wrapper.framework; includeInIndex = 0; path = GoogleAppMeasurementTarget.framework; sourceTree = BUILT_PRODUCTS_DIR; };
		FCA3C5FAA7EFDD728B5A5DA0 /* UIKit.framework */ = {isa = PBXFileReference; lastKnownFileType = wrapper.framework; name = UIKit.framework; path = Platforms/iPhoneOS.platform/Developer/SDKs/iPhoneOS.sdk/System/Library/Frameworks/UIKit.framework; sourceTree = DEVELOPER_DIR; };
/* End PBXFileReference section */

/* Begin PBXFrameworksBuildPhase section */
		BC0DC3536DED64E0E8C9923E /* Frameworks */ = {
			isa = PBXFrameworksBuildPhase;
			buildActionMask = 2147483647;
			files = (
				78FD877B769D47E08863D328 /* AppKit.framework in Frameworks */,
				352FA513E7B4EF4FF9C5A9A0 /* CoreTelephony.framework in Frameworks */,
				151CD1C7340B25AF05B5F1F3 /* Security.framework in Frameworks */,
				F8CB5ED6F921603868665787 /* StoreKit.framework in Frameworks */,
				A92C683605E31D18E761A10D /* SystemConfiguration.framework in Frameworks */,
				80319378A3DAAAA15CA9AEEA /* UIKit.framework in Frameworks */,
				F1113AB299F42FEAAB55681C /* libc++.tbd in Frameworks */,
				9ADB6DE0770536AB7D9F7EA2 /* libsqlite3.tbd in Frameworks */,
				AA253D8AD1A1D49463E18C89 /* libz.tbd in Frameworks */,
				326C0B3CADC173970CDF3EAF /* Auth.framework in Frameworks */,
				83989972E0EFDFDC98B9D266 /* AuthData.framework in Frameworks */,
				CF3C49C4B9CB32CF2ABAAE6C /* AuthDomain.framework in Frameworks */,
				A0EBB486D9671C02D5B5293F /* AuthInterface.framework in Frameworks */,
				9FC27D46D287335E3F17DE53 /* Bookmark.framework in Frameworks */,
				951F5F7AD846B44C5D2B4794 /* BookmarkData.framework in Frameworks */,
				6F40F0302996AC8E9B709719 /* BookmarkDomain.framework in Frameworks */,
				19AA6DB30A90955617F9B7FD /* BookmarkInterface.framework in Frameworks */,
				1C97140162D8A52649A79034 /* DatabaseKit.framework in Frameworks */,
				8F3691F7301E714387485350 /* DesignSystem.framework in Frameworks */,
				1DAF338EC3091F9B6BB61A11 /* Detail.framework in Frameworks */,
				3E218B454583303272ECB968 /* DetailData.framework in Frameworks */,
				886EBD382F20C3E46CEA0427 /* DetailDomain.framework in Frameworks */,
				25C16329B5447E96E40BAB34 /* DetailInterface.framework in Frameworks */,
				2F849686E3F1AB9940B88C90 /* Explore.framework in Frameworks */,
				9D2DD36569CD3FA02C1A5DAD /* ExploreData.framework in Frameworks */,
				E5EECDAED4239341C2F24AE2 /* ExploreDomain.framework in Frameworks */,
				F093B195EA3559F7AD713EE0 /* ExploreInterface.framework in Frameworks */,
				3B197E4B3C8EC9C0A91A7459 /* FBLPromises.framework in Frameworks */,
				0263D464A0060067F7C699E4 /* Firebase.framework in Frameworks */,
				DE94F4759ADE18287F00A3FB /* FirebaseAnalyticsTarget.framework in Frameworks */,
				AB34FB6F6DB90E6EABE7E0D3 /* FirebaseAnalyticsWrapper.framework in Frameworks */,
				AF2C76A0516AA27E58A19304 /* FirebaseCore.framework in Frameworks */,
				097F71382AB33B072400656E /* FirebaseCoreExtension.framework in Frameworks */,
				78EFAC18FFEF5BF6FB75A09E /* FirebaseCoreInternal.framework in Frameworks */,
				73F3FC1D4FF7EB1EE2A318E4 /* FirebaseCrashlytics.framework in Frameworks */,
				9E97060454F08C720AC1E1DB /* FirebaseCrashlyticsSwift.framework in Frameworks */,
				1ADFB6F0C0F33AE51F6793BD /* FirebaseInstallations.framework in Frameworks */,
				7652F95357A65A6D95872B14 /* FirebaseRemoteConfigInterop.framework in Frameworks */,
				BA0821813F9EFEC96108F29C /* FirebaseSessions.framework in Frameworks */,
				509D382CCFE306D7B52B5D3F /* FirebaseSessionsObjC.framework in Frameworks */,
				5D498E3D12F6070817B573C5 /* FoundationKit.framework in Frameworks */,
				FE060CC116FAC5B10EC8A846 /* GoogleAdsOnDeviceConversionTarget.framework in Frameworks */,
				100701B9BFA1DFBDD27D1BF0 /* GoogleAppMeasurementTarget.framework in Frameworks */,
				7BCB27357632345470081169 /* GoogleDataTransport.framework in Frameworks */,
				492675EEAF29D31EF314EE9E /* GoogleUtilities_AppDelegateSwizzler.framework in Frameworks */,
				88B77F146FB7D3D00F3C2450 /* GoogleUtilities_Environment.framework in Frameworks */,
				D0D65E408FF57299A1762EC2 /* GoogleUtilities_Logger.framework in Frameworks */,
				79B9D7F5FE8621194334063B /* GoogleUtilities_MethodSwizzler.framework in Frameworks */,
				557E5EB9CE186DC932D2D731 /* GoogleUtilities_NSData.framework in Frameworks */,
				D0C295699905C71F5BA36345 /* GoogleUtilities_Network.framework in Frameworks */,
				2E52F27A54B699D9FDADE3EA /* GoogleUtilities_Reachability.framework in Frameworks */,
				24B03597CF38DDDB6A79FECE /* GoogleUtilities_UserDefaults.framework in Frameworks */,
				618C5A4BDBBDA7F1A2F8DC93 /* Home.framework in Frameworks */,
				F2527FB2BF7081A7A0F63630 /* HomeData.framework in Frameworks */,
				33E81FC86F95AFABE4A4C1CE /* HomeDomain.framework in Frameworks */,
				781E1A97690EAB40B031F79C /* HomeInterface.framework in Frameworks */,
				729F10544E8CB2CD05A2D73D /* KakaoSDKAuth.framework in Frameworks */,
				A76F97E3ED283C3131700469 /* KakaoSDKCommon.framework in Frameworks */,
				B202306A3AFE89A5BDBFB17A /* KakaoSDKUser.framework in Frameworks */,
				784452FA2E8E29178120DA76 /* Kingfisher.framework in Frameworks */,
				2DECB327F9E1EFE0AE533114 /* Launch.framework in Frameworks */,
				55C10C02F203892AF5DFBEC5 /* Moya.framework in Frameworks */,
				E492654A9AF926A52A47BCCC /* Mypage.framework in Frameworks */,
				92F54D6F46C20B4A9B9764D4 /* MypageData.framework in Frameworks */,
				8B7F4D5F182C6C286C41D29C /* MypageDomain.framework in Frameworks */,
				825230B66CE03FD8757C0F13 /* MypageInterface.framework in Frameworks */,
				00DB7DDCAF9469B0E81AC51B /* NetworkKit.framework in Frameworks */,
				E876353B6A37EF48E58A9D39 /* PopupView.framework in Frameworks */,
				7B9F449FE333FAF6C557BDCD /* Promises.framework in Frameworks */,
				F4F71442B9CC6C3E397CD7E8 /* Search.framework in Frameworks */,
				9D12C99AAD2F9CD449517FBA /* SearchData.framework in Frameworks */,
				A0142B1AA7D90160EBBC2FE8 /* SearchDomain.framework in Frameworks */,
				5C67BAA15381AE7145205E2B /* SearchInterface.framework in Frameworks */,
				1BC5B98AD386E5E8F84A45D6 /* Shared.framework in Frameworks */,
				7389C3BF0F6EE9AA745BEADA /* Subscribe.framework in Frameworks */,
				8FC13E553A63D7A2F007D79B /* SubscribeData.framework in Frameworks */,
				03C31E734B72B29FEA1E066D /* SubscribeDomain.framework in Frameworks */,
				DCD1CDA51C0E83201D9519D5 /* SubscribeInterface.framework in Frameworks */,
				ED14030AAE7234BDD355EFB0 /* nanopb.framework in Frameworks */,
				5533C7995DDE899C36BC2346 /* third_party_IsAppEncrypted.framework in Frameworks */,
				8C1ECE2C139ABD512A2275C6 /* FirebaseAnalytics.xcframework in Frameworks */,
				5B8ED560C12821F468B19513 /* GoogleAdsOnDeviceConversion.xcframework in Frameworks */,
				F63766E053EA36F3C0101C0D /* GoogleAppMeasurement.xcframework in Frameworks */,
				343BDB365A3C8C6E6705D1F5 /* GoogleAppMeasurementIdentitySupport.xcframework in Frameworks */,
			);
			runOnlyForDeploymentPostprocessing = 0;
		};
/* End PBXFrameworksBuildPhase section */

/* Begin PBXGroup section */
		0918E6FFA22BCC694A71709C /* Configurations */ = {
			isa = PBXGroup;
			children = (
				87508572DAF45259CFBDF271 /* Debug.xcconfig */,
				102EA30F9FFCB1968D084E73 /* Release.xcconfig */,
			);
			name = Configurations;
			path = ../../Configurations;
			sourceTree = "<group>";
		};
		2B532F2F24B3806AA00CA782 /* firebase-ios-sdk */ = {
			isa = PBXGroup;
			children = (
				EB592668F4660E34F5D78F27 /* FirebaseAnalytics */,
			);
			path = "firebase-ios-sdk";
			sourceTree = "<group>";
		};
		30738C833C3B6BB1FE637F27 /* GoogleAppMeasurementIdentitySupport */ = {
			isa = PBXGroup;
			children = (
				A6CC5BE38C825952D62A4FEA /* GoogleAppMeasurementIdentitySupport.xcframework */,
			);
			path = GoogleAppMeasurementIdentitySupport;
			sourceTree = "<group>";
		};
		3A443C92BF615B174B13C048 /* Services */ = {
			isa = PBXGroup;
			children = (
				8C9623594413736EB5B5E46F /* VersionCheckService.swift */,
			);
			path = Services;
			sourceTree = "<group>";
		};
		4102E3E068508DD683953C7D = {
			isa = PBXGroup;
			children = (
				E9C3DB3EC6D7655028A9C0D3 /* Products */,
				52611B11A5E6A7198C4E57A3 /* Project */,
				BDD1182E50DC622819F25364 /* Frameworks */,
			);
			sourceTree = "<group>";
		};
		4FFC2DDE62C74F3CF60D4731 /* Tuist */ = {
			isa = PBXGroup;
			children = (
				BC8F91C2FAA18CA0D1391EB7 /* .build */,
			);
			name = Tuist;
			path = ../../Tuist;
			sourceTree = "<group>";
		};
		52611B11A5E6A7198C4E57A3 /* Project */ = {
			isa = PBXGroup;
			children = (
				0918E6FFA22BCC694A71709C /* Configurations */,
				B3BCDE38B26B330C9A04FADE /* Derived */,
				62EFB15EC88C1D2636544B42 /* Resources */,
				858C4E433DBF0294DFED1B0C /* Sources */,
				4FFC2DDE62C74F3CF60D4731 /* Tuist */,
			);
			name = Project;
			sourceTree = "<group>";
		};
		62EFB15EC88C1D2636544B42 /* Resources */ = {
			isa = PBXGroup;
			children = (
				8F7F83A194E1D17030DCA033 /* Assets.xcassets */,
				E554DAA4AB515DAF86082D9E /* GoogleService-Info.plist */,
			);
			path = Resources;
			sourceTree = "<group>";
		};
		66EB57D721CBB7D427955C21 /* InfoPlists */ = {
			isa = PBXGroup;
			children = (
				01E1AA015F9EE84780DE15E5 /* App-Info.plist */,
			);
			path = InfoPlists;
			sourceTree = "<group>";
		};
		6F41BED0C1858EA69ED3F19E /* Tabs */ = {
			isa = PBXGroup;
			children = (
				839C7785F67E3906215F67C8 /* NewDokTabView.swift */,
			);
			path = Tabs;
			sourceTree = "<group>";
		};
		858C4E433DBF0294DFED1B0C /* Sources */ = {
			isa = PBXGroup;
			children = (
				E7BF953E865040847C6A1924 /* DI */,
				A66C63392A87266E27A23862 /* Root */,
				3A443C92BF615B174B13C048 /* Services */,
				6F41BED0C1858EA69ED3F19E /* Tabs */,
				FA93CC6EFD37E79110C86AFE /* Toast */,
				0E742829AD9D1D2B50EFB2A0 /* NewdokApp.swift */,
			);
			path = Sources;
			sourceTree = "<group>";
		};
		8919B428B639C6AF4BBFE002 /* Sources */ = {
			isa = PBXGroup;
			children = (
				95D529DAAF6A9D59C44D9D68 /* TuistAssets+App.swift */,
				083CD4D343ECF7F321C1905D /* TuistBundle+App.swift */,
				AB0EC4037905D748A3AC2129 /* TuistPlists+App.swift */,
			);
			path = Sources;
			sourceTree = "<group>";
		};
		A582907BA4DE68BF5C585D80 /* GoogleAdsOnDeviceConversion */ = {
			isa = PBXGroup;
			children = (
				7CE72C73A76A964F8E7408D6 /* GoogleAdsOnDeviceConversion.xcframework */,
			);
			path = GoogleAdsOnDeviceConversion;
			sourceTree = "<group>";
		};
		A66C63392A87266E27A23862 /* Root */ = {
			isa = PBXGroup;
			children = (
				81B1B1045BA33FE4E4B7B2BE /* AppRootView.swift */,
			);
			path = Root;
			sourceTree = "<group>";
		};
		B3BCDE38B26B330C9A04FADE /* Derived */ = {
			isa = PBXGroup;
			children = (
				66EB57D721CBB7D427955C21 /* InfoPlists */,
				8919B428B639C6AF4BBFE002 /* Sources */,
			);
			path = Derived;
			sourceTree = "<group>";
		};
		BC1FA09C060027D4E8C5047D /* GoogleAppMeasurement */ = {
			isa = PBXGroup;
			children = (
				85D9916874570E959AD65449 /* GoogleAppMeasurement.xcframework */,
			);
			path = GoogleAppMeasurement;
			sourceTree = "<group>";
		};
		BC8F91C2FAA18CA0D1391EB7 /* .build */ = {
			isa = PBXGroup;
			children = (
				F1808424065DE458DD8D7E93 /* artifacts */,
			);
			path = .build;
			sourceTree = "<group>";
		};
		BDD1182E50DC622819F25364 /* Frameworks */ = {
			isa = PBXGroup;
			children = (
				91FB685CB6A1E3D66A15E903 /* AppKit.framework */,
				80E02385EF041EF7C0B15DA4 /* CoreTelephony.framework */,
				D5C086E361BFD0D4DF600B2D /* libc++.tbd */,
				75C1D964EE1929E7F47691C1 /* libsqlite3.tbd */,
				0BE35C6E44DDB3DC2EAFA79F /* libz.tbd */,
				4459AC440B063044813E979E /* Security.framework */,
				9794475B8B6D993D855A2001 /* StoreKit.framework */,
				9FE0ECF9910AB356967B5279 /* SystemConfiguration.framework */,
				FCA3C5FAA7EFDD728B5A5DA0 /* UIKit.framework */,
			);
			name = Frameworks;
			sourceTree = "<group>";
		};
		D0B8970BE595EFAFFDEFF6EF /* google-ads-on-device-conversion-ios-sdk */ = {
			isa = PBXGroup;
			children = (
				A582907BA4DE68BF5C585D80 /* GoogleAdsOnDeviceConversion */,
			);
			path = "google-ads-on-device-conversion-ios-sdk";
			sourceTree = "<group>";
		};
		E7BF953E865040847C6A1924 /* DI */ = {
			isa = PBXGroup;
			children = (
				14007BBD56368520EDB35575 /* AppContainer.swift */,
				A6527EDA66DBCA90ED0AF755 /* AppDependencies.swift */,
				7DC4BECC212699120AF58DCF /* NetworkErrorAppMapper.swift */,
			);
			path = DI;
			sourceTree = "<group>";
		};
		E9C3DB3EC6D7655028A9C0D3 /* Products */ = {
			isa = PBXGroup;
			children = (
				C86E6E6BCDFAB61BBD09E06F /* Alamofire.framework */,
				571E08A9083FD4334E4B7D06 /* App.app */,
				709ECB981BF7FB2A9D697179 /* Auth.framework */,
				90F102DAA3B6B8E740853FB0 /* AuthData.framework */,
				1F171699E8077C4150AFB994 /* AuthDomain.framework */,
				364B2FD98E76A3247813D747 /* AuthInterface.framework */,
				84FBE2452C04B4D7AC7749E0 /* Bookmark.framework */,
				0DBF32E59C44117542EBDEFB /* BookmarkData.framework */,
				F8F861BEFA693139AC601928 /* BookmarkDomain.framework */,
				E72FF74C328526DB94E50010 /* BookmarkInterface.framework */,
				20472DE96208EAF694E16719 /* DatabaseKit.framework */,
				E9369BFA2C65412102538303 /* DesignSystem.framework */,
				6FB9E693CAE8686756749690 /* Detail.framework */,
				56CEFEBE90EBB1FAFCA079B3 /* DetailData.framework */,
				4307B0453450735C4C2D0075 /* DetailDomain.framework */,
				86C4E404056697A170B2B575 /* DetailInterface.framework */,
				233D852B07E4FC2B2B1F1179 /* Explore.framework */,
				D2EE2EA788E57C11B55BBF8A /* ExploreData.framework */,
				B81DA1013615941AD811A574 /* ExploreDomain.framework */,
				78CD79CD69E90D94B6A94553 /* ExploreInterface.framework */,
				A04862A34120F5891A8E63BD /* FBLPromises.framework */,
				7F44EDE91A79696F3FBBFE16 /* Firebase.framework */,
				5C85A81A03B5267CA8CC2EC9 /* FirebaseAnalyticsTarget.framework */,
				9FBB016895105DD820FB961E /* FirebaseAnalyticsWrapper.framework */,
				6057899A5EBA0F72DCB4F9FB /* FirebaseCore.framework */,
				D986AB50C6EC5E677534690A /* FirebaseCoreExtension.framework */,
				64190CDE29515E79F9CFDF34 /* FirebaseCoreInternal.framework */,
				579A16AE603CDAC89FBACF86 /* FirebaseCrashlytics.framework */,
				61F2B8D3FBE655A0B9B1C1C3 /* FirebaseCrashlyticsSwift.framework */,
				1EDD3D57F65917DB1A07B052 /* FirebaseInstallations.framework */,
				2EC0EED4803AED8EF066F337 /* FirebaseRemoteConfigInterop.framework */,
				235BA3CECEDCE6AB843915C7 /* FirebaseSessions.framework */,
				03CE70F210A2CC94EABD7C03 /* FirebaseSessionsObjC.framework */,
				137FBFC1E48C21B372502272 /* FoundationKit.framework */,
				EE6F604B0FACC3BEB663D1D1 /* GoogleAdsOnDeviceConversionTarget.framework */,
				FBAB840F54EFA40D6A143F7F /* GoogleAppMeasurementTarget.framework */,
				CAA551898AB3AD913E2B2E80 /* GoogleDataTransport.framework */,
				48998AA38F90160E6A754556 /* GoogleUtilities_AppDelegateSwizzler.framework */,
				49A8F44173AE773538037143 /* GoogleUtilities_Environment.framework */,
				2FAFAA40E48DF2BAD19BC548 /* GoogleUtilities_Logger.framework */,
				426373E4E665642601D5BE1A /* GoogleUtilities_MethodSwizzler.framework */,
				C99EEBAAE10B045CF1A64A0E /* GoogleUtilities_Network.framework */,
				97F9F26BC0A0A0A32CD460D4 /* GoogleUtilities_NSData.framework */,
				586B2137F5665C47D8CBF265 /* GoogleUtilities_Reachability.framework */,
				E636F12029AD4B16C7FB0A49 /* GoogleUtilities_UserDefaults.framework */,
				76E66C32BAE4D2C1EE4C64CB /* Home.framework */,
				399957C9AAC3B887DDD3649B /* HomeData.framework */,
				A384F9952484B3EE82AEEEB0 /* HomeDomain.framework */,
				3378AADEC52D5A8AE2261C5D /* HomeInterface.framework */,
				6C71FCA8677FAE2B173DC8BC /* KakaoSDKAuth.framework */,
				07A64FDDEF0AA8332A7C2E8F /* KakaoSDKCommon.framework */,
				D38B74E3880A33963F2FC652 /* KakaoSDKUser.framework */,
				77D69EAF942AA87F8A9468BF /* Kingfisher.framework */,
				7E710496E985656C6B2D0826 /* Launch.framework */,
				97590F8716CD862F585CC863 /* Moya.framework */,
				6AE449FC872A10DA9227F0A7 /* Mypage.framework */,
				25D86E385893D41F56082155 /* MypageData.framework */,
				BF295CF0B578304BEF374ADF /* MypageDomain.framework */,
				96DD70846B0784404F045D9B /* MypageInterface.framework */,
				5F4076E956478B59F7481B80 /* nanopb.framework */,
				EF021344F16945968371F691 /* NetworkKit.framework */,
				7D4C1070D34B90B47363412F /* PopupView.framework */,
				4DF851AB63186CE3D1CB0DED /* Promises.framework */,
				460AADA523E2A539BF85F4C6 /* Search.framework */,
				8D326740F43A5F556E2007C0 /* SearchData.framework */,
				A00883EC86642517904880FC /* SearchDomain.framework */,
				1398C2480450D84DC3712CB1 /* SearchInterface.framework */,
				AB40F3B3D8E2DCB2AC3C9605 /* Shared.framework */,
				7280B4F86503740125AA0E61 /* Subscribe.framework */,
				C31F0BDE173A605012E7B8AC /* SubscribeData.framework */,
				6403E5FCF0FC81B2922FA5E5 /* SubscribeDomain.framework */,
				819B3A414C51EAA10DE042A0 /* SubscribeInterface.framework */,
				255DFB5369032FF8E4C1007C /* third_party_IsAppEncrypted.framework */,
			);
			name = Products;
			sourceTree = "<group>";
		};
		EAFCD759662FE9DDE2A42051 /* googleappmeasurement */ = {
			isa = PBXGroup;
			children = (
				BC1FA09C060027D4E8C5047D /* GoogleAppMeasurement */,
				30738C833C3B6BB1FE637F27 /* GoogleAppMeasurementIdentitySupport */,
			);
			path = googleappmeasurement;
			sourceTree = "<group>";
		};
		EB592668F4660E34F5D78F27 /* FirebaseAnalytics */ = {
			isa = PBXGroup;
			children = (
				59562D711788A69AA94F066C /* FirebaseAnalytics.xcframework */,
			);
			path = FirebaseAnalytics;
			sourceTree = "<group>";
		};
		F1808424065DE458DD8D7E93 /* artifacts */ = {
			isa = PBXGroup;
			children = (
				2B532F2F24B3806AA00CA782 /* firebase-ios-sdk */,
				D0B8970BE595EFAFFDEFF6EF /* google-ads-on-device-conversion-ios-sdk */,
				EAFCD759662FE9DDE2A42051 /* googleappmeasurement */,
			);
			path = artifacts;
			sourceTree = "<group>";
		};
		FA93CC6EFD37E79110C86AFE /* Toast */ = {
			isa = PBXGroup;
			children = (
				B6011F38009256ECAA5FCCE7 /* AppToastHost.swift */,
			);
			path = Toast;
			sourceTree = "<group>";
		};
/* End PBXGroup section */

/* Begin PBXNativeTarget section */
		93E9E330FC2CE7458D9C925F /* App */ = {
			isa = PBXNativeTarget;
			buildConfigurationList = FFC1863BD4026D2C17CBE82B /* Build configuration list for PBXNativeTarget "App" */;
			buildPhases = (
				B77F0AF073564580D75A2CF1 /* Sources */,
				37BFF6A8CB5CC7FA21AD3FA3 /* Resources */,
				BC0DC3536DED64E0E8C9923E /* Frameworks */,
				8EFDE6013C818852098745E7 /* Embed Frameworks */,
			);
			buildRules = (
			);
			dependencies = (
			);
			name = App;
			packageProductDependencies = (
			);
			productName = App;
			productReference = 571E08A9083FD4334E4B7D06 /* App.app */;
			productType = "com.apple.product-type.application";
		};
/* End PBXNativeTarget section */

/* Begin PBXProject section */
		6B590BF25178DC7D824D09CE /* Project object */ = {
			isa = PBXProject;
			attributes = {
				BuildIndependentTargetsInParallel = YES;
				ORGANIZATIONNAME = Newdok;
				TargetAttributes = {
				};
			};
			buildConfigurationList = B3FD05C59F197F398A0B04AB /* Build configuration list for PBXProject "App" */;
			compatibilityVersion = "Xcode 14.0";
			developmentRegion = en;
			hasScannedForEncodings = 0;
			knownRegions = (
				Base,
				en,
			);
			mainGroup = 4102E3E068508DD683953C7D;
			productRefGroup = E9C3DB3EC6D7655028A9C0D3 /* Products */;
			projectDirPath = "";
			projectRoot = "";
			targets = (
				93E9E330FC2CE7458D9C925F /* App */,
			);
		};
/* End PBXProject section */

/* Begin PBXResourcesBuildPhase section */
		37BFF6A8CB5CC7FA21AD3FA3 /* Resources */ = {
			isa = PBXResourcesBuildPhase;
			buildActionMask = 2147483647;
			files = (
				48469C5111BF762561C9B9B6 /* Assets.xcassets in Resources */,
				ACB9F921EC8195E3A4550EF3 /* GoogleService-Info.plist in Resources */,
			);
			runOnlyForDeploymentPostprocessing = 0;
		};
/* End PBXResourcesBuildPhase section */

/* Begin PBXSourcesBuildPhase section */
		B77F0AF073564580D75A2CF1 /* Sources */ = {
			isa = PBXSourcesBuildPhase;
			buildActionMask = 2147483647;
			files = (
				2E743A6F76CCB6064D781210 /* TuistAssets+App.swift in Sources */,
				FE078F42728C23B77EE02A1B /* TuistBundle+App.swift in Sources */,
				CCA882DEDF8A62AB1141EBD4 /* TuistPlists+App.swift in Sources */,
				C4B75090C0B2C8C29DCB5A6C /* AppContainer.swift in Sources */,
				0C267D12DF8888A49CDF7F4C /* AppDependencies.swift in Sources */,
				60BAC7B09140821CE84C3573 /* NetworkErrorAppMapper.swift in Sources */,
				79CC342CF73CCAAFEF0E7A8A /* NewdokApp.swift in Sources */,
				C3589A70DFF400CA5B499F90 /* AppRootView.swift in Sources */,
				65C48DAD150D3041D0A25442 /* VersionCheckService.swift in Sources */,
				0E31A3C3C925B3D0A640E70A /* NewDokTabView.swift in Sources */,
				98231FB337224089D071C61A /* AppToastHost.swift in Sources */,
			);
			runOnlyForDeploymentPostprocessing = 0;
		};
/* End PBXSourcesBuildPhase section */

/* Begin XCBuildConfiguration section */
		4A0C935808978B5A7673E412 /* Debug */ = {
			isa = XCBuildConfiguration;
			buildSettings = {
				ASSETCATALOG_COMPILER_GLOBAL_ACCENT_COLOR_NAME = AccentColor;
				CODE_SIGN_IDENTITY = "iPhone Developer";
				ENABLE_PREVIEWS = YES;
				FRAMEWORK_SEARCH_PATHS = (
					"$(inherited)",
					"$(SRCROOT)/../../Tuist/.build/artifacts/firebase-ios-sdk/FirebaseAnalytics",
					"$(SRCROOT)/../../Tuist/.build/artifacts/google-ads-on-device-conversion-ios-sdk/GoogleAdsOnDeviceConversion",
					"$(SRCROOT)/../../Tuist/.build/artifacts/googleappmeasurement/GoogleAppMeasurement",
					"$(SRCROOT)/../../Tuist/.build/artifacts/googleappmeasurement/GoogleAppMeasurementIdentitySupport",
				);
				HEADER_SEARCH_PATHS = (
					"$(inherited)",
					"$(SRCROOT)/../../Tuist/.build/checkouts/GoogleAppMeasurement/GoogleAppMeasurementWrapper/include",
					"$(SRCROOT)/../../Tuist/.build/checkouts/GoogleDataTransport",
					"$(SRCROOT)/../../Tuist/.build/checkouts/GoogleDataTransport/GoogleDataTransport/GDTCORLibrary/Public",
					"$(SRCROOT)/../../Tuist/.build/checkouts/GoogleUtilities",
					"$(SRCROOT)/../../Tuist/.build/checkouts/GoogleUtilities/GoogleUtilities/AppDelegateSwizzler/Public",
					"$(SRCROOT)/../../Tuist/.build/checkouts/GoogleUtilities/GoogleUtilities/Environment/Public",
					"$(SRCROOT)/../../Tuist/.build/checkouts/GoogleUtilities/GoogleUtilities/Logger/Public",
					"$(SRCROOT)/../../Tuist/.build/checkouts/GoogleUtilities/GoogleUtilities/MethodSwizzler/Public",
					"$(SRCROOT)/../../Tuist/.build/checkouts/GoogleUtilities/GoogleUtilities/NSData+zlib/Public",
					"$(SRCROOT)/../../Tuist/.build/checkouts/GoogleUtilities/GoogleUtilities/Network/Public",
					"$(SRCROOT)/../../Tuist/.build/checkouts/GoogleUtilities/GoogleUtilities/Reachability/Public",
					"$(SRCROOT)/../../Tuist/.build/checkouts/GoogleUtilities/GoogleUtilities/UserDefaults/Public",
					"$(SRCROOT)/../../Tuist/.build/checkouts/GoogleUtilities/third_party/IsAppEncrypted/Public",
					"$(SRCROOT)/../../Tuist/.build/checkouts/firebase-ios-sdk",
					"$(SRCROOT)/../../Tuist/.build/checkouts/firebase-ios-sdk/CoreOnly/Sources",
					"$(SRCROOT)/../../Tuist/.build/checkouts/firebase-ios-sdk/Crashlytics/Crashlytics/Public",
					"$(SRCROOT)/../../Tuist/.build/checkouts/firebase-ios-sdk/FirebaseAnalyticsWrapper/include",
					"$(SRCROOT)/../../Tuist/.build/checkouts/firebase-ios-sdk/FirebaseCore/Extension",
					"$(SRCROOT)/../../Tuist/.build/checkouts/firebase-ios-sdk/FirebaseCore/Sources/Public",
					"$(SRCROOT)/../../Tuist/.build/checkouts/firebase-ios-sdk/FirebaseInstallations/Source/Library/Public",
					"$(SRCROOT)/../../Tuist/.build/checkouts/firebase-ios-sdk/FirebaseSessions",
					"$(SRCROOT)/../../Tuist/.build/checkouts/firebase-ios-sdk/FirebaseSessions/SourcesObjC",
					"$(SRCROOT)/../../Tuist/.build/checkouts/firebase-ios-sdk/SwiftPM-PlatformExclude/FirebaseAnalyticsWrap/include",
					"$(SRCROOT)/../../Tuist/.build/checkouts/google-ads-on-device-conversion-ios-sdk/GoogleAdsOnDeviceConversionWrapper/include",
					"$(SRCROOT)/../../Tuist/.build/checkouts/nanopb/spm_headers",
					"$(SRCROOT)/../../Tuist/.build/checkouts/promises/Sources/FBLPromises/include",
				);
				INFOPLIST_FILE = "Derived/InfoPlists/App-Info.plist";
				IPHONEOS_DEPLOYMENT_TARGET = 18.0;
				LD_RUNPATH_SEARCH_PATHS = (
					"$(inherited)",
					"@executable_path/Frameworks",
				);
				OTHER_CFLAGS = (
					"$(inherited)",
					"-fmodule-map-file=$(SRCROOT)/../../Tuist/.build/checkouts/firebase-ios-sdk/CoreOnly/Sources/module.modulemap",
					"-fmodule-map-file=$(SRCROOT)/../../Tuist/.build/checkouts/promises/Sources/FBLPromises/include/module.modulemap",
					"-fmodule-map-file=$(SRCROOT)/../../Tuist/.build/tuist-derived/FirebaseAnalyticsTarget/FirebaseAnalyticsTarget.modulemap",
					"-fmodule-map-file=$(SRCROOT)/../../Tuist/.build/tuist-derived/FirebaseAnalyticsWrapper/FirebaseAnalyticsWrapper.modulemap",
					"-fmodule-map-file=$(SRCROOT)/../../Tuist/.build/tuist-derived/FirebaseCore/FirebaseCore.modulemap",
					"-fmodule-map-file=$(SRCROOT)/../../Tuist/.build/tuist-derived/FirebaseCoreExtension/FirebaseCoreExtension.modulemap",
					"-fmodule-map-file=$(SRCROOT)/../../Tuist/.build/tuist-derived/FirebaseCrashlytics/FirebaseCrashlytics.modulemap",
					"-fmodule-map-file=$(SRCROOT)/../../Tuist/.build/tuist-derived/FirebaseInstallations/FirebaseInstallations.modulemap",
					"-fmodule-map-file=$(SRCROOT)/../../Tuist/.build/tuist-derived/FirebaseSessionsObjC/FirebaseSessionsObjC.modulemap",
					"-fmodule-map-file=$(SRCROOT)/../../Tuist/.build/tuist-derived/GoogleAdsOnDeviceConversionTarget/GoogleAdsOnDeviceConversionTarget.modulemap",
					"-fmodule-map-file=$(SRCROOT)/../../Tuist/.build/tuist-derived/GoogleAppMeasurementTarget/GoogleAppMeasurementTarget.modulemap",
					"-fmodule-map-file=$(SRCROOT)/../../Tuist/.build/tuist-derived/GoogleDataTransport/GoogleDataTransport.modulemap",
					"-fmodule-map-file=$(SRCROOT)/../../Tuist/.build/tuist-derived/GoogleUtilities_AppDelegateSwizzler/GoogleUtilities_AppDelegateSwizzler.modulemap",
					"-fmodule-map-file=$(SRCROOT)/../../Tuist/.build/tuist-derived/GoogleUtilities_Environment/GoogleUtilities_Environment.modulemap",
					"-fmodule-map-file=$(SRCROOT)/../../Tuist/.build/tuist-derived/GoogleUtilities_Logger/GoogleUtilities_Logger.modulemap",
					"-fmodule-map-file=$(SRCROOT)/../../Tuist/.build/tuist-derived/GoogleUtilities_MethodSwizzler/GoogleUtilities_MethodSwizzler.modulemap",
					"-fmodule-map-file=$(SRCROOT)/../../Tuist/.build/tuist-derived/GoogleUtilities_NSData/GoogleUtilities_NSData.modulemap",
					"-fmodule-map-file=$(SRCROOT)/../../Tuist/.build/tuist-derived/GoogleUtilities_Network/GoogleUtilities_Network.modulemap",
					"-fmodule-map-file=$(SRCROOT)/../../Tuist/.build/tuist-derived/GoogleUtilities_Reachability/GoogleUtilities_Reachability.modulemap",
					"-fmodule-map-file=$(SRCROOT)/../../Tuist/.build/tuist-derived/GoogleUtilities_UserDefaults/GoogleUtilities_UserDefaults.modulemap",
					"-fmodule-map-file=$(SRCROOT)/../../Tuist/.build/tuist-derived/nanopb/nanopb.modulemap",
					"-fmodule-map-file=$(SRCROOT)/../../Tuist/.build/tuist-derived/third_party_IsAppEncrypted/third_party_IsAppEncrypted.modulemap",
				);
				OTHER_SWIFT_FLAGS = (
					"$(inherited)",
					"-Xcc",
					"-fmodule-map-file=$(SRCROOT)/../../Tuist/.build/checkouts/firebase-ios-sdk/CoreOnly/Sources/module.modulemap",
					"-Xcc",
					"-fmodule-map-file=$(SRCROOT)/../../Tuist/.build/checkouts/promises/Sources/FBLPromises/include/module.modulemap",
					"-Xcc",
					"-fmodule-map-file=$(SRCROOT)/../../Tuist/.build/tuist-derived/FirebaseAnalyticsTarget/FirebaseAnalyticsTarget.modulemap",
					"-Xcc",
					"-fmodule-map-file=$(SRCROOT)/../../Tuist/.build/tuist-derived/FirebaseAnalyticsWrapper/FirebaseAnalyticsWrapper.modulemap",
					"-Xcc",
					"-fmodule-map-file=$(SRCROOT)/../../Tuist/.build/tuist-derived/FirebaseCore/FirebaseCore.modulemap",
					"-Xcc",
					"-fmodule-map-file=$(SRCROOT)/../../Tuist/.build/tuist-derived/FirebaseCoreExtension/FirebaseCoreExtension.modulemap",
					"-Xcc",
					"-fmodule-map-file=$(SRCROOT)/../../Tuist/.build/tuist-derived/FirebaseCrashlytics/FirebaseCrashlytics.modulemap",
					"-Xcc",
					"-fmodule-map-file=$(SRCROOT)/../../Tuist/.build/tuist-derived/FirebaseInstallations/FirebaseInstallations.modulemap",
					"-Xcc",
					"-fmodule-map-file=$(SRCROOT)/../../Tuist/.build/tuist-derived/FirebaseSessionsObjC/FirebaseSessionsObjC.modulemap",
					"-Xcc",
					"-fmodule-map-file=$(SRCROOT)/../../Tuist/.build/tuist-derived/GoogleAdsOnDeviceConversionTarget/GoogleAdsOnDeviceConversionTarget.modulemap",
					"-Xcc",
					"-fmodule-map-file=$(SRCROOT)/../../Tuist/.build/tuist-derived/GoogleAppMeasurementTarget/GoogleAppMeasurementTarget.modulemap",
					"-Xcc",
					"-fmodule-map-file=$(SRCROOT)/../../Tuist/.build/tuist-derived/GoogleDataTransport/GoogleDataTransport.modulemap",
					"-Xcc",
					"-fmodule-map-file=$(SRCROOT)/../../Tuist/.build/tuist-derived/GoogleUtilities_AppDelegateSwizzler/GoogleUtilities_AppDelegateSwizzler.modulemap",
					"-Xcc",
					"-fmodule-map-file=$(SRCROOT)/../../Tuist/.build/tuist-derived/GoogleUtilities_Environment/GoogleUtilities_Environment.modulemap",
					"-Xcc",
					"-fmodule-map-file=$(SRCROOT)/../../Tuist/.build/tuist-derived/GoogleUtilities_Logger/GoogleUtilities_Logger.modulemap",
					"-Xcc",
					"-fmodule-map-file=$(SRCROOT)/../../Tuist/.build/tuist-derived/GoogleUtilities_MethodSwizzler/GoogleUtilities_MethodSwizzler.modulemap",
					"-Xcc",
					"-fmodule-map-file=$(SRCROOT)/../../Tuist/.build/tuist-derived/GoogleUtilities_NSData/GoogleUtilities_NSData.modulemap",
					"-Xcc",
					"-fmodule-map-file=$(SRCROOT)/../../Tuist/.build/tuist-derived/GoogleUtilities_Network/GoogleUtilities_Network.modulemap",
					"-Xcc",
					"-fmodule-map-file=$(SRCROOT)/../../Tuist/.build/tuist-derived/GoogleUtilities_Reachability/GoogleUtilities_Reachability.modulemap",
					"-Xcc",
					"-fmodule-map-file=$(SRCROOT)/../../Tuist/.build/tuist-derived/GoogleUtilities_UserDefaults/GoogleUtilities_UserDefaults.modulemap",
					"-Xcc",
					"-fmodule-map-file=$(SRCROOT)/../../Tuist/.build/tuist-derived/nanopb/nanopb.modulemap",
					"-Xcc",
					"-fmodule-map-file=$(SRCROOT)/../../Tuist/.build/tuist-derived/third_party_IsAppEncrypted/third_party_IsAppEncrypted.modulemap",
				);
				PRODUCT_BUNDLE_IDENTIFIER = "$(PRODUCT_BUNDLE_IDENTIFIER)";
				PRODUCT_NAME = App;
				SDKROOT = iphoneos;
				SUPPORTS_MACCATALYST = NO;
				SUPPORTS_MAC_DESIGNED_FOR_IPHONE_IPAD = YES;
				SUPPORTS_XR_DESIGNED_FOR_IPHONE_IPAD = NO;
				SWIFT_COMPILATION_MODE = singlefile;
				SWIFT_OPTIMIZATION_LEVEL = "-Onone";
				TARGETED_DEVICE_FAMILY = "1,2";
			};
			name = Debug;
		};
		5C9EF0E6AF4F9491454DE177 /* Release */ = {
			isa = XCBuildConfiguration;
			baseConfigurationReference = 102EA30F9FFCB1968D084E73 /* Release.xcconfig */;
			buildSettings = {
				ALWAYS_SEARCH_USER_PATHS = NO;
				CLANG_ANALYZER_LOCALIZABILITY_NONLOCALIZED = YES;
				CLANG_ANALYZER_NONNULL = YES;
				CLANG_ANALYZER_NUMBER_OBJECT_CONVERSION = YES_AGGRESSIVE;
				CLANG_CXX_LANGUAGE_STANDARD = "gnu++14";
				CLANG_CXX_LIBRARY = "libc++";
				CLANG_ENABLE_MODULES = YES;
				CLANG_ENABLE_OBJC_ARC = YES;
				CLANG_ENABLE_OBJC_WEAK = YES;
				CLANG_WARN_BLOCK_CAPTURE_AUTORELEASING = YES;
				CLANG_WARN_BOOL_CONVERSION = YES;
				CLANG_WARN_COMMA = YES;
				CLANG_WARN_CONSTANT_CONVERSION = YES;
				CLANG_WARN_DEPRECATED_OBJC_IMPLEMENTATIONS = YES;
				CLANG_WARN_DIRECT_OBJC_ISA_USAGE = YES_ERROR;
				CLANG_WARN_DOCUMENTATION_COMMENTS = YES;
				CLANG_WARN_EMPTY_BODY = YES;
				CLANG_WARN_ENUM_CONVERSION = YES;
				CLANG_WARN_INFINITE_RECURSION = YES;
				CLANG_WARN_INT_CONVERSION = YES;
				CLANG_WARN_NON_LITERAL_NULL_CONVERSION = YES;
				CLANG_WARN_OBJC_IMPLICIT_RETAIN_SELF = YES;
				CLANG_WARN_OBJC_LITERAL_CONVERSION = YES;
				CLANG_WARN_OBJC_ROOT_CLASS = YES_ERROR;
				CLANG_WARN_QUOTED_INCLUDE_IN_FRAMEWORK_HEADER = YES;
				CLANG_WARN_RANGE_LOOP_ANALYSIS = YES;
				CLANG_WARN_STRICT_PROTOTYPES = YES;
				CLANG_WARN_SUSPICIOUS_MOVE = YES;
				CLANG_WARN_UNGUARDED_AVAILABILITY = YES_AGGRESSIVE;
				CLANG_WARN_UNREACHABLE_CODE = YES;
				CLANG_WARN__DUPLICATE_METHOD_MATCH = YES;
				CODE_SIGN_STYLE = Automatic;
				COPY_PHASE_STRIP = NO;
				CURRENT_PROJECT_VERSION = 1;
				DEAD_CODE_STRIPPING = YES;
				DEBUG_INFORMATION_FORMAT = "dwarf-with-dsym";
				DEVELOPMENT_TEAM = AU24ZRJ649;
				ENABLE_NS_ASSERTIONS = NO;
				ENABLE_STRICT_OBJC_MSGSEND = YES;
				GCC_C_LANGUAGE_STANDARD = gnu11;
				GCC_NO_COMMON_BLOCKS = YES;
				GCC_WARN_64_TO_32_BIT_CONVERSION = YES;
				GCC_WARN_ABOUT_RETURN_TYPE = YES_ERROR;
				GCC_WARN_UNDECLARED_SELECTOR = YES;
				GCC_WARN_UNINITIALIZED_AUTOS = YES_AGGRESSIVE;
				GCC_WARN_UNUSED_FUNCTION = YES;
				GCC_WARN_UNUSED_VARIABLE = YES;
				MARKETING_VERSION = 1.0.1;
				MTL_ENABLE_DEBUG_INFO = NO;
				PRODUCT_NAME = "$(TARGET_NAME)";
				SWIFT_VERSION = 6.0;
				VALIDATE_PRODUCT = YES;
			};
			name = Release;
		};
		EB1CC3A930E09FEBECF9195D /* Release */ = {
			isa = XCBuildConfiguration;
			buildSettings = {
				ASSETCATALOG_COMPILER_GLOBAL_ACCENT_COLOR_NAME = AccentColor;
				CODE_SIGN_IDENTITY = "iPhone Developer";
				ENABLE_PREVIEWS = YES;
				FRAMEWORK_SEARCH_PATHS = (
					"$(inherited)",
					"$(SRCROOT)/../../Tuist/.build/artifacts/firebase-ios-sdk/FirebaseAnalytics",
					"$(SRCROOT)/../../Tuist/.build/artifacts/google-ads-on-device-conversion-ios-sdk/GoogleAdsOnDeviceConversion",
					"$(SRCROOT)/../../Tuist/.build/artifacts/googleappmeasurement/GoogleAppMeasurement",
					"$(SRCROOT)/../../Tuist/.build/artifacts/googleappmeasurement/GoogleAppMeasurementIdentitySupport",
				);
				HEADER_SEARCH_PATHS = (
					"$(inherited)",
					"$(SRCROOT)/../../Tuist/.build/checkouts/GoogleAppMeasurement/GoogleAppMeasurementWrapper/include",
					"$(SRCROOT)/../../Tuist/.build/checkouts/GoogleDataTransport",
					"$(SRCROOT)/../../Tuist/.build/checkouts/GoogleDataTransport/GoogleDataTransport/GDTCORLibrary/Public",
					"$(SRCROOT)/../../Tuist/.build/checkouts/GoogleUtilities",
					"$(SRCROOT)/../../Tuist/.build/checkouts/GoogleUtilities/GoogleUtilities/AppDelegateSwizzler/Public",
					"$(SRCROOT)/../../Tuist/.build/checkouts/GoogleUtilities/GoogleUtilities/Environment/Public",
					"$(SRCROOT)/../../Tuist/.build/checkouts/GoogleUtilities/GoogleUtilities/Logger/Public",
					"$(SRCROOT)/../../Tuist/.build/checkouts/GoogleUtilities/GoogleUtilities/MethodSwizzler/Public",
					"$(SRCROOT)/../../Tuist/.build/checkouts/GoogleUtilities/GoogleUtilities/NSData+zlib/Public",
					"$(SRCROOT)/../../Tuist/.build/checkouts/GoogleUtilities/GoogleUtilities/Network/Public",
					"$(SRCROOT)/../../Tuist/.build/checkouts/GoogleUtilities/GoogleUtilities/Reachability/Public",
					"$(SRCROOT)/../../Tuist/.build/checkouts/GoogleUtilities/GoogleUtilities/UserDefaults/Public",
					"$(SRCROOT)/../../Tuist/.build/checkouts/GoogleUtilities/third_party/IsAppEncrypted/Public",
					"$(SRCROOT)/../../Tuist/.build/checkouts/firebase-ios-sdk",
					"$(SRCROOT)/../../Tuist/.build/checkouts/firebase-ios-sdk/CoreOnly/Sources",
					"$(SRCROOT)/../../Tuist/.build/checkouts/firebase-ios-sdk/Crashlytics/Crashlytics/Public",
					"$(SRCROOT)/../../Tuist/.build/checkouts/firebase-ios-sdk/FirebaseAnalyticsWrapper/include",
					"$(SRCROOT)/../../Tuist/.build/checkouts/firebase-ios-sdk/FirebaseCore/Extension",
					"$(SRCROOT)/../../Tuist/.build/checkouts/firebase-ios-sdk/FirebaseCore/Sources/Public",
					"$(SRCROOT)/../../Tuist/.build/checkouts/firebase-ios-sdk/FirebaseInstallations/Source/Library/Public",
					"$(SRCROOT)/../../Tuist/.build/checkouts/firebase-ios-sdk/FirebaseSessions",
					"$(SRCROOT)/../../Tuist/.build/checkouts/firebase-ios-sdk/FirebaseSessions/SourcesObjC",
					"$(SRCROOT)/../../Tuist/.build/checkouts/firebase-ios-sdk/SwiftPM-PlatformExclude/FirebaseAnalyticsWrap/include",
					"$(SRCROOT)/../../Tuist/.build/checkouts/google-ads-on-device-conversion-ios-sdk/GoogleAdsOnDeviceConversionWrapper/include",
					"$(SRCROOT)/../../Tuist/.build/checkouts/nanopb/spm_headers",
					"$(SRCROOT)/../../Tuist/.build/checkouts/promises/Sources/FBLPromises/include",
				);
				INFOPLIST_FILE = "Derived/InfoPlists/App-Info.plist";
				IPHONEOS_DEPLOYMENT_TARGET = 18.0;
				LD_RUNPATH_SEARCH_PATHS = (
					"$(inherited)",
					"@executable_path/Frameworks",
				);
				OTHER_CFLAGS = (
					"$(inherited)",
					"-fmodule-map-file=$(SRCROOT)/../../Tuist/.build/checkouts/firebase-ios-sdk/CoreOnly/Sources/module.modulemap",
					"-fmodule-map-file=$(SRCROOT)/../../Tuist/.build/checkouts/promises/Sources/FBLPromises/include/module.modulemap",
					"-fmodule-map-file=$(SRCROOT)/../../Tuist/.build/tuist-derived/FirebaseAnalyticsTarget/FirebaseAnalyticsTarget.modulemap",
					"-fmodule-map-file=$(SRCROOT)/../../Tuist/.build/tuist-derived/FirebaseAnalyticsWrapper/FirebaseAnalyticsWrapper.modulemap",
					"-fmodule-map-file=$(SRCROOT)/../../Tuist/.build/tuist-derived/FirebaseCore/FirebaseCore.modulemap",
					"-fmodule-map-file=$(SRCROOT)/../../Tuist/.build/tuist-derived/FirebaseCoreExtension/FirebaseCoreExtension.modulemap",
					"-fmodule-map-file=$(SRCROOT)/../../Tuist/.build/tuist-derived/FirebaseCrashlytics/FirebaseCrashlytics.modulemap",
					"-fmodule-map-file=$(SRCROOT)/../../Tuist/.build/tuist-derived/FirebaseInstallations/FirebaseInstallations.modulemap",
					"-fmodule-map-file=$(SRCROOT)/../../Tuist/.build/tuist-derived/FirebaseSessionsObjC/FirebaseSessionsObjC.modulemap",
					"-fmodule-map-file=$(SRCROOT)/../../Tuist/.build/tuist-derived/GoogleAdsOnDeviceConversionTarget/GoogleAdsOnDeviceConversionTarget.modulemap",
					"-fmodule-map-file=$(SRCROOT)/../../Tuist/.build/tuist-derived/GoogleAppMeasurementTarget/GoogleAppMeasurementTarget.modulemap",
					"-fmodule-map-file=$(SRCROOT)/../../Tuist/.build/tuist-derived/GoogleDataTransport/GoogleDataTransport.modulemap",
					"-fmodule-map-file=$(SRCROOT)/../../Tuist/.build/tuist-derived/GoogleUtilities_AppDelegateSwizzler/GoogleUtilities_AppDelegateSwizzler.modulemap",
					"-fmodule-map-file=$(SRCROOT)/../../Tuist/.build/tuist-derived/GoogleUtilities_Environment/GoogleUtilities_Environment.modulemap",
					"-fmodule-map-file=$(SRCROOT)/../../Tuist/.build/tuist-derived/GoogleUtilities_Logger/GoogleUtilities_Logger.modulemap",
					"-fmodule-map-file=$(SRCROOT)/../../Tuist/.build/tuist-derived/GoogleUtilities_MethodSwizzler/GoogleUtilities_MethodSwizzler.modulemap",
					"-fmodule-map-file=$(SRCROOT)/../../Tuist/.build/tuist-derived/GoogleUtilities_NSData/GoogleUtilities_NSData.modulemap",
					"-fmodule-map-file=$(SRCROOT)/../../Tuist/.build/tuist-derived/GoogleUtilities_Network/GoogleUtilities_Network.modulemap",
					"-fmodule-map-file=$(SRCROOT)/../../Tuist/.build/tuist-derived/GoogleUtilities_Reachability/GoogleUtilities_Reachability.modulemap",
					"-fmodule-map-file=$(SRCROOT)/../../Tuist/.build/tuist-derived/GoogleUtilities_UserDefaults/GoogleUtilities_UserDefaults.modulemap",
					"-fmodule-map-file=$(SRCROOT)/../../Tuist/.build/tuist-derived/nanopb/nanopb.modulemap",
					"-fmodule-map-file=$(SRCROOT)/../../Tuist/.build/tuist-derived/third_party_IsAppEncrypted/third_party_IsAppEncrypted.modulemap",
				);
				OTHER_SWIFT_FLAGS = (
					"$(inherited)",
					"-Xcc",
					"-fmodule-map-file=$(SRCROOT)/../../Tuist/.build/checkouts/firebase-ios-sdk/CoreOnly/Sources/module.modulemap",
					"-Xcc",
					"-fmodule-map-file=$(SRCROOT)/../../Tuist/.build/checkouts/promises/Sources/FBLPromises/include/module.modulemap",
					"-Xcc",
					"-fmodule-map-file=$(SRCROOT)/../../Tuist/.build/tuist-derived/FirebaseAnalyticsTarget/FirebaseAnalyticsTarget.modulemap",
					"-Xcc",
					"-fmodule-map-file=$(SRCROOT)/../../Tuist/.build/tuist-derived/FirebaseAnalyticsWrapper/FirebaseAnalyticsWrapper.modulemap",
					"-Xcc",
					"-fmodule-map-file=$(SRCROOT)/../../Tuist/.build/tuist-derived/FirebaseCore/FirebaseCore.modulemap",
					"-Xcc",
					"-fmodule-map-file=$(SRCROOT)/../../Tuist/.build/tuist-derived/FirebaseCoreExtension/FirebaseCoreExtension.modulemap",
					"-Xcc",
					"-fmodule-map-file=$(SRCROOT)/../../Tuist/.build/tuist-derived/FirebaseCrashlytics/FirebaseCrashlytics.modulemap",
					"-Xcc",
					"-fmodule-map-file=$(SRCROOT)/../../Tuist/.build/tuist-derived/FirebaseInstallations/FirebaseInstallations.modulemap",
					"-Xcc",
					"-fmodule-map-file=$(SRCROOT)/../../Tuist/.build/tuist-derived/FirebaseSessionsObjC/FirebaseSessionsObjC.modulemap",
					"-Xcc",
					"-fmodule-map-file=$(SRCROOT)/../../Tuist/.build/tuist-derived/GoogleAdsOnDeviceConversionTarget/GoogleAdsOnDeviceConversionTarget.modulemap",
					"-Xcc",
					"-fmodule-map-file=$(SRCROOT)/../../Tuist/.build/tuist-derived/GoogleAppMeasurementTarget/GoogleAppMeasurementTarget.modulemap",
					"-Xcc",
					"-fmodule-map-file=$(SRCROOT)/../../Tuist/.build/tuist-derived/GoogleDataTransport/GoogleDataTransport.modulemap",
					"-Xcc",
					"-fmodule-map-file=$(SRCROOT)/../../Tuist/.build/tuist-derived/GoogleUtilities_AppDelegateSwizzler/GoogleUtilities_AppDelegateSwizzler.modulemap",
					"-Xcc",
					"-fmodule-map-file=$(SRCROOT)/../../Tuist/.build/tuist-derived/GoogleUtilities_Environment/GoogleUtilities_Environment.modulemap",
					"-Xcc",
					"-fmodule-map-file=$(SRCROOT)/../../Tuist/.build/tuist-derived/GoogleUtilities_Logger/GoogleUtilities_Logger.modulemap",
					"-Xcc",
					"-fmodule-map-file=$(SRCROOT)/../../Tuist/.build/tuist-derived/GoogleUtilities_MethodSwizzler/GoogleUtilities_MethodSwizzler.modulemap",
					"-Xcc",
					"-fmodule-map-file=$(SRCROOT)/../../Tuist/.build/tuist-derived/GoogleUtilities_NSData/GoogleUtilities_NSData.modulemap",
					"-Xcc",
					"-fmodule-map-file=$(SRCROOT)/../../Tuist/.build/tuist-derived/GoogleUtilities_Network/GoogleUtilities_Network.modulemap",
					"-Xcc",
					"-fmodule-map-file=$(SRCROOT)/../../Tuist/.build/tuist-derived/GoogleUtilities_Reachability/GoogleUtilities_Reachability.modulemap",
					"-Xcc",
					"-fmodule-map-file=$(SRCROOT)/../../Tuist/.build/tuist-derived/GoogleUtilities_UserDefaults/GoogleUtilities_UserDefaults.modulemap",
					"-Xcc",
					"-fmodule-map-file=$(SRCROOT)/../../Tuist/.build/tuist-derived/nanopb/nanopb.modulemap",
					"-Xcc",
					"-fmodule-map-file=$(SRCROOT)/../../Tuist/.build/tuist-derived/third_party_IsAppEncrypted/third_party_IsAppEncrypted.modulemap",
				);
				PRODUCT_BUNDLE_IDENTIFIER = "$(PRODUCT_BUNDLE_IDENTIFIER)";
				PRODUCT_NAME = App;
				SDKROOT = iphoneos;
				SUPPORTS_MACCATALYST = NO;
				SUPPORTS_MAC_DESIGNED_FOR_IPHONE_IPAD = YES;
				SUPPORTS_XR_DESIGNED_FOR_IPHONE_IPAD = NO;
				SWIFT_COMPILATION_MODE = wholemodule;
				SWIFT_OPTIMIZATION_LEVEL = "-O";
				TARGETED_DEVICE_FAMILY = "1,2";
			};
			name = Release;
		};
		F61063B78755D98B1B9C3697 /* Debug */ = {
			isa = XCBuildConfiguration;
			baseConfigurationReference = 87508572DAF45259CFBDF271 /* Debug.xcconfig */;
			buildSettings = {
				ALWAYS_SEARCH_USER_PATHS = NO;
				CLANG_ANALYZER_LOCALIZABILITY_NONLOCALIZED = YES;
				CLANG_ANALYZER_NONNULL = YES;
				CLANG_ANALYZER_NUMBER_OBJECT_CONVERSION = YES_AGGRESSIVE;
				CLANG_CXX_LANGUAGE_STANDARD = "gnu++14";
				CLANG_CXX_LIBRARY = "libc++";
				CLANG_ENABLE_MODULES = YES;
				CLANG_ENABLE_OBJC_ARC = YES;
				CLANG_ENABLE_OBJC_WEAK = YES;
				CLANG_WARN_BLOCK_CAPTURE_AUTORELEASING = YES;
				CLANG_WARN_BOOL_CONVERSION = YES;
				CLANG_WARN_COMMA = YES;
				CLANG_WARN_CONSTANT_CONVERSION = YES;
				CLANG_WARN_DEPRECATED_OBJC_IMPLEMENTATIONS = YES;
				CLANG_WARN_DIRECT_OBJC_ISA_USAGE = YES_ERROR;
				CLANG_WARN_DOCUMENTATION_COMMENTS = YES;
				CLANG_WARN_EMPTY_BODY = YES;
				CLANG_WARN_ENUM_CONVERSION = YES;
				CLANG_WARN_INFINITE_RECURSION = YES;
				CLANG_WARN_INT_CONVERSION = YES;
				CLANG_WARN_NON_LITERAL_NULL_CONVERSION = YES;
				CLANG_WARN_OBJC_IMPLICIT_RETAIN_SELF = YES;
				CLANG_WARN_OBJC_LITERAL_CONVERSION = YES;
				CLANG_WARN_OBJC_ROOT_CLASS = YES_ERROR;
				CLANG_WARN_QUOTED_INCLUDE_IN_FRAMEWORK_HEADER = YES;
				CLANG_WARN_RANGE_LOOP_ANALYSIS = YES;
				CLANG_WARN_STRICT_PROTOTYPES = YES;
				CLANG_WARN_SUSPICIOUS_MOVE = YES;
				CLANG_WARN_UNGUARDED_AVAILABILITY = YES_AGGRESSIVE;
				CLANG_WARN_UNREACHABLE_CODE = YES;
				CLANG_WARN__DUPLICATE_METHOD_MATCH = YES;
				CODE_SIGN_STYLE = Automatic;
				COPY_PHASE_STRIP = NO;
				CURRENT_PROJECT_VERSION = 1;
				DEAD_CODE_STRIPPING = YES;
				DEBUG_INFORMATION_FORMAT = dwarf;
				DEVELOPMENT_TEAM = AU24ZRJ649;
				ENABLE_STRICT_OBJC_MSGSEND = YES;
				ENABLE_TESTABILITY = YES;
				GCC_C_LANGUAGE_STANDARD = gnu11;
				GCC_DYNAMIC_NO_PIC = NO;
				GCC_NO_COMMON_BLOCKS = YES;
				GCC_OPTIMIZATION_LEVEL = 0;
				GCC_PREPROCESSOR_DEFINITIONS = (
					"DEBUG=1",
					"$(inherited)",
				);
				GCC_WARN_64_TO_32_BIT_CONVERSION = YES;
				GCC_WARN_ABOUT_RETURN_TYPE = YES_ERROR;
				GCC_WARN_UNDECLARED_SELECTOR = YES;
				GCC_WARN_UNINITIALIZED_AUTOS = YES_AGGRESSIVE;
				GCC_WARN_UNUSED_FUNCTION = YES;
				GCC_WARN_UNUSED_VARIABLE = YES;
				MARKETING_VERSION = 1.0.1;
				MTL_ENABLE_DEBUG_INFO = YES;
				ONLY_ACTIVE_ARCH = YES;
				PRODUCT_NAME = "$(TARGET_NAME)";
				SWIFT_VERSION = 6.0;
			};
			name = Debug;
		};
/* End XCBuildConfiguration section */

/* Begin XCConfigurationList section */
		B3FD05C59F197F398A0B04AB /* Build configuration list for PBXProject "App" */ = {
			isa = XCConfigurationList;
			buildConfigurations = (
				F61063B78755D98B1B9C3697 /* Debug */,
				5C9EF0E6AF4F9491454DE177 /* Release */,
			);
			defaultConfigurationIsVisible = 0;
			defaultConfigurationName = Release;
		};
		FFC1863BD4026D2C17CBE82B /* Build configuration list for PBXNativeTarget "App" */ = {
			isa = XCConfigurationList;
			buildConfigurations = (
				4A0C935808978B5A7673E412 /* Debug */,
				EB1CC3A930E09FEBECF9195D /* Release */,
			);
			defaultConfigurationIsVisible = 0;
			defaultConfigurationName = Release;
		};
/* End XCConfigurationList section */
	};
	rootObject = 6B590BF25178DC7D824D09CE /* Project object */;
}
