<?xml version="1.0" encoding="UTF-8"?>
<Scheme
   LastUpgradeVersion = "1010"
   version = "1.3">
   <BuildAction
      parallelizeBuildables = "YES"
      buildImplicitDependencies = "YES">
      <BuildActionEntries>
         <BuildActionEntry
            buildForTesting = "YES"
            buildForRunning = "YES"
            buildForProfiling = "YES"
            buildForArchiving = "YES"
            buildForAnalyzing = "YES">
            <BuildableReference
               BuildableIdentifier = "primary"
               BlueprintIdentifier = "2A717419231F3C0B8A3E0F06"
               BuildableName = "Alamofire.framework"
               BlueprintName = "Alamofire"
               ReferencedContainer = "container:Tuist/.build/tuist-derived/Alamofire/Alamofire.xcodeproj">
            </BuildableReference>
         </BuildActionEntry>
         <BuildActionEntry
            buildForTesting = "YES"
            buildForRunning = "YES"
            buildForProfiling = "YES"
            buildForArchiving = "YES"
            buildForAnalyzing = "YES">
            <BuildableReference
               BuildableIdentifier = "primary"
               BlueprintIdentifier = "93E9E330FC2CE7458D9C925F"
               BuildableName = "App.app"
               BlueprintName = "App"
               ReferencedContainer = "container:Modules/App/App.xcodeproj">
            </BuildableReference>
         </BuildActionEntry>
         <BuildActionEntry
            buildForTesting = "YES"
            buildForRunning = "YES"
            buildForProfiling = "YES"
            buildForArchiving = "YES"
            buildForAnalyzing = "YES">
            <BuildableReference
               BuildableIdentifier = "primary"
               BlueprintIdentifier = "0B29F91734153538F8461789"
               BuildableName = "AppCoordinator.framework"
               BlueprintName = "AppCoordinator"
               ReferencedContainer = "container:Modules/AppCoordinator/AppCoordinator.xcodeproj">
            </BuildableReference>
         </BuildActionEntry>
         <BuildActionEntry
            buildForTesting = "YES"
            buildForRunning = "YES"
            buildForProfiling = "YES"
            buildForArchiving = "YES"
            buildForAnalyzing = "YES">
            <BuildableReference
               BuildableIdentifier = "primary"
               BlueprintIdentifier = "CD1FF535BD66CAFC10C0E412"
               BuildableName = "Auth.framework"
               BlueprintName = "Auth"
               ReferencedContainer = "container:Modules/Features/Auth/Auth.xcodeproj">
            </BuildableReference>
         </BuildActionEntry>
         <BuildActionEntry
            buildForTesting = "YES"
            buildForRunning = "YES"
            buildForProfiling = "YES"
            buildForArchiving = "YES"
            buildForAnalyzing = "YES">
            <BuildableReference
               BuildableIdentifier = "primary"
               BlueprintIdentifier = "C273609D71461AE102962C65"
               BuildableName = "AuthData.framework"
               BlueprintName = "AuthData"
               ReferencedContainer = "container:Modules/Features/Auth/Auth.xcodeproj">
            </BuildableReference>
         </BuildActionEntry>
         <BuildActionEntry
            buildForTesting = "YES"
            buildForRunning = "YES"
            buildForProfiling = "YES"
            buildForArchiving = "YES"
            buildForAnalyzing = "YES">
            <BuildableReference
               BuildableIdentifier = "primary"
               BlueprintIdentifier = "5E1D1068FB58DFF90944B9EF"
               BuildableName = "AuthDomain.framework"
               BlueprintName = "AuthDomain"
               ReferencedContainer = "container:Modules/Features/Auth/Auth.xcodeproj">
            </BuildableReference>
         </BuildActionEntry>
         <BuildActionEntry
            buildForTesting = "YES"
            buildForRunning = "YES"
            buildForProfiling = "YES"
            buildForArchiving = "YES"
            buildForAnalyzing = "YES">
            <BuildableReference
               BuildableIdentifier = "primary"
               BlueprintIdentifier = "E17CF2E4E8681E8A1401C484"
               BuildableName = "AuthInterface.framework"
               BlueprintName = "AuthInterface"
               ReferencedContainer = "container:Modules/Features/Auth/Auth.xcodeproj">
            </BuildableReference>
         </BuildActionEntry>
         <BuildActionEntry
            buildForTesting = "YES"
            buildForRunning = "YES"
            buildForProfiling = "YES"
            buildForArchiving = "YES"
            buildForAnalyzing = "YES">
            <BuildableReference
               BuildableIdentifier = "primary"
               BlueprintIdentifier = "64266547C98E573BC9E38F40"
               BuildableName = "AuthTests.xctest"
               BlueprintName = "AuthTests"
               ReferencedContainer = "container:Modules/Features/Auth/Auth.xcodeproj">
            </BuildableReference>
         </BuildActionEntry>
         <BuildActionEntry
            buildForTesting = "YES"
            buildForRunning = "YES"
            buildForProfiling = "YES"
            buildForArchiving = "YES"
            buildForAnalyzing = "YES">
            <BuildableReference
               BuildableIdentifier = "primary"
               BlueprintIdentifier = "CA3BDA5CCBC32BFCAFE328FB"
               BuildableName = "Bookmark.framework"
               BlueprintName = "Bookmark"
               ReferencedContainer = "container:Modules/Features/Bookmark/Bookmark.xcodeproj">
            </BuildableReference>
         </BuildActionEntry>
         <BuildActionEntry
            buildForTesting = "YES"
            buildForRunning = "YES"
            buildForProfiling = "YES"
            buildForArchiving = "YES"
            buildForAnalyzing = "YES">
            <BuildableReference
               BuildableIdentifier = "primary"
               BlueprintIdentifier = "ACFDF727B839066FA06A13DA"
               BuildableName = "BookmarkData.framework"
               BlueprintName = "BookmarkData"
               ReferencedContainer = "container:Modules/Features/Bookmark/Bookmark.xcodeproj">
            </BuildableReference>
         </BuildActionEntry>
         <BuildActionEntry
            buildForTesting = "YES"
            buildForRunning = "YES"
            buildForProfiling = "YES"
            buildForArchiving = "YES"
            buildForAnalyzing = "YES">
            <BuildableReference
               BuildableIdentifier = "primary"
               BlueprintIdentifier = "BECDD6FD2C45E0F8205FBF52"
               BuildableName = "BookmarkDomain.framework"
               BlueprintName = "BookmarkDomain"
               ReferencedContainer = "container:Modules/Features/Bookmark/Bookmark.xcodeproj">
            </BuildableReference>
         </BuildActionEntry>
         <BuildActionEntry
            buildForTesting = "YES"
            buildForRunning = "YES"
            buildForProfiling = "YES"
            buildForArchiving = "YES"
            buildForAnalyzing = "YES">
            <BuildableReference
               BuildableIdentifier = "primary"
               BlueprintIdentifier = "B6E08EB0C955E3A126652189"
               BuildableName = "BookmarkInterface.framework"
               BlueprintName = "BookmarkInterface"
               ReferencedContainer = "container:Modules/Features/Bookmark/Bookmark.xcodeproj">
            </BuildableReference>
         </BuildActionEntry>
         <BuildActionEntry
            buildForTesting = "YES"
            buildForRunning = "YES"
            buildForProfiling = "YES"
            buildForArchiving = "YES"
            buildForAnalyzing = "YES">
            <BuildableReference
               BuildableIdentifier = "primary"
               BlueprintIdentifier = "F69E4FDDBAA3D5291A5F3DE4"
               BuildableName = "BookmarkTests.xctest"
               BlueprintName = "BookmarkTests"
               ReferencedContainer = "container:Modules/Features/Bookmark/Bookmark.xcodeproj">
            </BuildableReference>
         </BuildActionEntry>
         <BuildActionEntry
            buildForTesting = "YES"
            buildForRunning = "YES"
            buildForProfiling = "YES"
            buildForArchiving = "YES"
            buildForAnalyzing = "YES">
            <BuildableReference
               BuildableIdentifier = "primary"
               BlueprintIdentifier = "B90FCF66245CD7327BEE2CBF"
               BuildableName = "Core.framework"
               BlueprintName = "Core"
               ReferencedContainer = "container:Modules/Core/Core.xcodeproj">
            </BuildableReference>
         </BuildActionEntry>
         <BuildActionEntry
            buildForTesting = "YES"
            buildForRunning = "YES"
            buildForProfiling = "YES"
            buildForArchiving = "YES"
            buildForAnalyzing = "YES">
            <BuildableReference
               BuildableIdentifier = "primary"
               BlueprintIdentifier = "83C9B5D1938C22907FF6E247"
               BuildableName = "DesignSystem.framework"
               BlueprintName = "DesignSystem"
               ReferencedContainer = "container:Modules/DesignSystem/DesignSystem.xcodeproj">
            </BuildableReference>
         </BuildActionEntry>
         <BuildActionEntry
            buildForTesting = "YES"
            buildForRunning = "YES"
            buildForProfiling = "YES"
            buildForArchiving = "YES"
            buildForAnalyzing = "YES">
            <BuildableReference
               BuildableIdentifier = "primary"
               BlueprintIdentifier = "8B7F7C5C5BC308F0FECD514E"
               BuildableName = "Detail.framework"
               BlueprintName = "Detail"
               ReferencedContainer = "container:Modules/Features/Detail/Detail.xcodeproj">
            </BuildableReference>
         </BuildActionEntry>
         <BuildActionEntry
            buildForTesting = "YES"
            buildForRunning = "YES"
            buildForProfiling = "YES"
            buildForArchiving = "YES"
            buildForAnalyzing = "YES">
            <BuildableReference
               BuildableIdentifier = "primary"
               BlueprintIdentifier = "E3D9F0492DBE7220433D17B7"
               BuildableName = "DetailData.framework"
               BlueprintName = "DetailData"
               ReferencedContainer = "container:Modules/Features/Detail/Detail.xcodeproj">
            </BuildableReference>
         </BuildActionEntry>
         <BuildActionEntry
            buildForTesting = "YES"
            buildForRunning = "YES"
            buildForProfiling = "YES"
            buildForArchiving = "YES"
            buildForAnalyzing = "YES">
            <BuildableReference
               BuildableIdentifier = "primary"
               BlueprintIdentifier = "C88D15CEF71B110EE71D0D3F"
               BuildableName = "DetailDomain.framework"
               BlueprintName = "DetailDomain"
               ReferencedContainer = "container:Modules/Features/Detail/Detail.xcodeproj">
            </BuildableReference>
         </BuildActionEntry>
         <BuildActionEntry
            buildForTesting = "YES"
            buildForRunning = "YES"
            buildForProfiling = "YES"
            buildForArchiving = "YES"
            buildForAnalyzing = "YES">
            <BuildableReference
               BuildableIdentifier = "primary"
               BlueprintIdentifier = "9A293940913ED0FF4D0EF915"
               BuildableName = "DetailInterface.framework"
               BlueprintName = "DetailInterface"
               ReferencedContainer = "container:Modules/Features/Detail/Detail.xcodeproj">
            </BuildableReference>
         </BuildActionEntry>
         <BuildActionEntry
            buildForTesting = "YES"
            buildForRunning = "YES"
            buildForProfiling = "YES"
            buildForArchiving = "YES"
            buildForAnalyzing = "YES">
            <BuildableReference
               BuildableIdentifier = "primary"
               BlueprintIdentifier = "9943AD2B429C898B2E18E15D"
               BuildableName = "Explore.framework"
               BlueprintName = "Explore"
               ReferencedContainer = "container:Modules/Features/Explore/Explore.xcodeproj">
            </BuildableReference>
         </BuildActionEntry>
         <BuildActionEntry
            buildForTesting = "YES"
            buildForRunning = "YES"
            buildForProfiling = "YES"
            buildForArchiving = "YES"
            buildForAnalyzing = "YES">
            <BuildableReference
               BuildableIdentifier = "primary"
               BlueprintIdentifier = "7F80A2ABE6D8BB6BAFAF4CAB"
               BuildableName = "ExploreData.framework"
               BlueprintName = "ExploreData"
               ReferencedContainer = "container:Modules/Features/Explore/Explore.xcodeproj">
            </BuildableReference>
         </BuildActionEntry>
         <BuildActionEntry
            buildForTesting = "YES"
            buildForRunning = "YES"
            buildForProfiling = "YES"
            buildForArchiving = "YES"
            buildForAnalyzing = "YES">
            <BuildableReference
               BuildableIdentifier = "primary"
               BlueprintIdentifier = "1A94CF1664C493A99BED748A"
               BuildableName = "ExploreDomain.framework"
               BlueprintName = "ExploreDomain"
               ReferencedContainer = "container:Modules/Features/Explore/Explore.xcodeproj">
            </BuildableReference>
         </BuildActionEntry>
         <BuildActionEntry
            buildForTesting = "YES"
            buildForRunning = "YES"
            buildForProfiling = "YES"
            buildForArchiving = "YES"
            buildForAnalyzing = "YES">
            <BuildableReference
               BuildableIdentifier = "primary"
               BlueprintIdentifier = "E52BBDBB17B2D125427A2803"
               BuildableName = "ExploreInterface.framework"
               BlueprintName = "ExploreInterface"
               ReferencedContainer = "container:Modules/Features/Explore/Explore.xcodeproj">
            </BuildableReference>
         </BuildActionEntry>
         <BuildActionEntry
            buildForTesting = "YES"
            buildForRunning = "YES"
            buildForProfiling = "YES"
            buildForArchiving = "YES"
            buildForAnalyzing = "YES">
            <BuildableReference
               BuildableIdentifier = "primary"
               BlueprintIdentifier = "7440C4034D2CE47D2249A5D8"
               BuildableName = "ExploreTests.xctest"
               BlueprintName = "ExploreTests"
               ReferencedContainer = "container:Modules/Features/Explore/Explore.xcodeproj">
            </BuildableReference>
         </BuildActionEntry>
         <BuildActionEntry
            buildForTesting = "YES"
            buildForRunning = "YES"
            buildForProfiling = "YES"
            buildForArchiving = "YES"
            buildForAnalyzing = "YES">
            <BuildableReference
               BuildableIdentifier = "primary"
               BlueprintIdentifier = "787785524E0E998535524C4F"
               BuildableName = "FBLPromises.framework"
               BlueprintName = "FBLPromises"
               ReferencedContainer = "container:Tuist/.build/tuist-derived/Promises/Promises.xcodeproj">
            </BuildableReference>
         </BuildActionEntry>
         <BuildActionEntry
            buildForTesting = "YES"
            buildForRunning = "YES"
            buildForProfiling = "YES"
            buildForArchiving = "YES"
            buildForAnalyzing = "YES">
            <BuildableReference
               BuildableIdentifier = "primary"
               BlueprintIdentifier = "769B28412864CE639D5C8BFF"
               BuildableName = "Firebase.framework"
               BlueprintName = "Firebase"
               ReferencedContainer = "container:Tuist/.build/tuist-derived/Firebase/Firebase.xcodeproj">
            </BuildableReference>
         </BuildActionEntry>
         <BuildActionEntry
            buildForTesting = "YES"
            buildForRunning = "YES"
            buildForProfiling = "YES"
            buildForArchiving = "YES"
            buildForAnalyzing = "YES">
            <BuildableReference
               BuildableIdentifier = "primary"
               BlueprintIdentifier = "DEE927B31AD452C0CB9D7682"
               BuildableName = "FirebaseAnalyticsTarget.framework"
               BlueprintName = "FirebaseAnalyticsTarget"
               ReferencedContainer = "container:Tuist/.build/tuist-derived/Firebase/Firebase.xcodeproj">
            </BuildableReference>
         </BuildActionEntry>
         <BuildActionEntry
            buildForTesting = "YES"
            buildForRunning = "YES"
            buildForProfiling = "YES"
            buildForArchiving = "YES"
            buildForAnalyzing = "YES">
            <BuildableReference
               BuildableIdentifier = "primary"
               BlueprintIdentifier = "95FACE305A2B4D7CF92BDDD9"
               BuildableName = "FirebaseAnalyticsWrapper.framework"
               BlueprintName = "FirebaseAnalyticsWrapper"
               ReferencedContainer = "container:Tuist/.build/tuist-derived/Firebase/Firebase.xcodeproj">
            </BuildableReference>
         </BuildActionEntry>
         <BuildActionEntry
            buildForTesting = "YES"
            buildForRunning = "YES"
            buildForProfiling = "YES"
            buildForArchiving = "YES"
            buildForAnalyzing = "YES">
            <BuildableReference
               BuildableIdentifier = "primary"
               BlueprintIdentifier = "76913A6628DE3CA06F1E69AD"
               BuildableName = "FirebaseCore.framework"
               BlueprintName = "FirebaseCore"
               ReferencedContainer = "container:Tuist/.build/tuist-derived/Firebase/Firebase.xcodeproj">
            </BuildableReference>
         </BuildActionEntry>
         <BuildActionEntry
            buildForTesting = "YES"
            buildForRunning = "YES"
            buildForProfiling = "YES"
            buildForArchiving = "YES"
            buildForAnalyzing = "YES">
            <BuildableReference
               BuildableIdentifier = "primary"
               BlueprintIdentifier = "3632255486C34E31EEEE7688"
               BuildableName = "FirebaseCoreExtension.framework"
               BlueprintName = "FirebaseCoreExtension"
               ReferencedContainer = "container:Tuist/.build/tuist-derived/Firebase/Firebase.xcodeproj">
            </BuildableReference>
         </BuildActionEntry>
         <BuildActionEntry
            buildForTesting = "YES"
            buildForRunning = "YES"
            buildForProfiling = "YES"
            buildForArchiving = "YES"
            buildForAnalyzing = "YES">
            <BuildableReference
               BuildableIdentifier = "primary"
               BlueprintIdentifier = "BF2506109F9DAB9BDE836612"
               BuildableName = "FirebaseCoreInternal.framework"
               BlueprintName = "FirebaseCoreInternal"
               ReferencedContainer = "container:Tuist/.build/tuist-derived/Firebase/Firebase.xcodeproj">
            </BuildableReference>
         </BuildActionEntry>
         <BuildActionEntry
            buildForTesting = "YES"
            buildForRunning = "YES"
            buildForProfiling = "YES"
            buildForArchiving = "YES"
            buildForAnalyzing = "YES">
            <BuildableReference
               BuildableIdentifier = "primary"
               BlueprintIdentifier = "7BAF952BFAF2C029D02AA069"
               BuildableName = "FirebaseCrashlytics.framework"
               BlueprintName = "FirebaseCrashlytics"
               ReferencedContainer = "container:Tuist/.build/tuist-derived/Firebase/Firebase.xcodeproj">
            </BuildableReference>
         </BuildActionEntry>
         <BuildActionEntry
            buildForTesting = "YES"
            buildForRunning = "YES"
            buildForProfiling = "YES"
            buildForArchiving = "YES"
            buildForAnalyzing = "YES">
            <BuildableReference
               BuildableIdentifier = "primary"
               BlueprintIdentifier = "D6694772E37806136018F99A"
               BuildableName = "FirebaseCrashlyticsSwift.framework"
               BlueprintName = "FirebaseCrashlyticsSwift"
               ReferencedContainer = "container:Tuist/.build/tuist-derived/Firebase/Firebase.xcodeproj">
            </BuildableReference>
         </BuildActionEntry>
         <BuildActionEntry
            buildForTesting = "YES"
            buildForRunning = "YES"
            buildForProfiling = "YES"
            buildForArchiving = "YES"
            buildForAnalyzing = "YES">
            <BuildableReference
               BuildableIdentifier = "primary"
               BlueprintIdentifier = "6FD7A82BF6A96086DF50776D"
               BuildableName = "FirebaseInstallations.framework"
               BlueprintName = "FirebaseInstallations"
               ReferencedContainer = "container:Tuist/.build/tuist-derived/Firebase/Firebase.xcodeproj">
            </BuildableReference>
         </BuildActionEntry>
         <BuildActionEntry
            buildForTesting = "YES"
            buildForRunning = "YES"
            buildForProfiling = "YES"
            buildForArchiving = "YES"
            buildForAnalyzing = "YES">
            <BuildableReference
               BuildableIdentifier = "primary"
               BlueprintIdentifier = "F55E2A08A2AA42120650685A"
               BuildableName = "FirebaseRemoteConfigInterop.framework"
               BlueprintName = "FirebaseRemoteConfigInterop"
               ReferencedContainer = "container:Tuist/.build/tuist-derived/Firebase/Firebase.xcodeproj">
            </BuildableReference>
         </BuildActionEntry>
         <BuildActionEntry
            buildForTesting = "YES"
            buildForRunning = "YES"
            buildForProfiling = "YES"
            buildForArchiving = "YES"
            buildForAnalyzing = "YES">
            <BuildableReference
               BuildableIdentifier = "primary"
               BlueprintIdentifier = "EC69F65F6DFC0B376F1A4FD2"
               BuildableName = "FirebaseSessions.framework"
               BlueprintName = "FirebaseSessions"
               ReferencedContainer = "container:Tuist/.build/tuist-derived/Firebase/Firebase.xcodeproj">
            </BuildableReference>
         </BuildActionEntry>
         <BuildActionEntry
            buildForTesting = "YES"
            buildForRunning = "YES"
            buildForProfiling = "YES"
            buildForArchiving = "YES"
            buildForAnalyzing = "YES">
            <BuildableReference
               BuildableIdentifier = "primary"
               BlueprintIdentifier = "57122364D133B5A394A9349C"
               BuildableName = "FirebaseSessionsObjC.framework"
               BlueprintName = "FirebaseSessionsObjC"
               ReferencedContainer = "container:Tuist/.build/tuist-derived/Firebase/Firebase.xcodeproj">
            </BuildableReference>
         </BuildActionEntry>
         <BuildActionEntry
            buildForTesting = "YES"
            buildForRunning = "YES"
            buildForProfiling = "YES"
            buildForArchiving = "YES"
            buildForAnalyzing = "YES">
            <BuildableReference
               BuildableIdentifier = "primary"
               BlueprintIdentifier = "31C6F1FE17D9E92FD0DD0B36"
               BuildableName = "GoogleAdsOnDeviceConversionTarget.framework"
               BlueprintName = "GoogleAdsOnDeviceConversionTarget"
               ReferencedContainer = "container:Tuist/.build/tuist-derived/GoogleAdsOnDeviceConversion/GoogleAdsOnDeviceConversion.xcodeproj">
            </BuildableReference>
         </BuildActionEntry>
         <BuildActionEntry
            buildForTesting = "YES"
            buildForRunning = "YES"
            buildForProfiling = "YES"
            buildForArchiving = "YES"
            buildForAnalyzing = "YES">
            <BuildableReference
               BuildableIdentifier = "primary"
               BlueprintIdentifier = "4160F70E94342FB432F5ABF1"
               BuildableName = "GoogleAppMeasurementTarget.framework"
               BlueprintName = "GoogleAppMeasurementTarget"
               ReferencedContainer = "container:Tuist/.build/tuist-derived/GoogleAppMeasurement/GoogleAppMeasurement.xcodeproj">
            </BuildableReference>
         </BuildActionEntry>
         <BuildActionEntry
            buildForTesting = "YES"
            buildForRunning = "YES"
            buildForProfiling = "YES"
            buildForArchiving = "YES"
            buildForAnalyzing = "YES">
            <BuildableReference
               BuildableIdentifier = "primary"
               BlueprintIdentifier = "08D12528663D0C8DD1A99BCB"
               BuildableName = "GoogleDataTransport.framework"
               BlueprintName = "GoogleDataTransport"
               ReferencedContainer = "container:Tuist/.build/tuist-derived/GoogleDataTransport/GoogleDataTransport.xcodeproj">
            </BuildableReference>
         </BuildActionEntry>
         <BuildActionEntry
            buildForTesting = "YES"
            buildForRunning = "YES"
            buildForProfiling = "YES"
            buildForArchiving = "YES"
            buildForAnalyzing = "YES">
            <BuildableReference
               BuildableIdentifier = "primary"
               BlueprintIdentifier = "3ED94F9FE92CD30586A12982"
               BuildableName = "GoogleUtilities_AppDelegateSwizzler.framework"
               BlueprintName = "GoogleUtilities-AppDelegateSwizzler"
               ReferencedContainer = "container:Tuist/.build/tuist-derived/GoogleUtilities/GoogleUtilities.xcodeproj">
            </BuildableReference>
         </BuildActionEntry>
         <BuildActionEntry
            buildForTesting = "YES"
            buildForRunning = "YES"
            buildForProfiling = "YES"
            buildForArchiving = "YES"
            buildForAnalyzing = "YES">
            <BuildableReference
               BuildableIdentifier = "primary"
               BlueprintIdentifier = "F20F5A508D0D18A6998274ED"
               BuildableName = "GoogleUtilities_Environment.framework"
               BlueprintName = "GoogleUtilities-Environment"
               ReferencedContainer = "container:Tuist/.build/tuist-derived/GoogleUtilities/GoogleUtilities.xcodeproj">
            </BuildableReference>
         </BuildActionEntry>
         <BuildActionEntry
            buildForTesting = "YES"
            buildForRunning = "YES"
            buildForProfiling = "YES"
            buildForArchiving = "YES"
            buildForAnalyzing = "YES">
            <BuildableReference
               BuildableIdentifier = "primary"
               BlueprintIdentifier = "B8F4309DA609689A1E4C324E"
               BuildableName = "GoogleUtilities_Logger.framework"
               BlueprintName = "GoogleUtilities-Logger"
               ReferencedContainer = "container:Tuist/.build/tuist-derived/GoogleUtilities/GoogleUtilities.xcodeproj">
            </BuildableReference>
         </BuildActionEntry>
         <BuildActionEntry
            buildForTesting = "YES"
            buildForRunning = "YES"
            buildForProfiling = "YES"
            buildForArchiving = "YES"
            buildForAnalyzing = "YES">
            <BuildableReference
               BuildableIdentifier = "primary"
               BlueprintIdentifier = "9DC22EA5CA5C87CE1DB612A3"
               BuildableName = "GoogleUtilities_MethodSwizzler.framework"
               BlueprintName = "GoogleUtilities-MethodSwizzler"
               ReferencedContainer = "container:Tuist/.build/tuist-derived/GoogleUtilities/GoogleUtilities.xcodeproj">
            </BuildableReference>
         </BuildActionEntry>
         <BuildActionEntry
            buildForTesting = "YES"
            buildForRunning = "YES"
            buildForProfiling = "YES"
            buildForArchiving = "YES"
            buildForAnalyzing = "YES">
            <BuildableReference
               BuildableIdentifier = "primary"
               BlueprintIdentifier = "82D64D19A26B0837A33FDFA0"
               BuildableName = "GoogleUtilities_NSData.framework"
               BlueprintName = "GoogleUtilities-NSData"
               ReferencedContainer = "container:Tuist/.build/tuist-derived/GoogleUtilities/GoogleUtilities.xcodeproj">
            </BuildableReference>
         </BuildActionEntry>
         <BuildActionEntry
            buildForTesting = "YES"
            buildForRunning = "YES"
            buildForProfiling = "YES"
            buildForArchiving = "YES"
            buildForAnalyzing = "YES">
            <BuildableReference
               BuildableIdentifier = "primary"
               BlueprintIdentifier = "028985CE3AF9A6EEBA19BF6E"
               BuildableName = "GoogleUtilities_Network.framework"
               BlueprintName = "GoogleUtilities-Network"
               ReferencedContainer = "container:Tuist/.build/tuist-derived/GoogleUtilities/GoogleUtilities.xcodeproj">
            </BuildableReference>
         </BuildActionEntry>
         <BuildActionEntry
            buildForTesting = "YES"
            buildForRunning = "YES"
            buildForProfiling = "YES"
            buildForArchiving = "YES"
            buildForAnalyzing = "YES">
            <BuildableReference
               BuildableIdentifier = "primary"
               BlueprintIdentifier = "40FFBEDB2AEFA0C9C7228480"
               BuildableName = "GoogleUtilities_Reachability.framework"
               BlueprintName = "GoogleUtilities-Reachability"
               ReferencedContainer = "container:Tuist/.build/tuist-derived/GoogleUtilities/GoogleUtilities.xcodeproj">
            </BuildableReference>
         </BuildActionEntry>
         <BuildActionEntry
            buildForTesting = "YES"
            buildForRunning = "YES"
            buildForProfiling = "YES"
            buildForArchiving = "YES"
            buildForAnalyzing = "YES">
            <BuildableReference
               BuildableIdentifier = "primary"
               BlueprintIdentifier = "3EEFCF626C2BCF3F7E6BCF80"
               BuildableName = "GoogleUtilities_UserDefaults.framework"
               BlueprintName = "GoogleUtilities-UserDefaults"
               ReferencedContainer = "container:Tuist/.build/tuist-derived/GoogleUtilities/GoogleUtilities.xcodeproj">
            </BuildableReference>
         </BuildActionEntry>
         <BuildActionEntry
            buildForTesting = "YES"
            buildForRunning = "YES"
            buildForProfiling = "YES"
            buildForArchiving = "YES"
            buildForAnalyzing = "YES">
            <BuildableReference
               BuildableIdentifier = "primary"
               BlueprintIdentifier = "52E844066D197E3B81FA748F"
               BuildableName = "Home.framework"
               BlueprintName = "Home"
               ReferencedContainer = "container:Modules/Features/Home/Home.xcodeproj">
            </BuildableReference>
         </BuildActionEntry>
         <BuildActionEntry
            buildForTesting = "YES"
            buildForRunning = "YES"
            buildForProfiling = "YES"
            buildForArchiving = "YES"
            buildForAnalyzing = "YES">
            <BuildableReference
               BuildableIdentifier = "primary"
               BlueprintIdentifier = "93D821B8DF0CC5DB22B4D8BC"
               BuildableName = "HomeData.framework"
               BlueprintName = "HomeData"
               ReferencedContainer = "container:Modules/Features/Home/Home.xcodeproj">
            </BuildableReference>
         </BuildActionEntry>
         <BuildActionEntry
            buildForTesting = "YES"
            buildForRunning = "YES"
            buildForProfiling = "YES"
            buildForArchiving = "YES"
            buildForAnalyzing = "YES">
            <BuildableReference
               BuildableIdentifier = "primary"
               BlueprintIdentifier = "099FA16C903E31B85297D56A"
               BuildableName = "HomeDomain.framework"
               BlueprintName = "HomeDomain"
               ReferencedContainer = "container:Modules/Features/Home/Home.xcodeproj">
            </BuildableReference>
         </BuildActionEntry>
         <BuildActionEntry
            buildForTesting = "YES"
            buildForRunning = "YES"
            buildForProfiling = "YES"
            buildForArchiving = "YES"
            buildForAnalyzing = "YES">
            <BuildableReference
               BuildableIdentifier = "primary"
               BlueprintIdentifier = "A9EED54876D44D485F1EEB8D"
               BuildableName = "HomeInterface.framework"
               BlueprintName = "HomeInterface"
               ReferencedContainer = "container:Modules/Features/Home/Home.xcodeproj">
            </BuildableReference>
         </BuildActionEntry>
         <BuildActionEntry
            buildForTesting = "YES"
            buildForRunning = "YES"
            buildForProfiling = "YES"
            buildForArchiving = "YES"
            buildForAnalyzing = "YES">
            <BuildableReference
               BuildableIdentifier = "primary"
               BlueprintIdentifier = "AF31213DA71B06E9B09EA3F0"
               BuildableName = "HomeTests.xctest"
               BlueprintName = "HomeTests"
               ReferencedContainer = "container:Modules/Features/Home/Home.xcodeproj">
            </BuildableReference>
         </BuildActionEntry>
         <BuildActionEntry
            buildForTesting = "YES"
            buildForRunning = "YES"
            buildForProfiling = "YES"
            buildForArchiving = "YES"
            buildForAnalyzing = "YES">
            <BuildableReference
               BuildableIdentifier = "primary"
               BlueprintIdentifier = "B3B395FD6136F57D630138BD"
               BuildableName = "Kingfisher.framework"
               BlueprintName = "Kingfisher"
               ReferencedContainer = "container:Tuist/.build/tuist-derived/Kingfisher/Kingfisher.xcodeproj">
            </BuildableReference>
         </BuildActionEntry>
         <BuildActionEntry
            buildForTesting = "YES"
            buildForRunning = "YES"
            buildForProfiling = "YES"
            buildForArchiving = "YES"
            buildForAnalyzing = "YES">
            <BuildableReference
               BuildableIdentifier = "primary"
               BlueprintIdentifier = "74131FA0A8CF20351DC20C20"
               BuildableName = "Launch.framework"
               BlueprintName = "Launch"
               ReferencedContainer = "container:Modules/Features/Launch/Launch.xcodeproj">
            </BuildableReference>
         </BuildActionEntry>
         <BuildActionEntry
            buildForTesting = "YES"
            buildForRunning = "YES"
            buildForProfiling = "YES"
            buildForArchiving = "YES"
            buildForAnalyzing = "YES">
            <BuildableReference
               BuildableIdentifier = "primary"
               BlueprintIdentifier = "97FCB05A057ADEF3610B54C2"
               BuildableName = "LaunchInterface.framework"
               BlueprintName = "LaunchInterface"
               ReferencedContainer = "container:Modules/Features/Launch/Launch.xcodeproj">
            </BuildableReference>
         </BuildActionEntry>
         <BuildActionEntry
            buildForTesting = "YES"
            buildForRunning = "YES"
            buildForProfiling = "YES"
            buildForArchiving = "YES"
            buildForAnalyzing = "YES">
            <BuildableReference
               BuildableIdentifier = "primary"
               BlueprintIdentifier = "A5B58474C7423FAD1222B902"
               BuildableName = "LaunchTests.xctest"
               BlueprintName = "LaunchTests"
               ReferencedContainer = "container:Modules/Features/Launch/Launch.xcodeproj">
            </BuildableReference>
         </BuildActionEntry>
         <BuildActionEntry
            buildForTesting = "YES"
            buildForRunning = "YES"
            buildForProfiling = "YES"
            buildForArchiving = "YES"
            buildForAnalyzing = "YES">
            <BuildableReference
               BuildableIdentifier = "primary"
               BlueprintIdentifier = "A4DFF0D3EE507E4032CBEC48"
               BuildableName = "Moya.framework"
               BlueprintName = "Moya"
               ReferencedContainer = "container:Tuist/.build/tuist-derived/Moya/Moya.xcodeproj">
            </BuildableReference>
         </BuildActionEntry>
         <BuildActionEntry
            buildForTesting = "YES"
            buildForRunning = "YES"
            buildForProfiling = "YES"
            buildForArchiving = "YES"
            buildForAnalyzing = "YES">
            <BuildableReference
               BuildableIdentifier = "primary"
               BlueprintIdentifier = "417BA61376E98ECD6ED70C2A"
               BuildableName = "Mypage.framework"
               BlueprintName = "Mypage"
               ReferencedContainer = "container:Modules/Features/MyPage/Mypage.xcodeproj">
            </BuildableReference>
         </BuildActionEntry>
         <BuildActionEntry
            buildForTesting = "YES"
            buildForRunning = "YES"
            buildForProfiling = "YES"
            buildForArchiving = "YES"
            buildForAnalyzing = "YES">
            <BuildableReference
               BuildableIdentifier = "primary"
               BlueprintIdentifier = "B13502E98A1A8660241ACD2A"
               BuildableName = "MypageData.framework"
               BlueprintName = "MypageData"
               ReferencedContainer = "container:Modules/Features/MyPage/Mypage.xcodeproj">
            </BuildableReference>
         </BuildActionEntry>
         <BuildActionEntry
            buildForTesting = "YES"
            buildForRunning = "YES"
            buildForProfiling = "YES"
            buildForArchiving = "YES"
            buildForAnalyzing = "YES">
            <BuildableReference
               BuildableIdentifier = "primary"
               BlueprintIdentifier = "516C1B329C5A67B8EE142488"
               BuildableName = "MypageDomain.framework"
               BlueprintName = "MypageDomain"
               ReferencedContainer = "container:Modules/Features/MyPage/Mypage.xcodeproj">
            </BuildableReference>
         </BuildActionEntry>
         <BuildActionEntry
            buildForTesting = "YES"
            buildForRunning = "YES"
            buildForProfiling = "YES"
            buildForArchiving = "YES"
            buildForAnalyzing = "YES">
            <BuildableReference
               BuildableIdentifier = "primary"
               BlueprintIdentifier = "8AF4554538C6F28E16CDD379"
               BuildableName = "MypageInterface.framework"
               BlueprintName = "MypageInterface"
               ReferencedContainer = "container:Modules/Features/MyPage/Mypage.xcodeproj">
            </BuildableReference>
         </BuildActionEntry>
         <BuildActionEntry
            buildForTesting = "YES"
            buildForRunning = "YES"
            buildForProfiling = "YES"
            buildForArchiving = "YES"
            buildForAnalyzing = "YES">
            <BuildableReference
               BuildableIdentifier = "primary"
               BlueprintIdentifier = "824937338F8C5DC9D6F4B702"
               BuildableName = "PopupView.framework"
               BlueprintName = "PopupView"
               ReferencedContainer = "container:Tuist/.build/tuist-derived/PopupView/PopupView.xcodeproj">
            </BuildableReference>
         </BuildActionEntry>
         <BuildActionEntry
            buildForTesting = "YES"
            buildForRunning = "YES"
            buildForProfiling = "YES"
            buildForArchiving = "YES"
            buildForAnalyzing = "YES">
            <BuildableReference
               BuildableIdentifier = "primary"
               BlueprintIdentifier = "0D72757D681B0299654010FC"
               BuildableName = "Promises.framework"
               BlueprintName = "Promises"
               ReferencedContainer = "container:Tuist/.build/tuist-derived/Promises/Promises.xcodeproj">
            </BuildableReference>
         </BuildActionEntry>
         <BuildActionEntry
            buildForTesting = "YES"
            buildForRunning = "YES"
            buildForProfiling = "YES"
            buildForArchiving = "YES"
            buildForAnalyzing = "YES">
            <BuildableReference
               BuildableIdentifier = "primary"
               BlueprintIdentifier = "C8340F58B0B1AD7EA1B1F833"
               BuildableName = "Search.framework"
               BlueprintName = "Search"
               ReferencedContainer = "container:Modules/Features/Search/Search.xcodeproj">
            </BuildableReference>
         </BuildActionEntry>
         <BuildActionEntry
            buildForTesting = "YES"
            buildForRunning = "YES"
            buildForProfiling = "YES"
            buildForArchiving = "YES"
            buildForAnalyzing = "YES">
            <BuildableReference
               BuildableIdentifier = "primary"
               BlueprintIdentifier = "A2EA2D9BB19451ABF800F252"
               BuildableName = "SearchData.framework"
               BlueprintName = "SearchData"
               ReferencedContainer = "container:Modules/Features/Search/Search.xcodeproj">
            </BuildableReference>
         </BuildActionEntry>
         <BuildActionEntry
            buildForTesting = "YES"
            buildForRunning = "YES"
            buildForProfiling = "YES"
            buildForArchiving = "YES"
            buildForAnalyzing = "YES">
            <BuildableReference
               BuildableIdentifier = "primary"
               BlueprintIdentifier = "26FFBA832191496DD58DB176"
               BuildableName = "SearchDomain.framework"
               BlueprintName = "SearchDomain"
               ReferencedContainer = "container:Modules/Features/Search/Search.xcodeproj">
            </BuildableReference>
         </BuildActionEntry>
         <BuildActionEntry
            buildForTesting = "YES"
            buildForRunning = "YES"
            buildForProfiling = "YES"
            buildForArchiving = "YES"
            buildForAnalyzing = "YES">
            <BuildableReference
               BuildableIdentifier = "primary"
               BlueprintIdentifier = "D41DC0BE09F22AC4DBD3A7A5"
               BuildableName = "SearchInterface.framework"
               BlueprintName = "SearchInterface"
               ReferencedContainer = "container:Modules/Features/Search/Search.xcodeproj">
            </BuildableReference>
         </BuildActionEntry>
         <BuildActionEntry
            buildForTesting = "YES"
            buildForRunning = "YES"
            buildForProfiling = "YES"
            buildForArchiving = "YES"
            buildForAnalyzing = "YES">
            <BuildableReference
               BuildableIdentifier = "primary"
               BlueprintIdentifier = "3F5E725EB25BB5E4543E24FA"
               BuildableName = "Shared.framework"
               BlueprintName = "Shared"
               ReferencedContainer = "container:Modules/Shared/Shared.xcodeproj">
            </BuildableReference>
         </BuildActionEntry>
         <BuildActionEntry
            buildForTesting = "YES"
            buildForRunning = "YES"
            buildForProfiling = "YES"
            buildForArchiving = "YES"
            buildForAnalyzing = "YES">
            <BuildableReference
               BuildableIdentifier = "primary"
               BlueprintIdentifier = "AB64776038A7A7B975B07604"
               BuildableName = "Subscribe.framework"
               BlueprintName = "Subscribe"
               ReferencedContainer = "container:Modules/Features/Subscribe/Subscribe.xcodeproj">
            </BuildableReference>
         </BuildActionEntry>
         <BuildActionEntry
            buildForTesting = "YES"
            buildForRunning = "YES"
            buildForProfiling = "YES"
            buildForArchiving = "YES"
            buildForAnalyzing = "YES">
            <BuildableReference
               BuildableIdentifier = "primary"
               BlueprintIdentifier = "4B600EF0C9C9D9B448755700"
               BuildableName = "SubscribeData.framework"
               BlueprintName = "SubscribeData"
               ReferencedContainer = "container:Modules/Features/Subscribe/Subscribe.xcodeproj">
            </BuildableReference>
         </BuildActionEntry>
         <BuildActionEntry
            buildForTesting = "YES"
            buildForRunning = "YES"
            buildForProfiling = "YES"
            buildForArchiving = "YES"
            buildForAnalyzing = "YES">
            <BuildableReference
               BuildableIdentifier = "primary"
               BlueprintIdentifier = "3251148EFED43DA17994B35E"
               BuildableName = "SubscribeDomain.framework"
               BlueprintName = "SubscribeDomain"
               ReferencedContainer = "container:Modules/Features/Subscribe/Subscribe.xcodeproj">
            </BuildableReference>
         </BuildActionEntry>
         <BuildActionEntry
            buildForTesting = "YES"
            buildForRunning = "YES"
            buildForProfiling = "YES"
            buildForArchiving = "YES"
            buildForAnalyzing = "YES">
            <BuildableReference
               BuildableIdentifier = "primary"
               BlueprintIdentifier = "9210C9D863AE640CB72D85DF"
               BuildableName = "SubscribeInterface.framework"
               BlueprintName = "SubscribeInterface"
               ReferencedContainer = "container:Modules/Features/Subscribe/Subscribe.xcodeproj">
            </BuildableReference>
         </BuildActionEntry>
         <BuildActionEntry
            buildForTesting = "YES"
            buildForRunning = "YES"
            buildForProfiling = "YES"
            buildForArchiving = "YES"
            buildForAnalyzing = "YES">
            <BuildableReference
               BuildableIdentifier = "primary"
               BlueprintIdentifier = "3AC192947DB2FAD63AFCCAEB"
               BuildableName = "Survey.framework"
               BlueprintName = "Survey"
               ReferencedContainer = "container:Modules/Features/Survey/Survey.xcodeproj">
            </BuildableReference>
         </BuildActionEntry>
         <BuildActionEntry
            buildForTesting = "YES"
            buildForRunning = "YES"
            buildForProfiling = "YES"
            buildForArchiving = "YES"
            buildForAnalyzing = "YES">
            <BuildableReference
               BuildableIdentifier = "primary"
               BlueprintIdentifier = "0DC8F1540991EF674B7401A8"
               BuildableName = "SurveyTests.xctest"
               BlueprintName = "SurveyTests"
               ReferencedContainer = "container:Modules/Features/Survey/Survey.xcodeproj">
            </BuildableReference>
         </BuildActionEntry>
         <BuildActionEntry
            buildForTesting = "YES"
            buildForRunning = "YES"
            buildForProfiling = "YES"
            buildForArchiving = "YES"
            buildForAnalyzing = "YES">
            <BuildableReference
               BuildableIdentifier = "primary"
               BlueprintIdentifier = "C0B66C9F607B0D0E419B8581"
               BuildableName = "SwiftUIIntrospect.framework"
               BlueprintName = "SwiftUIIntrospect"
               ReferencedContainer = "container:Tuist/.build/tuist-derived/swiftui-introspect/swiftui-introspect.xcodeproj">
            </BuildableReference>
         </BuildActionEntry>
         <BuildActionEntry
            buildForTesting = "YES"
            buildForRunning = "YES"
            buildForProfiling = "YES"
            buildForArchiving = "YES"
            buildForAnalyzing = "YES">
            <BuildableReference
               BuildableIdentifier = "primary"
               BlueprintIdentifier = "589345361EDD5EBC786D0C14"
               BuildableName = "Swinject.framework"
               BlueprintName = "Swinject"
               ReferencedContainer = "container:Tuist/.build/tuist-derived/Swinject/Swinject.xcodeproj">
            </BuildableReference>
         </BuildActionEntry>
         <BuildActionEntry
            buildForTesting = "YES"
            buildForRunning = "YES"
            buildForProfiling = "YES"
            buildForArchiving = "YES"
            buildForAnalyzing = "YES">
            <BuildableReference
               BuildableIdentifier = "primary"
               BlueprintIdentifier = "00CCAE173147AFA99AA51F0E"
               BuildableName = "nanopb.framework"
               BlueprintName = "nanopb"
               ReferencedContainer = "container:Tuist/.build/tuist-derived/nanopb/nanopb.xcodeproj">
            </BuildableReference>
         </BuildActionEntry>
         <BuildActionEntry
            buildForTesting = "YES"
            buildForRunning = "YES"
            buildForProfiling = "YES"
            buildForArchiving = "YES"
            buildForAnalyzing = "YES">
            <BuildableReference
               BuildableIdentifier = "primary"
               BlueprintIdentifier = "51D7B8F6AC67856BE18DC303"
               BuildableName = "third_party_IsAppEncrypted.framework"
               BlueprintName = "third-party-IsAppEncrypted"
               ReferencedContainer = "container:Tuist/.build/tuist-derived/GoogleUtilities/GoogleUtilities.xcodeproj">
            </BuildableReference>
         </BuildActionEntry>
      </BuildActionEntries>
   </BuildAction>
   <TestAction
      buildConfiguration = "Debug"
      selectedDebuggerIdentifier = "Xcode.DebuggerFoundation.Debugger.LLDB"
      selectedLauncherIdentifier = "Xcode.DebuggerFoundation.Launcher.LLDB"
      shouldUseLaunchSchemeArgsEnv = "YES">
      <Testables>
         <TestableReference
            skipped = "NO"
            parallelizable = "NO">
            <BuildableReference
               BuildableIdentifier = "primary"
               BlueprintIdentifier = "64266547C98E573BC9E38F40"
               BuildableName = "AuthTests.xctest"
               BlueprintName = "AuthTests"
               ReferencedContainer = "container:Modules/Features/Auth/Auth.xcodeproj">
            </BuildableReference>
         </TestableReference>
         <TestableReference
            skipped = "NO"
            parallelizable = "NO">
            <BuildableReference
               BuildableIdentifier = "primary"
               BlueprintIdentifier = "F69E4FDDBAA3D5291A5F3DE4"
               BuildableName = "BookmarkTests.xctest"
               BlueprintName = "BookmarkTests"
               ReferencedContainer = "container:Modules/Features/Bookmark/Bookmark.xcodeproj">
            </BuildableReference>
         </TestableReference>
         <TestableReference
            skipped = "NO"
            parallelizable = "NO">
            <BuildableReference
               BuildableIdentifier = "primary"
               BlueprintIdentifier = "7440C4034D2CE47D2249A5D8"
               BuildableName = "ExploreTests.xctest"
               BlueprintName = "ExploreTests"
               ReferencedContainer = "container:Modules/Features/Explore/Explore.xcodeproj">
            </BuildableReference>
         </TestableReference>
         <TestableReference
            skipped = "NO"
            parallelizable = "NO">
            <BuildableReference
               BuildableIdentifier = "primary"
               BlueprintIdentifier = "AF31213DA71B06E9B09EA3F0"
               BuildableName = "HomeTests.xctest"
               BlueprintName = "HomeTests"
               ReferencedContainer = "container:Modules/Features/Home/Home.xcodeproj">
            </BuildableReference>
         </TestableReference>
         <TestableReference
            skipped = "NO"
            parallelizable = "NO">
            <BuildableReference
               BuildableIdentifier = "primary"
               BlueprintIdentifier = "A5B58474C7423FAD1222B902"
               BuildableName = "LaunchTests.xctest"
               BlueprintName = "LaunchTests"
               ReferencedContainer = "container:Modules/Features/Launch/Launch.xcodeproj">
            </BuildableReference>
         </TestableReference>
         <TestableReference
            skipped = "NO"
            parallelizable = "NO">
            <BuildableReference
               BuildableIdentifier = "primary"
               BlueprintIdentifier = "0DC8F1540991EF674B7401A8"
               BuildableName = "SurveyTests.xctest"
               BlueprintName = "SurveyTests"
               ReferencedContainer = "container:Modules/Features/Survey/Survey.xcodeproj">
            </BuildableReference>
         </TestableReference>
      </Testables>
   </TestAction>
   <LaunchAction
      buildConfiguration = "Debug"
      selectedDebuggerIdentifier = "Xcode.DebuggerFoundation.Debugger.LLDB"
      selectedLauncherIdentifier = "Xcode.DebuggerFoundation.Launcher.LLDB"
      launchStyle = "0"
      useCustomWorkingDirectory = "NO"
      ignoresPersistentStateOnLaunch = "NO"
      debugDocumentVersioning = "YES"
      debugServiceExtension = "internal"
      allowLocationSimulation = "YES">
      <MacroExpansion>
         <BuildableReference
            BuildableIdentifier = "primary"
            BlueprintIdentifier = "2A717419231F3C0B8A3E0F06"
            BuildableName = "Alamofire.framework"
            BlueprintName = "Alamofire"
            ReferencedContainer = "container:Tuist/.build/tuist-derived/Alamofire/Alamofire.xcodeproj">
         </BuildableReference>
      </MacroExpansion>
   </LaunchAction>
   <ProfileAction
      buildConfiguration = "Release"
      shouldUseLaunchSchemeArgsEnv = "YES"
      savedToolIdentifier = ""
      useCustomWorkingDirectory = "NO"
      debugDocumentVersioning = "YES">
      <MacroExpansion>
         <BuildableReference
            BuildableIdentifier = "primary"
            BlueprintIdentifier = "2A717419231F3C0B8A3E0F06"
            BuildableName = "Alamofire.framework"
            BlueprintName = "Alamofire"
            ReferencedContainer = "container:Tuist/.build/tuist-derived/Alamofire/Alamofire.xcodeproj">
         </BuildableReference>
      </MacroExpansion>
   </ProfileAction>
   <AnalyzeAction
      buildConfiguration = "Debug">
   </AnalyzeAction>
   <ArchiveAction
      buildConfiguration = "Release"
      revealArchiveInOrganizer = "YES">
   </ArchiveAction>
</Scheme>
