// !$*UTF8*$!
{
	archiveVersion = 1;
	classes = {
	};
	objectVersion = 55;
	objects = {

/* Begin PBXBuildFile section */
		015EA02C07E45A4739DE697E /* FetchPopularKeywordsUseCase.swift in Sources */ = {isa = PBXBuildFile; fileRef = 3CCBFAF98AEAA3473A573FDC /* FetchPopularKeywordsUseCase.swift */; };
		023D9AC7244E888BFA91ABEF /* Alamofire.framework in Embed Frameworks */ = {isa = PBXBuildFile; fileRef = 689C0AA30BC17A2D6BA3F9CB /* Alamofire.framework */; settings = {ATTRIBUTES = (CodeSignOnCopy, RemoveHeadersOnCopy, ); }; };
		099AA2BC3A9B9B32EEF2B4A8 /* SearchInterface.swift in Sources */ = {isa = PBXBuildFile; fileRef = 8E111FAC845F96C56366564E /* SearchInterface.swift */; };
		0C1B9A4814809B68A971AE15 /* Moya.framework in Frameworks */ = {isa = PBXBuildFile; fileRef = 6935497B8DBBBC4FEF7F371B /* Moya.framework */; };
		0CA24716D9F70C942AD25477 /* NewsLetterEmptyView.swift in Sources */ = {isa = PBXBuildFile; fileRef = 30E42EF45439133ED9D52822 /* NewsLetterEmptyView.swift */; };
		0E0A4D48C99E7A93E70E474E /* DesignSystem.framework in Frameworks */ = {isa = PBXBuildFile; fileRef = 26CD22AD121507433FA773EF /* DesignSystem.framework */; };
		0E712C54A763DFE104778194 /* PopupView.framework in Frameworks */ = {isa = PBXBuildFile; fileRef = 1F073E43BB17A8E85C5AA8A0 /* PopupView.framework */; };
		116732CA8DBD20E4F962E9A3 /* SearchExampleApp.swift in Sources */ = {isa = PBXBuildFile; fileRef = 502AA82AD7833704FDFEB017 /* SearchExampleApp.swift */; };
		1271CDB7D8844031DEF36734 /* Kingfisher.framework in Frameworks */ = {isa = PBXBuildFile; fileRef = 469D051C099D125ABFA94EBD /* Kingfisher.framework */; };
		173A85E1C268A9F006ECC2E1 /* SearchDomain.framework in Frameworks */ = {isa = PBXBuildFile; fileRef = 138503897C437D2E43301F23 /* SearchDomain.framework */; };
		179AC17959F96E3E768745C1 /* SearchRepository.swift in Sources */ = {isa = PBXBuildFile; fileRef = E900393A67BB690260D73D48 /* SearchRepository.swift */; };
		183D67F21E0EADB3E9180FE0 /* SearchDomain.framework in Dependencies */ = {isa = PBXBuildFile; fileRef = 138503897C437D2E43301F23 /* SearchDomain.framework */; };
		1BAF6D90BE5749101E700080 /* PopupView.framework in Embed Frameworks */ = {isa = PBXBuildFile; fileRef = 1F073E43BB17A8E85C5AA8A0 /* PopupView.framework */; settings = {ATTRIBUTES = (CodeSignOnCopy, RemoveHeadersOnCopy, ); }; };
		1C52231AD0F31D01F81FF2EB /* Kingfisher.framework in Embed Frameworks */ = {isa = PBXBuildFile; fileRef = 469D051C099D125ABFA94EBD /* Kingfisher.framework */; settings = {ATTRIBUTES = (CodeSignOnCopy, RemoveHeadersOnCopy, ); }; };
		20D4BCFA115ABCEB63772C1A /* SearchDomain.framework in Frameworks */ = {isa = PBXBuildFile; fileRef = 138503897C437D2E43301F23 /* SearchDomain.framework */; };
		28E36A746E3E061EF9D29291 /* MockSearchNewslettersUseCase.swift in Sources */ = {isa = PBXBuildFile; fileRef = D6C9E8ECB6B925827AD7015D /* MockSearchNewslettersUseCase.swift */; };
		28F1B041132346BE086F1A13 /* SearchNetworkFactory.swift in Sources */ = {isa = PBXBuildFile; fileRef = BAB874FE7B1BEFB1FFF15474 /* SearchNetworkFactory.swift */; };
		2C0B7FFC91ABE89401F525AD /* MockFetchPopularKeywordsUseCase.swift in Sources */ = {isa = PBXBuildFile; fileRef = CD06DB1B6FB5A4F669B5F023 /* MockFetchPopularKeywordsUseCase.swift */; };
		2E50C5AF6A3FC0BDC11908E4 /* NoArticleView.swift in Sources */ = {isa = PBXBuildFile; fileRef = 9A1C453C66B2CD564B97D5DA /* NoArticleView.swift */; };
		364E557C5349E74BA1C9B383 /* Core.framework in Frameworks */ = {isa = PBXBuildFile; fileRef = 382AEFFC63FBC3CADB8C4886 /* Core.framework */; };
		3808DDFAFF30FAB52B19E229 /* Shared.framework in Dependencies */ = {isa = PBXBuildFile; fileRef = 125BD6F6F900FE0F16E9AFC8 /* Shared.framework */; };
		413E3265B6666248C89E2464 /* SearchedNewsletterDTO.swift in Sources */ = {isa = PBXBuildFile; fileRef = 5DD66C7F3ECD7E20BC58F449 /* SearchedNewsletterDTO.swift */; };
		495766BA2FA2D9B062332AFD /* SearchedNewsletter.swift in Sources */ = {isa = PBXBuildFile; fileRef = 29151EC654CBDC98F89C56D3 /* SearchedNewsletter.swift */; };
		4E8760D7F7E6A004FA3AAA06 /* SearchMain.swift in Sources */ = {isa = PBXBuildFile; fileRef = D7814D8BA01A03012E40C5B3 /* SearchMain.swift */; };
		4EF44496ECB05C8E29BD3E70 /* SearchNewslettersUseCase.swift in Sources */ = {isa = PBXBuildFile; fileRef = 2D466383C24C28E9ED01A076 /* SearchNewslettersUseCase.swift */; };
		6DAE677C5B47001C1B9D09AD /* SearchNewsletterRow.swift in Sources */ = {isa = PBXBuildFile; fileRef = 1069F9F5D96811C34A580412 /* SearchNewsletterRow.swift */; };
		6EC3658701C5DDB5B88F65AA /* Shared.framework in Frameworks */ = {isa = PBXBuildFile; fileRef = 125BD6F6F900FE0F16E9AFC8 /* Shared.framework */; };
		7E0A78327C137B933BDCF6D4 /* SearchTests.swift in Sources */ = {isa = PBXBuildFile; fileRef = 8D97017FB6FE85C21EEC1D8B /* SearchTests.swift */; };
		8181B085CE18A6CEE3A66505 /* SearchedNewsletter+Sample.swift in Sources */ = {isa = PBXBuildFile; fileRef = 30F1434D944C3A3F69A716BC /* SearchedNewsletter+Sample.swift */; };
		81F68122D4E48D1D4D023370 /* DesignSystem.framework in Embed Frameworks */ = {isa = PBXBuildFile; fileRef = 26CD22AD121507433FA773EF /* DesignSystem.framework */; settings = {ATTRIBUTES = (CodeSignOnCopy, RemoveHeadersOnCopy, ); }; };
		85D3904421F267B473EED884 /* SearchData.framework in Dependencies */ = {isa = PBXBuildFile; fileRef = 701D52A197B8E7BDBA756946 /* SearchData.framework */; };
		88D874BEEA4169CD598264B3 /* SearchBuilder.swift in Sources */ = {isa = PBXBuildFile; fileRef = 0547A521CAE2E81914EFEFDC /* SearchBuilder.swift */; };
		8FA62137E910E82D5F13D1DD /* Moya.framework in Frameworks */ = {isa = PBXBuildFile; fileRef = 6935497B8DBBBC4FEF7F371B /* Moya.framework */; };
		8FD1A10CBD16030CA54E0E40 /* Kingfisher.framework in Frameworks */ = {isa = PBXBuildFile; fileRef = 469D051C099D125ABFA94EBD /* Kingfisher.framework */; };
		92B199229BC659A599B0B054 /* SearchInterface.framework in Dependencies */ = {isa = PBXBuildFile; fileRef = D355E681C0F08758849D9345 /* SearchInterface.framework */; };
		93CFB175583BCC8DBEBE90CB /* SearchData.framework in Frameworks */ = {isa = PBXBuildFile; fileRef = 701D52A197B8E7BDBA756946 /* SearchData.framework */; };
		9B30F210F68970DF5127C523 /* SearchDomain.framework in Dependencies */ = {isa = PBXBuildFile; fileRef = 138503897C437D2E43301F23 /* SearchDomain.framework */; };
		9C6B538CFDB456B982AF0C03 /* SearchResultView.swift in Sources */ = {isa = PBXBuildFile; fileRef = CE3554F15AA861A6B98D0BC1 /* SearchResultView.swift */; };
		9EC2625822DA13904C8A29EB /* SearchTesting.framework in Frameworks */ = {isa = PBXBuildFile; fileRef = 838EBFAB897D38EC2B391886 /* SearchTesting.framework */; };
		9FB2495E093C488736BCD44C /* Core.framework in Frameworks */ = {isa = PBXBuildFile; fileRef = 382AEFFC63FBC3CADB8C4886 /* Core.framework */; };
		A50C552EDFCBB1624A39C46F /* Core.framework in Dependencies */ = {isa = PBXBuildFile; fileRef = 382AEFFC63FBC3CADB8C4886 /* Core.framework */; };
		A829B59B25970B6991E2848B /* FetchPopularKeywordsUseCaseImpl.swift in Sources */ = {isa = PBXBuildFile; fileRef = 473B77528DB0E33CEF09E0D4 /* FetchPopularKeywordsUseCaseImpl.swift */; };
		AC04590E07695AE7A806FAD9 /* Search.framework in Frameworks */ = {isa = PBXBuildFile; fileRef = DCEA3ABCBA70F49C90FFC61F /* Search.framework */; };
		AF288D379585E1C1DFE44FA2 /* SearchInterface.framework in Dependencies */ = {isa = PBXBuildFile; fileRef = D355E681C0F08758849D9345 /* SearchInterface.framework */; };
		B8DD111AE35E4AB671E37148 /* SearchData.framework in Frameworks */ = {isa = PBXBuildFile; fileRef = 701D52A197B8E7BDBA756946 /* SearchData.framework */; };
		BC799AAB44F46FD582E0D5A7 /* Moya.framework in Frameworks */ = {isa = PBXBuildFile; fileRef = 6935497B8DBBBC4FEF7F371B /* Moya.framework */; };
		BCAF631F1C75CF5A7A10DFE5 /* SearchInterface.framework in Frameworks */ = {isa = PBXBuildFile; fileRef = D355E681C0F08758849D9345 /* SearchInterface.framework */; };
		BDF8F06F614DA063FD879931 /* SearchNewslettersUseCaseImpl.swift in Sources */ = {isa = PBXBuildFile; fileRef = 254AA18B483064967137DDC4 /* SearchNewslettersUseCaseImpl.swift */; };
		BF44906891A735B74185071C /* PopularKeywordDTO.swift in Sources */ = {isa = PBXBuildFile; fileRef = 9AEAA516F8E566FF78FD382B /* PopularKeywordDTO.swift */; };
		C2D1B345876D05C96E498AD9 /* SearchTesting.framework in Frameworks */ = {isa = PBXBuildFile; fileRef = 838EBFAB897D38EC2B391886 /* SearchTesting.framework */; };
		CB176EEB1B83EF220AE01544 /* SearchRepositoryImpl.swift in Sources */ = {isa = PBXBuildFile; fileRef = 4CAC92F658154DD34F5330B9 /* SearchRepositoryImpl.swift */; };
		CBE2E26CBE8FAE616C8A7223 /* SearchDomain.framework in Dependencies */ = {isa = PBXBuildFile; fileRef = 138503897C437D2E43301F23 /* SearchDomain.framework */; };
		CDB2896D69AF6E8F45D49F86 /* Moya.framework in Embed Frameworks */ = {isa = PBXBuildFile; fileRef = 6935497B8DBBBC4FEF7F371B /* Moya.framework */; settings = {ATTRIBUTES = (CodeSignOnCopy, RemoveHeadersOnCopy, ); }; };
		CEAA9FCA98F56C5C184D94B9 /* SearchAPI.swift in Sources */ = {isa = PBXBuildFile; fileRef = E53596DC37AD0977FC3430D7 /* SearchAPI.swift */; };
		CF13A44481A05EECF4CDCA4F /* Core.framework in Dependencies */ = {isa = PBXBuildFile; fileRef = 382AEFFC63FBC3CADB8C4886 /* Core.framework */; };
		DD6795FF69CD93B520886A1B /* PopularKeyword.swift in Sources */ = {isa = PBXBuildFile; fileRef = B3A2671DE7FC229A2D15ADA9 /* PopularKeyword.swift */; };
		E82F1E7DED63736512032F7F /* Search.framework in Frameworks */ = {isa = PBXBuildFile; fileRef = DCEA3ABCBA70F49C90FFC61F /* Search.framework */; };
		E84A8941B3D509469761BF7F /* PopupView.framework in Frameworks */ = {isa = PBXBuildFile; fileRef = 1F073E43BB17A8E85C5AA8A0 /* PopupView.framework */; };
		EC0DE49ED53C716E1554A609 /* SearchView.swift in Sources */ = {isa = PBXBuildFile; fileRef = 47BBAD42EB12AACAC02F1E63 /* SearchView.swift */; };
		F7A5889A58EEC388434CCCB3 /* DesignSystem.framework in Frameworks */ = {isa = PBXBuildFile; fileRef = 26CD22AD121507433FA773EF /* DesignSystem.framework */; };
		F87AF19EBB604A1197E6B440 /* Shared.framework in Frameworks */ = {isa = PBXBuildFile; fileRef = 125BD6F6F900FE0F16E9AFC8 /* Shared.framework */; };
		F9E0049177AC2A640098B3A7 /* SearchInterface.framework in Frameworks */ = {isa = PBXBuildFile; fileRef = D355E681C0F08758849D9345 /* SearchInterface.framework */; };
		FCAE4D5E0C78C551D60B1157 /* DesignSystem.framework in Dependencies */ = {isa = PBXBuildFile; fileRef = 26CD22AD121507433FA773EF /* DesignSystem.framework */; };
		FE71144B1C50E1D95991A604 /* SearchViewModel.swift in Sources */ = {isa = PBXBuildFile; fileRef = 6D2ACA18D21B051155077DA3 /* SearchViewModel.swift */; };
/* End PBXBuildFile section */

/* Begin PBXContainerItemProxy section */
		1EEE6ADC761F6FE0DBEEBE9C /* PBXContainerItemProxy */ = {
			isa = PBXContainerItemProxy;
			containerPortal = 5A5799AE384BBD104247C169 /* Project object */;
			proxyType = 1;
			remoteGlobalIDString = C8340F58B0B1AD7EA1B1F833;
			remoteInfo = Search;
		};
		2A974DFABC58EE3BFB935771 /* PBXContainerItemProxy */ = {
			isa = PBXContainerItemProxy;
			containerPortal = 5A5799AE384BBD104247C169 /* Project object */;
			proxyType = 1;
			remoteGlobalIDString = 31ED15E7542DF88C68D74C23;
			remoteInfo = SearchTesting;
		};
		39A146418653F9CB1A853868 /* PBXContainerItemProxy */ = {
			isa = PBXContainerItemProxy;
			containerPortal = 5A5799AE384BBD104247C169 /* Project object */;
			proxyType = 1;
			remoteGlobalIDString = D41DC0BE09F22AC4DBD3A7A5;
			remoteInfo = SearchInterface;
		};
		4D797B88DC2BB735545BC3BB /* PBXContainerItemProxy */ = {
			isa = PBXContainerItemProxy;
			containerPortal = 5A5799AE384BBD104247C169 /* Project object */;
			proxyType = 1;
			remoteGlobalIDString = A2EA2D9BB19451ABF800F252;
			remoteInfo = SearchData;
		};
		5247D04FC748B105F783BC38 /* PBXContainerItemProxy */ = {
			isa = PBXContainerItemProxy;
			containerPortal = 5A5799AE384BBD104247C169 /* Project object */;
			proxyType = 1;
			remoteGlobalIDString = C8340F58B0B1AD7EA1B1F833;
			remoteInfo = Search;
		};
		62A739F24FFCB3B6E669A397 /* PBXContainerItemProxy */ = {
			isa = PBXContainerItemProxy;
			containerPortal = 5A5799AE384BBD104247C169 /* Project object */;
			proxyType = 1;
			remoteGlobalIDString = 26FFBA832191496DD58DB176;
			remoteInfo = SearchDomain;
		};
		96758654DB4384106D89F27A /* PBXContainerItemProxy */ = {
			isa = PBXContainerItemProxy;
			containerPortal = 5A5799AE384BBD104247C169 /* Project object */;
			proxyType = 1;
			remoteGlobalIDString = 26FFBA832191496DD58DB176;
			remoteInfo = SearchDomain;
		};
		9EF7CADFC7BD51C3E18D10C6 /* PBXContainerItemProxy */ = {
			isa = PBXContainerItemProxy;
			containerPortal = 5A5799AE384BBD104247C169 /* Project object */;
			proxyType = 1;
			remoteGlobalIDString = 31ED15E7542DF88C68D74C23;
			remoteInfo = SearchTesting;
		};
		D3097A6E2AA4C096E889E716 /* PBXContainerItemProxy */ = {
			isa = PBXContainerItemProxy;
			containerPortal = 5A5799AE384BBD104247C169 /* Project object */;
			proxyType = 1;
			remoteGlobalIDString = 26FFBA832191496DD58DB176;
			remoteInfo = SearchDomain;
		};
		D63EEF4A14BA451E0A149F57 /* PBXContainerItemProxy */ = {
			isa = PBXContainerItemProxy;
			containerPortal = 5A5799AE384BBD104247C169 /* Project object */;
			proxyType = 1;
			remoteGlobalIDString = D41DC0BE09F22AC4DBD3A7A5;
			remoteInfo = SearchInterface;
		};
		E57B87314070DD3A65029C41 /* PBXContainerItemProxy */ = {
			isa = PBXContainerItemProxy;
			containerPortal = 5A5799AE384BBD104247C169 /* Project object */;
			proxyType = 1;
			remoteGlobalIDString = 26FFBA832191496DD58DB176;
			remoteInfo = SearchDomain;
		};
/* End PBXContainerItemProxy section */

/* Begin PBXCopyFilesBuildPhase section */
		1FDBE93BA4CF4056B2A750B5 /* Embed Frameworks */ = {
			isa = PBXCopyFilesBuildPhase;
			buildActionMask = 2147483647;
			dstPath = "";
			dstSubfolderSpec = 10;
			files = (
			);
			name = "Embed Frameworks";
			runOnlyForDeploymentPostprocessing = 0;
		};
		2920C27DC37C685956BBD389 /* Dependencies */ = {
			isa = PBXCopyFilesBuildPhase;
			buildActionMask = 8;
			dstSubfolderSpec = 16;
			files = (
				A50C552EDFCBB1624A39C46F /* Core.framework in Dependencies */,
				9B30F210F68970DF5127C523 /* SearchDomain.framework in Dependencies */,
			);
			name = Dependencies;
			runOnlyForDeploymentPostprocessing = 1;
		};
		32006D16C41FDFB2FE09C415 /* Embed Frameworks */ = {
			isa = PBXCopyFilesBuildPhase;
			buildActionMask = 2147483647;
			dstPath = "";
			dstSubfolderSpec = 10;
			files = (
				023D9AC7244E888BFA91ABEF /* Alamofire.framework in Embed Frameworks */,
				81F68122D4E48D1D4D023370 /* DesignSystem.framework in Embed Frameworks */,
				1C52231AD0F31D01F81FF2EB /* Kingfisher.framework in Embed Frameworks */,
				CDB2896D69AF6E8F45D49F86 /* Moya.framework in Embed Frameworks */,
				1BAF6D90BE5749101E700080 /* PopupView.framework in Embed Frameworks */,
			);
			name = "Embed Frameworks";
			runOnlyForDeploymentPostprocessing = 0;
		};
		351CBF0210991B0A7E3118B6 /* Dependencies */ = {
			isa = PBXCopyFilesBuildPhase;
			buildActionMask = 8;
			dstSubfolderSpec = 16;
			files = (
				CBE2E26CBE8FAE616C8A7223 /* SearchDomain.framework in Dependencies */,
				92B199229BC659A599B0B054 /* SearchInterface.framework in Dependencies */,
			);
			name = Dependencies;
			runOnlyForDeploymentPostprocessing = 1;
		};
		877F936C57E9C46C94BF2D4D /* Embed Frameworks */ = {
			isa = PBXCopyFilesBuildPhase;
			buildActionMask = 2147483647;
			dstPath = "";
			dstSubfolderSpec = 10;
			files = (
			);
			name = "Embed Frameworks";
			runOnlyForDeploymentPostprocessing = 0;
		};
		9D9977A71E7C7D1C574D5FE5 /* Embed Frameworks */ = {
			isa = PBXCopyFilesBuildPhase;
			buildActionMask = 2147483647;
			dstPath = "";
			dstSubfolderSpec = 10;
			files = (
			);
			name = "Embed Frameworks";
			runOnlyForDeploymentPostprocessing = 0;
		};
		ADFDA8A10722D3497DE73E8D /* Dependencies */ = {
			isa = PBXCopyFilesBuildPhase;
			buildActionMask = 8;
			dstSubfolderSpec = 16;
			files = (
				CF13A44481A05EECF4CDCA4F /* Core.framework in Dependencies */,
				FCAE4D5E0C78C551D60B1157 /* DesignSystem.framework in Dependencies */,
				85D3904421F267B473EED884 /* SearchData.framework in Dependencies */,
				183D67F21E0EADB3E9180FE0 /* SearchDomain.framework in Dependencies */,
				AF288D379585E1C1DFE44FA2 /* SearchInterface.framework in Dependencies */,
				3808DDFAFF30FAB52B19E229 /* Shared.framework in Dependencies */,
			);
			name = Dependencies;
			runOnlyForDeploymentPostprocessing = 1;
		};
		B769F53AFA75F8674F698554 /* Embed Frameworks */ = {
			isa = PBXCopyFilesBuildPhase;
			buildActionMask = 2147483647;
			dstPath = "";
			dstSubfolderSpec = 10;
			files = (
			);
			name = "Embed Frameworks";
			runOnlyForDeploymentPostprocessing = 0;
		};
		DA80EF9D85120AF338B41965 /* Embed Frameworks */ = {
			isa = PBXCopyFilesBuildPhase;
			buildActionMask = 2147483647;
			dstPath = "";
			dstSubfolderSpec = 10;
			files = (
			);
			name = "Embed Frameworks";
			runOnlyForDeploymentPostprocessing = 0;
		};
		E5283052437BD3FF42BF4A72 /* Embed Frameworks */ = {
			isa = PBXCopyFilesBuildPhase;
			buildActionMask = 2147483647;
			dstPath = "";
			dstSubfolderSpec = 10;
			files = (
			);
			name = "Embed Frameworks";
			runOnlyForDeploymentPostprocessing = 0;
		};
/* End PBXCopyFilesBuildPhase section */

/* Begin PBXFileReference section */
		0547A521CAE2E81914EFEFDC /* SearchBuilder.swift */ = {isa = PBXFileReference; lastKnownFileType = sourcecode.swift; path = SearchBuilder.swift; sourceTree = "<group>"; };
		1069F9F5D96811C34A580412 /* SearchNewsletterRow.swift */ = {isa = PBXFileReference; lastKnownFileType = sourcecode.swift; path = SearchNewsletterRow.swift; sourceTree = "<group>"; };
		12466D213C1D03705923D06D /* SearchExample.app */ = {isa = PBXFileReference; explicitFileType = wrapper.application; includeInIndex = 0; path = SearchExample.app; sourceTree = BUILT_PRODUCTS_DIR; };
		125BD6F6F900FE0F16E9AFC8 /* Shared.framework */ = {isa = PBXFileReference; explicitFileType = wrapper.framework; includeInIndex = 0; path = Shared.framework; sourceTree = BUILT_PRODUCTS_DIR; };
		138503897C437D2E43301F23 /* SearchDomain.framework */ = {isa = PBXFileReference; explicitFileType = wrapper.framework; includeInIndex = 0; path = SearchDomain.framework; sourceTree = BUILT_PRODUCTS_DIR; };
		13DFA429B4AFA41E922CF8E5 /* SearchTesting-Info.plist */ = {isa = PBXFileReference; lastKnownFileType = text.plist; path = "SearchTesting-Info.plist"; sourceTree = "<group>"; };
		1CE78830EFDE634DA1AB3A4A /* SearchTests.xctest */ = {isa = PBXFileReference; explicitFileType = wrapper.cfbundle; includeInIndex = 0; path = SearchTests.xctest; sourceTree = BUILT_PRODUCTS_DIR; };
		1F073E43BB17A8E85C5AA8A0 /* PopupView.framework */ = {isa = PBXFileReference; explicitFileType = wrapper.framework; includeInIndex = 0; path = PopupView.framework; sourceTree = BUILT_PRODUCTS_DIR; };
		254AA18B483064967137DDC4 /* SearchNewslettersUseCaseImpl.swift */ = {isa = PBXFileReference; lastKnownFileType = sourcecode.swift; path = SearchNewslettersUseCaseImpl.swift; sourceTree = "<group>"; };
		26CD22AD121507433FA773EF /* DesignSystem.framework */ = {isa = PBXFileReference; explicitFileType = wrapper.framework; includeInIndex = 0; path = DesignSystem.framework; sourceTree = BUILT_PRODUCTS_DIR; };
		29151EC654CBDC98F89C56D3 /* SearchedNewsletter.swift */ = {isa = PBXFileReference; lastKnownFileType = sourcecode.swift; path = SearchedNewsletter.swift; sourceTree = "<group>"; };
		2D466383C24C28E9ED01A076 /* SearchNewslettersUseCase.swift */ = {isa = PBXFileReference; lastKnownFileType = sourcecode.swift; path = SearchNewslettersUseCase.swift; sourceTree = "<group>"; };
		30E42EF45439133ED9D52822 /* NewsLetterEmptyView.swift */ = {isa = PBXFileReference; lastKnownFileType = sourcecode.swift; path = NewsLetterEmptyView.swift; sourceTree = "<group>"; };
		30F1434D944C3A3F69A716BC /* SearchedNewsletter+Sample.swift */ = {isa = PBXFileReference; lastKnownFileType = sourcecode.swift; path = "SearchedNewsletter+Sample.swift"; sourceTree = "<group>"; };
		382AEFFC63FBC3CADB8C4886 /* Core.framework */ = {isa = PBXFileReference; explicitFileType = wrapper.framework; includeInIndex = 0; path = Core.framework; sourceTree = BUILT_PRODUCTS_DIR; };
		3CCBFAF98AEAA3473A573FDC /* FetchPopularKeywordsUseCase.swift */ = {isa = PBXFileReference; lastKnownFileType = sourcecode.swift; path = FetchPopularKeywordsUseCase.swift; sourceTree = "<group>"; };
		469D051C099D125ABFA94EBD /* Kingfisher.framework */ = {isa = PBXFileReference; explicitFileType = wrapper.framework; includeInIndex = 0; path = Kingfisher.framework; sourceTree = BUILT_PRODUCTS_DIR; };
		473B77528DB0E33CEF09E0D4 /* FetchPopularKeywordsUseCaseImpl.swift */ = {isa = PBXFileReference; lastKnownFileType = sourcecode.swift; path = FetchPopularKeywordsUseCaseImpl.swift; sourceTree = "<group>"; };
		47506C2B8CF716A0AD1E9198 /* Search-Info.plist */ = {isa = PBXFileReference; lastKnownFileType = text.plist; path = "Search-Info.plist"; sourceTree = "<group>"; };
		47BBAD42EB12AACAC02F1E63 /* SearchView.swift */ = {isa = PBXFileReference; lastKnownFileType = sourcecode.swift; path = SearchView.swift; sourceTree = "<group>"; };
		4CAC92F658154DD34F5330B9 /* SearchRepositoryImpl.swift */ = {isa = PBXFileReference; lastKnownFileType = sourcecode.swift; path = SearchRepositoryImpl.swift; sourceTree = "<group>"; };
		502AA82AD7833704FDFEB017 /* SearchExampleApp.swift */ = {isa = PBXFileReference; lastKnownFileType = sourcecode.swift; path = SearchExampleApp.swift; sourceTree = "<group>"; };
		5DD66C7F3ECD7E20BC58F449 /* SearchedNewsletterDTO.swift */ = {isa = PBXFileReference; lastKnownFileType = sourcecode.swift; path = SearchedNewsletterDTO.swift; sourceTree = "<group>"; };
		689C0AA30BC17A2D6BA3F9CB /* Alamofire.framework */ = {isa = PBXFileReference; explicitFileType = wrapper.framework; includeInIndex = 0; path = Alamofire.framework; sourceTree = BUILT_PRODUCTS_DIR; };
		6935497B8DBBBC4FEF7F371B /* Moya.framework */ = {isa = PBXFileReference; explicitFileType = wrapper.framework; includeInIndex = 0; path = Moya.framework; sourceTree = BUILT_PRODUCTS_DIR; };
		6D2ACA18D21B051155077DA3 /* SearchViewModel.swift */ = {isa = PBXFileReference; lastKnownFileType = sourcecode.swift; path = SearchViewModel.swift; sourceTree = "<group>"; };
		701D52A197B8E7BDBA756946 /* SearchData.framework */ = {isa = PBXFileReference; explicitFileType = wrapper.framework; includeInIndex = 0; path = SearchData.framework; sourceTree = BUILT_PRODUCTS_DIR; };
		838EBFAB897D38EC2B391886 /* SearchTesting.framework */ = {isa = PBXFileReference; explicitFileType = wrapper.framework; includeInIndex = 0; path = SearchTesting.framework; sourceTree = BUILT_PRODUCTS_DIR; };
		8D97017FB6FE85C21EEC1D8B /* SearchTests.swift */ = {isa = PBXFileReference; lastKnownFileType = sourcecode.swift; path = SearchTests.swift; sourceTree = "<group>"; };
		8E111FAC845F96C56366564E /* SearchInterface.swift */ = {isa = PBXFileReference; lastKnownFileType = sourcecode.swift; path = SearchInterface.swift; sourceTree = "<group>"; };
		9A1C453C66B2CD564B97D5DA /* NoArticleView.swift */ = {isa = PBXFileReference; lastKnownFileType = sourcecode.swift; path = NoArticleView.swift; sourceTree = "<group>"; };
		9AEAA516F8E566FF78FD382B /* PopularKeywordDTO.swift */ = {isa = PBXFileReference; lastKnownFileType = sourcecode.swift; path = PopularKeywordDTO.swift; sourceTree = "<group>"; };
		B3A2671DE7FC229A2D15ADA9 /* PopularKeyword.swift */ = {isa = PBXFileReference; lastKnownFileType = sourcecode.swift; path = PopularKeyword.swift; sourceTree = "<group>"; };
		B4C293EA1BEB83670D260B13 /* SearchExample-Info.plist */ = {isa = PBXFileReference; lastKnownFileType = text.plist; path = "SearchExample-Info.plist"; sourceTree = "<group>"; };
		BAB874FE7B1BEFB1FFF15474 /* SearchNetworkFactory.swift */ = {isa = PBXFileReference; lastKnownFileType = sourcecode.swift; path = SearchNetworkFactory.swift; sourceTree = "<group>"; };
		CD06DB1B6FB5A4F669B5F023 /* MockFetchPopularKeywordsUseCase.swift */ = {isa = PBXFileReference; lastKnownFileType = sourcecode.swift; path = MockFetchPopularKeywordsUseCase.swift; sourceTree = "<group>"; };
		CE3554F15AA861A6B98D0BC1 /* SearchResultView.swift */ = {isa = PBXFileReference; lastKnownFileType = sourcecode.swift; path = SearchResultView.swift; sourceTree = "<group>"; };
		D355E681C0F08758849D9345 /* SearchInterface.framework */ = {isa = PBXFileReference; explicitFileType = wrapper.framework; includeInIndex = 0; path = SearchInterface.framework; sourceTree = BUILT_PRODUCTS_DIR; };
		D532402CD48F0D3BAE7ACD48 /* SearchInterface-Info.plist */ = {isa = PBXFileReference; lastKnownFileType = text.plist; path = "SearchInterface-Info.plist"; sourceTree = "<group>"; };
		D6C9E8ECB6B925827AD7015D /* MockSearchNewslettersUseCase.swift */ = {isa = PBXFileReference; lastKnownFileType = sourcecode.swift; path = MockSearchNewslettersUseCase.swift; sourceTree = "<group>"; };
		D7814D8BA01A03012E40C5B3 /* SearchMain.swift */ = {isa = PBXFileReference; lastKnownFileType = sourcecode.swift; path = SearchMain.swift; sourceTree = "<group>"; };
		DCEA3ABCBA70F49C90FFC61F /* Search.framework */ = {isa = PBXFileReference; explicitFileType = wrapper.framework; includeInIndex = 0; path = Search.framework; sourceTree = BUILT_PRODUCTS_DIR; };
		E53596DC37AD0977FC3430D7 /* SearchAPI.swift */ = {isa = PBXFileReference; lastKnownFileType = sourcecode.swift; path = SearchAPI.swift; sourceTree = "<group>"; };
		E900393A67BB690260D73D48 /* SearchRepository.swift */ = {isa = PBXFileReference; lastKnownFileType = sourcecode.swift; path = SearchRepository.swift; sourceTree = "<group>"; };
		EDF3A976C9E7BDEA3F2AB212 /* SearchDomain-Info.plist */ = {isa = PBXFileReference; lastKnownFileType = text.plist; path = "SearchDomain-Info.plist"; sourceTree = "<group>"; };
		EE36648F12CA828C3FD7A48B /* SearchTests-Info.plist */ = {isa = PBXFileReference; lastKnownFileType = text.plist; path = "SearchTests-Info.plist"; sourceTree = "<group>"; };
		F8D8226237A97113E443B83D /* SearchData-Info.plist */ = {isa = PBXFileReference; lastKnownFileType = text.plist; path = "SearchData-Info.plist"; sourceTree = "<group>"; };
/* End PBXFileReference section */

/* Begin PBXFrameworksBuildPhase section */
		0EF3D2B07DF9131B3EC487DE /* Frameworks */ = {
			isa = PBXFrameworksBuildPhase;
			buildActionMask = 2147483647;
			files = (
			);
			runOnlyForDeploymentPostprocessing = 0;
		};
		4764E98A0E48BBD1C0A40DE5 /* Frameworks */ = {
			isa = PBXFrameworksBuildPhase;
			buildActionMask = 2147483647;
			files = (
				9FB2495E093C488736BCD44C /* Core.framework in Frameworks */,
				0E0A4D48C99E7A93E70E474E /* DesignSystem.framework in Frameworks */,
				1271CDB7D8844031DEF36734 /* Kingfisher.framework in Frameworks */,
				0C1B9A4814809B68A971AE15 /* Moya.framework in Frameworks */,
				0E712C54A763DFE104778194 /* PopupView.framework in Frameworks */,
				AC04590E07695AE7A806FAD9 /* Search.framework in Frameworks */,
				93CFB175583BCC8DBEBE90CB /* SearchData.framework in Frameworks */,
				20D4BCFA115ABCEB63772C1A /* SearchDomain.framework in Frameworks */,
				F9E0049177AC2A640098B3A7 /* SearchInterface.framework in Frameworks */,
				C2D1B345876D05C96E498AD9 /* SearchTesting.framework in Frameworks */,
				F87AF19EBB604A1197E6B440 /* Shared.framework in Frameworks */,
			);
			runOnlyForDeploymentPostprocessing = 0;
		};
		A0A2459F540642FE310C4193 /* Frameworks */ = {
			isa = PBXFrameworksBuildPhase;
			buildActionMask = 2147483647;
			files = (
				8FA62137E910E82D5F13D1DD /* Moya.framework in Frameworks */,
			);
			runOnlyForDeploymentPostprocessing = 0;
		};
		C3A0ECD0D7FFCD6B044F1017 /* Frameworks */ = {
			isa = PBXFrameworksBuildPhase;
			buildActionMask = 2147483647;
			files = (
			);
			runOnlyForDeploymentPostprocessing = 0;
		};
		E3B6BD8F9481BF3EA1CC4D50 /* Frameworks */ = {
			isa = PBXFrameworksBuildPhase;
			buildActionMask = 2147483647;
			files = (
			);
			runOnlyForDeploymentPostprocessing = 0;
		};
		F271BCF26737FA01F42D78D9 /* Frameworks */ = {
			isa = PBXFrameworksBuildPhase;
			buildActionMask = 2147483647;
			files = (
				364E557C5349E74BA1C9B383 /* Core.framework in Frameworks */,
				F7A5889A58EEC388434CCCB3 /* DesignSystem.framework in Frameworks */,
				8FD1A10CBD16030CA54E0E40 /* Kingfisher.framework in Frameworks */,
				BC799AAB44F46FD582E0D5A7 /* Moya.framework in Frameworks */,
				E84A8941B3D509469761BF7F /* PopupView.framework in Frameworks */,
				E82F1E7DED63736512032F7F /* Search.framework in Frameworks */,
				B8DD111AE35E4AB671E37148 /* SearchData.framework in Frameworks */,
				173A85E1C268A9F006ECC2E1 /* SearchDomain.framework in Frameworks */,
				BCAF631F1C75CF5A7A10DFE5 /* SearchInterface.framework in Frameworks */,
				9EC2625822DA13904C8A29EB /* SearchTesting.framework in Frameworks */,
				6EC3658701C5DDB5B88F65AA /* Shared.framework in Frameworks */,
			);
			runOnlyForDeploymentPostprocessing = 0;
		};
		FB04F59C6B6FFF4627367441 /* Frameworks */ = {
			isa = PBXFrameworksBuildPhase;
			buildActionMask = 2147483647;
			files = (
			);
			runOnlyForDeploymentPostprocessing = 0;
		};
/* End PBXFrameworksBuildPhase section */

/* Begin PBXGroup section */
		004F1F28947613D2E0244321 /* Interface */ = {
			isa = PBXGroup;
			children = (
				C2A99092EB4C2C3AF923C03D /* Sources */,
			);
			path = Interface;
			sourceTree = "<group>";
		};
		061FAE0C6BB06965F6E28CBA /* Samples */ = {
			isa = PBXGroup;
			children = (
				30F1434D944C3A3F69A716BC /* SearchedNewsletter+Sample.swift */,
			);
			path = Samples;
			sourceTree = "<group>";
		};
		092B684217D797260BE40BBB /* Project */ = {
			isa = PBXGroup;
			children = (
				5A58910637435DB20E99997D /* Data */,
				854023328EC09B4DB800D64A /* Derived */,
				DCB93D5CF0B47A2F28D26844 /* Domain */,
				4086177D1F6496AE59ADD10C /* Example */,
				004F1F28947613D2E0244321 /* Interface */,
				F71AEF5F9FDF9F2A91959397 /* Sources */,
				7B082A1224F290F4F7392576 /* Testing */,
				290F7CD687D328ECE5AAC7CC /* Tests */,
			);
			name = Project;
			sourceTree = "<group>";
		};
		19622BAAB516FF446187516C /* Repository */ = {
			isa = PBXGroup;
			children = (
				E900393A67BB690260D73D48 /* SearchRepository.swift */,
			);
			path = Repository;
			sourceTree = "<group>";
		};
		2150A11F9CA176B76ED4CAD5 /* DTO */ = {
			isa = PBXGroup;
			children = (
				9AEAA516F8E566FF78FD382B /* PopularKeywordDTO.swift */,
				5DD66C7F3ECD7E20BC58F449 /* SearchedNewsletterDTO.swift */,
			);
			path = DTO;
			sourceTree = "<group>";
		};
		290F7CD687D328ECE5AAC7CC /* Tests */ = {
			isa = PBXGroup;
			children = (
				8D97017FB6FE85C21EEC1D8B /* SearchTests.swift */,
			);
			path = Tests;
			sourceTree = "<group>";
		};
		2BB623F4D43D8DF1D62CDA0B /* Empty */ = {
			isa = PBXGroup;
			children = (
				30E42EF45439133ED9D52822 /* NewsLetterEmptyView.swift */,
				9A1C453C66B2CD564B97D5DA /* NoArticleView.swift */,
			);
			path = Empty;
			sourceTree = "<group>";
		};
		4086177D1F6496AE59ADD10C /* Example */ = {
			isa = PBXGroup;
			children = (
				5BF21F90D7D875AD457F0880 /* Sources */,
			);
			path = Example;
			sourceTree = "<group>";
		};
		494252B5A62F61D26EECBC22 /* UseCase */ = {
			isa = PBXGroup;
			children = (
				473B77528DB0E33CEF09E0D4 /* FetchPopularKeywordsUseCaseImpl.swift */,
				254AA18B483064967137DDC4 /* SearchNewslettersUseCaseImpl.swift */,
			);
			path = UseCase;
			sourceTree = "<group>";
		};
		5A58910637435DB20E99997D /* Data */ = {
			isa = PBXGroup;
			children = (
				5C3EEEA0A21219E43B42D898 /* Sources */,
			);
			path = Data;
			sourceTree = "<group>";
		};
		5B5D8094B064392E4C52D47F /* Sources */ = {
			isa = PBXGroup;
			children = (
				7FAFA25EDDE7DB631A89C0E0 /* Models */,
				19622BAAB516FF446187516C /* Repository */,
				88F1E394215255A1BE52C3FB /* UseCase */,
			);
			path = Sources;
			sourceTree = "<group>";
		};
		5BF21F90D7D875AD457F0880 /* Sources */ = {
			isa = PBXGroup;
			children = (
				502AA82AD7833704FDFEB017 /* SearchExampleApp.swift */,
			);
			path = Sources;
			sourceTree = "<group>";
		};
		5C3EEEA0A21219E43B42D898 /* Sources */ = {
			isa = PBXGroup;
			children = (
				FDB00780F4BED249ABD7B423 /* API */,
				2150A11F9CA176B76ED4CAD5 /* DTO */,
				B966F2513EBAB5E5E4CEBFD0 /* Repository */,
			);
			path = Sources;
			sourceTree = "<group>";
		};
		65D65495AB68D9211B32EC1F /* Component */ = {
			isa = PBXGroup;
			children = (
				1069F9F5D96811C34A580412 /* SearchNewsletterRow.swift */,
			);
			path = Component;
			sourceTree = "<group>";
		};
		7B082A1224F290F4F7392576 /* Testing */ = {
			isa = PBXGroup;
			children = (
				E3869FC4E9B95057F22B5FEB /* Sources */,
			);
			path = Testing;
			sourceTree = "<group>";
		};
		7FAFA25EDDE7DB631A89C0E0 /* Models */ = {
			isa = PBXGroup;
			children = (
				B3A2671DE7FC229A2D15ADA9 /* PopularKeyword.swift */,
				29151EC654CBDC98F89C56D3 /* SearchedNewsletter.swift */,
			);
			path = Models;
			sourceTree = "<group>";
		};
		854023328EC09B4DB800D64A /* Derived */ = {
			isa = PBXGroup;
			children = (
				AC15BCAE73B741CFE572E836 /* InfoPlists */,
			);
			path = Derived;
			sourceTree = "<group>";
		};
		88F1E394215255A1BE52C3FB /* UseCase */ = {
			isa = PBXGroup;
			children = (
				3CCBFAF98AEAA3473A573FDC /* FetchPopularKeywordsUseCase.swift */,
				2D466383C24C28E9ED01A076 /* SearchNewslettersUseCase.swift */,
			);
			path = UseCase;
			sourceTree = "<group>";
		};
		A265AAF9885BC77A31761249 = {
			isa = PBXGroup;
			children = (
				BEF3F41E9B860D2AF6E4FE8E /* Products */,
				092B684217D797260BE40BBB /* Project */,
			);
			sourceTree = "<group>";
		};
		AC15BCAE73B741CFE572E836 /* InfoPlists */ = {
			isa = PBXGroup;
			children = (
				47506C2B8CF716A0AD1E9198 /* Search-Info.plist */,
				F8D8226237A97113E443B83D /* SearchData-Info.plist */,
				EDF3A976C9E7BDEA3F2AB212 /* SearchDomain-Info.plist */,
				B4C293EA1BEB83670D260B13 /* SearchExample-Info.plist */,
				D532402CD48F0D3BAE7ACD48 /* SearchInterface-Info.plist */,
				13DFA429B4AFA41E922CF8E5 /* SearchTesting-Info.plist */,
				EE36648F12CA828C3FD7A48B /* SearchTests-Info.plist */,
			);
			path = InfoPlists;
			sourceTree = "<group>";
		};
		B966F2513EBAB5E5E4CEBFD0 /* Repository */ = {
			isa = PBXGroup;
			children = (
				4CAC92F658154DD34F5330B9 /* SearchRepositoryImpl.swift */,
			);
			path = Repository;
			sourceTree = "<group>";
		};
		BEF3F41E9B860D2AF6E4FE8E /* Products */ = {
			isa = PBXGroup;
			children = (
				689C0AA30BC17A2D6BA3F9CB /* Alamofire.framework */,
				382AEFFC63FBC3CADB8C4886 /* Core.framework */,
				26CD22AD121507433FA773EF /* DesignSystem.framework */,
				469D051C099D125ABFA94EBD /* Kingfisher.framework */,
				6935497B8DBBBC4FEF7F371B /* Moya.framework */,
				1F073E43BB17A8E85C5AA8A0 /* PopupView.framework */,
				DCEA3ABCBA70F49C90FFC61F /* Search.framework */,
				701D52A197B8E7BDBA756946 /* SearchData.framework */,
				138503897C437D2E43301F23 /* SearchDomain.framework */,
				12466D213C1D03705923D06D /* SearchExample.app */,
				D355E681C0F08758849D9345 /* SearchInterface.framework */,
				838EBFAB897D38EC2B391886 /* SearchTesting.framework */,
				1CE78830EFDE634DA1AB3A4A /* SearchTests.xctest */,
				125BD6F6F900FE0F16E9AFC8 /* Shared.framework */,
			);
			name = Products;
			sourceTree = "<group>";
		};
		C2A99092EB4C2C3AF923C03D /* Sources */ = {
			isa = PBXGroup;
			children = (
				8E111FAC845F96C56366564E /* SearchInterface.swift */,
			);
			path = Sources;
			sourceTree = "<group>";
		};
		DCB93D5CF0B47A2F28D26844 /* Domain */ = {
			isa = PBXGroup;
			children = (
				5B5D8094B064392E4C52D47F /* Sources */,
			);
			path = Domain;
			sourceTree = "<group>";
		};
		E1B75F1E2E62F64DFC2636E8 /* Search */ = {
			isa = PBXGroup;
			children = (
				65D65495AB68D9211B32EC1F /* Component */,
				2BB623F4D43D8DF1D62CDA0B /* Empty */,
				CE3554F15AA861A6B98D0BC1 /* SearchResultView.swift */,
				47BBAD42EB12AACAC02F1E63 /* SearchView.swift */,
				6D2ACA18D21B051155077DA3 /* SearchViewModel.swift */,
			);
			path = Search;
			sourceTree = "<group>";
		};
		E3869FC4E9B95057F22B5FEB /* Sources */ = {
			isa = PBXGroup;
			children = (
				061FAE0C6BB06965F6E28CBA /* Samples */,
				CD06DB1B6FB5A4F669B5F023 /* MockFetchPopularKeywordsUseCase.swift */,
				D6C9E8ECB6B925827AD7015D /* MockSearchNewslettersUseCase.swift */,
			);
			path = Sources;
			sourceTree = "<group>";
		};
		F71AEF5F9FDF9F2A91959397 /* Sources */ = {
			isa = PBXGroup;
			children = (
				E1B75F1E2E62F64DFC2636E8 /* Search */,
				494252B5A62F61D26EECBC22 /* UseCase */,
				0547A521CAE2E81914EFEFDC /* SearchBuilder.swift */,
				D7814D8BA01A03012E40C5B3 /* SearchMain.swift */,
			);
			path = Sources;
			sourceTree = "<group>";
		};
		FDB00780F4BED249ABD7B423 /* API */ = {
			isa = PBXGroup;
			children = (
				E53596DC37AD0977FC3430D7 /* SearchAPI.swift */,
				BAB874FE7B1BEFB1FFF15474 /* SearchNetworkFactory.swift */,
			);
			path = API;
			sourceTree = "<group>";
		};
/* End PBXGroup section */

/* Begin PBXNativeTarget section */
		26FFBA832191496DD58DB176 /* SearchDomain */ = {
			isa = PBXNativeTarget;
			buildConfigurationList = 735F65DA838EB3DBB0596DD8 /* Build configuration list for PBXNativeTarget "SearchDomain" */;
			buildPhases = (
				DF1A8A3B02055629AA6A33BB /* Sources */,
				4051520C3ED70760E7FF2034 /* Resources */,
				0EF3D2B07DF9131B3EC487DE /* Frameworks */,
				B769F53AFA75F8674F698554 /* Embed Frameworks */,
			);
			buildRules = (
			);
			dependencies = (
			);
			name = SearchDomain;
			packageProductDependencies = (
			);
			productName = SearchDomain;
			productReference = 138503897C437D2E43301F23 /* SearchDomain.framework */;
			productType = "com.apple.product-type.framework";
		};
		2AE6EEDCD0021B9D77B33CE5 /* SearchExample */ = {
			isa = PBXNativeTarget;
			buildConfigurationList = 819DE5C226F0DAB582993039 /* Build configuration list for PBXNativeTarget "SearchExample" */;
			buildPhases = (
				2F12E604768279EE370B61D2 /* Sources */,
				560638D67118197BA55FDA87 /* Resources */,
				F271BCF26737FA01F42D78D9 /* Frameworks */,
				32006D16C41FDFB2FE09C415 /* Embed Frameworks */,
			);
			buildRules = (
			);
			dependencies = (
				1CA59C36DF54443B672819CE /* PBXTargetDependency */,
				5356DC492AA6B99510F3FA0A /* PBXTargetDependency */,
				36912A250C6A2258BADB04FC /* PBXTargetDependency */,
			);
			name = SearchExample;
			packageProductDependencies = (
			);
			productName = SearchExample;
			productReference = 12466D213C1D03705923D06D /* SearchExample.app */;
			productType = "com.apple.product-type.application";
		};
		31ED15E7542DF88C68D74C23 /* SearchTesting */ = {
			isa = PBXNativeTarget;
			buildConfigurationList = 4C72AA69BC5FE556E6470145 /* Build configuration list for PBXNativeTarget "SearchTesting" */;
			buildPhases = (
				78C3499BD2862C78DFB27C68 /* Sources */,
				26F31FE0562C7EAD7FDDE698 /* Resources */,
				E3B6BD8F9481BF3EA1CC4D50 /* Frameworks */,
				E5283052437BD3FF42BF4A72 /* Embed Frameworks */,
				351CBF0210991B0A7E3118B6 /* Dependencies */,
			);
			buildRules = (
			);
			dependencies = (
				8E44B6C6609C7CEF9A9F7263 /* PBXTargetDependency */,
				3F2E7817C21A2824345AB93D /* PBXTargetDependency */,
			);
			name = SearchTesting;
			packageProductDependencies = (
			);
			productName = SearchTesting;
			productReference = 838EBFAB897D38EC2B391886 /* SearchTesting.framework */;
			productType = "com.apple.product-type.framework";
		};
		5025AE41A60E1D1B5B67EC7D /* SearchTests */ = {
			isa = PBXNativeTarget;
			buildConfigurationList = 07EA95A7700BA1362F87E897 /* Build configuration list for PBXNativeTarget "SearchTests" */;
			buildPhases = (
				585BA06379A5E7F0163F8A29 /* Sources */,
				BFE4DF0124DF27EC3591F41A /* Resources */,
				4764E98A0E48BBD1C0A40DE5 /* Frameworks */,
				9D9977A71E7C7D1C574D5FE5 /* Embed Frameworks */,
			);
			buildRules = (
			);
			dependencies = (
				AA3269EFB3974985258C0DC9 /* PBXTargetDependency */,
				97ED1C029CF8404BE25C3065 /* PBXTargetDependency */,
			);
			name = SearchTests;
			packageProductDependencies = (
			);
			productName = SearchTests;
			productReference = 1CE78830EFDE634DA1AB3A4A /* SearchTests.xctest */;
			productType = "com.apple.product-type.bundle.unit-test";
		};
		A2EA2D9BB19451ABF800F252 /* SearchData */ = {
			isa = PBXNativeTarget;
			buildConfigurationList = 6B24B05B816EAB022D8C04E6 /* Build configuration list for PBXNativeTarget "SearchData" */;
			buildPhases = (
				1651A6B1CB96E0FD032069C8 /* Sources */,
				8356A886B262E2A0A2DA9895 /* Resources */,
				A0A2459F540642FE310C4193 /* Frameworks */,
				1FDBE93BA4CF4056B2A750B5 /* Embed Frameworks */,
				2920C27DC37C685956BBD389 /* Dependencies */,
			);
			buildRules = (
			);
			dependencies = (
				95FC6FAC195385135792AB1E /* PBXTargetDependency */,
			);
			name = SearchData;
			packageProductDependencies = (
			);
			productName = SearchData;
			productReference = 701D52A197B8E7BDBA756946 /* SearchData.framework */;
			productType = "com.apple.product-type.framework";
		};
		C8340F58B0B1AD7EA1B1F833 /* Search */ = {
			isa = PBXNativeTarget;
			buildConfigurationList = 7959414547E0A4954D52B231 /* Build configuration list for PBXNativeTarget "Search" */;
			buildPhases = (
				435B521C004F6947D667BECF /* Sources */,
				9C5ABED26914D47B4B506F60 /* Resources */,
				FB04F59C6B6FFF4627367441 /* Frameworks */,
				877F936C57E9C46C94BF2D4D /* Embed Frameworks */,
				ADFDA8A10722D3497DE73E8D /* Dependencies */,
			);
			buildRules = (
			);
			dependencies = (
				28587D0BA48D89A36E46D21A /* PBXTargetDependency */,
				6D6834B86C16FCA01DD86055 /* PBXTargetDependency */,
				73F5D0063FA3BA8316874AC0 /* PBXTargetDependency */,
			);
			name = Search;
			packageProductDependencies = (
			);
			productName = Search;
			productReference = DCEA3ABCBA70F49C90FFC61F /* Search.framework */;
			productType = "com.apple.product-type.framework";
		};
		D41DC0BE09F22AC4DBD3A7A5 /* SearchInterface */ = {
			isa = PBXNativeTarget;
			buildConfigurationList = 77A26238B6C52E838B945E55 /* Build configuration list for PBXNativeTarget "SearchInterface" */;
			buildPhases = (
				591977EDC404E60CEA278C77 /* Sources */,
				B574A3D2AAF46BC207B2D2B7 /* Resources */,
				C3A0ECD0D7FFCD6B044F1017 /* Frameworks */,
				DA80EF9D85120AF338B41965 /* Embed Frameworks */,
			);
			buildRules = (
			);
			dependencies = (
			);
			name = SearchInterface;
			packageProductDependencies = (
			);
			productName = SearchInterface;
			productReference = D355E681C0F08758849D9345 /* SearchInterface.framework */;
			productType = "com.apple.product-type.framework";
		};
/* End PBXNativeTarget section */

/* Begin PBXProject section */
		5A5799AE384BBD104247C169 /* Project object */ = {
			isa = PBXProject;
			attributes = {
				BuildIndependentTargetsInParallel = YES;
				ORGANIZATIONNAME = Newdok;
				TargetAttributes = {
				};
			};
			buildConfigurationList = 731940972587373E5B45F8C7 /* Build configuration list for PBXProject "Search" */;
			compatibilityVersion = "Xcode 14.0";
			developmentRegion = en;
			hasScannedForEncodings = 0;
			knownRegions = (
				Base,
				en,
			);
			mainGroup = A265AAF9885BC77A31761249;
			productRefGroup = BEF3F41E9B860D2AF6E4FE8E /* Products */;
			projectDirPath = "";
			projectRoot = "";
			targets = (
				C8340F58B0B1AD7EA1B1F833 /* Search */,
				A2EA2D9BB19451ABF800F252 /* SearchData */,
				26FFBA832191496DD58DB176 /* SearchDomain */,
				2AE6EEDCD0021B9D77B33CE5 /* SearchExample */,
				D41DC0BE09F22AC4DBD3A7A5 /* SearchInterface */,
				31ED15E7542DF88C68D74C23 /* SearchTesting */,
				5025AE41A60E1D1B5B67EC7D /* SearchTests */,
			);
		};
/* End PBXProject section */

/* Begin PBXResourcesBuildPhase section */
		26F31FE0562C7EAD7FDDE698 /* Resources */ = {
			isa = PBXResourcesBuildPhase;
			buildActionMask = 2147483647;
			files = (
			);
			runOnlyForDeploymentPostprocessing = 0;
		};
		4051520C3ED70760E7FF2034 /* Resources */ = {
			isa = PBXResourcesBuildPhase;
			buildActionMask = 2147483647;
			files = (
			);
			runOnlyForDeploymentPostprocessing = 0;
		};
		560638D67118197BA55FDA87 /* Resources */ = {
			isa = PBXResourcesBuildPhase;
			buildActionMask = 2147483647;
			files = (
			);
			runOnlyForDeploymentPostprocessing = 0;
		};
		8356A886B262E2A0A2DA9895 /* Resources */ = {
			isa = PBXResourcesBuildPhase;
			buildActionMask = 2147483647;
			files = (
			);
			runOnlyForDeploymentPostprocessing = 0;
		};
		9C5ABED26914D47B4B506F60 /* Resources */ = {
			isa = PBXResourcesBuildPhase;
			buildActionMask = 2147483647;
			files = (
			);
			runOnlyForDeploymentPostprocessing = 0;
		};
		B574A3D2AAF46BC207B2D2B7 /* Resources */ = {
			isa = PBXResourcesBuildPhase;
			buildActionMask = 2147483647;
			files = (
			);
			runOnlyForDeploymentPostprocessing = 0;
		};
		BFE4DF0124DF27EC3591F41A /* Resources */ = {
			isa = PBXResourcesBuildPhase;
			buildActionMask = 2147483647;
			files = (
			);
			runOnlyForDeploymentPostprocessing = 0;
		};
/* End PBXResourcesBuildPhase section */

/* Begin PBXSourcesBuildPhase section */
		1651A6B1CB96E0FD032069C8 /* Sources */ = {
			isa = PBXSourcesBuildPhase;
			buildActionMask = 2147483647;
			files = (
				CEAA9FCA98F56C5C184D94B9 /* SearchAPI.swift in Sources */,
				28F1B041132346BE086F1A13 /* SearchNetworkFactory.swift in Sources */,
				BF44906891A735B74185071C /* PopularKeywordDTO.swift in Sources */,
				413E3265B6666248C89E2464 /* SearchedNewsletterDTO.swift in Sources */,
				CB176EEB1B83EF220AE01544 /* SearchRepositoryImpl.swift in Sources */,
			);
			runOnlyForDeploymentPostprocessing = 0;
		};
		2F12E604768279EE370B61D2 /* Sources */ = {
			isa = PBXSourcesBuildPhase;
			buildActionMask = 2147483647;
			files = (
				116732CA8DBD20E4F962E9A3 /* SearchExampleApp.swift in Sources */,
			);
			runOnlyForDeploymentPostprocessing = 0;
		};
		435B521C004F6947D667BECF /* Sources */ = {
			isa = PBXSourcesBuildPhase;
			buildActionMask = 2147483647;
			files = (
				6DAE677C5B47001C1B9D09AD /* SearchNewsletterRow.swift in Sources */,
				0CA24716D9F70C942AD25477 /* NewsLetterEmptyView.swift in Sources */,
				2E50C5AF6A3FC0BDC11908E4 /* NoArticleView.swift in Sources */,
				9C6B538CFDB456B982AF0C03 /* SearchResultView.swift in Sources */,
				EC0DE49ED53C716E1554A609 /* SearchView.swift in Sources */,
				FE71144B1C50E1D95991A604 /* SearchViewModel.swift in Sources */,
				88D874BEEA4169CD598264B3 /* SearchBuilder.swift in Sources */,
				4E8760D7F7E6A004FA3AAA06 /* SearchMain.swift in Sources */,
				A829B59B25970B6991E2848B /* FetchPopularKeywordsUseCaseImpl.swift in Sources */,
				BDF8F06F614DA063FD879931 /* SearchNewslettersUseCaseImpl.swift in Sources */,
			);
			runOnlyForDeploymentPostprocessing = 0;
		};
		585BA06379A5E7F0163F8A29 /* Sources */ = {
			isa = PBXSourcesBuildPhase;
			buildActionMask = 2147483647;
			files = (
				7E0A78327C137B933BDCF6D4 /* SearchTests.swift in Sources */,
			);
			runOnlyForDeploymentPostprocessing = 0;
		};
		591977EDC404E60CEA278C77 /* Sources */ = {
			isa = PBXSourcesBuildPhase;
			buildActionMask = 2147483647;
			files = (
				099AA2BC3A9B9B32EEF2B4A8 /* SearchInterface.swift in Sources */,
			);
			runOnlyForDeploymentPostprocessing = 0;
		};
		78C3499BD2862C78DFB27C68 /* Sources */ = {
			isa = PBXSourcesBuildPhase;
			buildActionMask = 2147483647;
			files = (
				2C0B7FFC91ABE89401F525AD /* MockFetchPopularKeywordsUseCase.swift in Sources */,
				28E36A746E3E061EF9D29291 /* MockSearchNewslettersUseCase.swift in Sources */,
				8181B085CE18A6CEE3A66505 /* SearchedNewsletter+Sample.swift in Sources */,
			);
			runOnlyForDeploymentPostprocessing = 0;
		};
		DF1A8A3B02055629AA6A33BB /* Sources */ = {
			isa = PBXSourcesBuildPhase;
			buildActionMask = 2147483647;
			files = (
				DD6795FF69CD93B520886A1B /* PopularKeyword.swift in Sources */,
				495766BA2FA2D9B062332AFD /* SearchedNewsletter.swift in Sources */,
				179AC17959F96E3E768745C1 /* SearchRepository.swift in Sources */,
				015EA02C07E45A4739DE697E /* FetchPopularKeywordsUseCase.swift in Sources */,
				4EF44496ECB05C8E29BD3E70 /* SearchNewslettersUseCase.swift in Sources */,
			);
			runOnlyForDeploymentPostprocessing = 0;
		};
/* End PBXSourcesBuildPhase section */

/* Begin PBXTargetDependency section */
		1CA59C36DF54443B672819CE /* PBXTargetDependency */ = {
			isa = PBXTargetDependency;
			name = Search;
			target = C8340F58B0B1AD7EA1B1F833 /* Search */;
			targetProxy = 5247D04FC748B105F783BC38 /* PBXContainerItemProxy */;
		};
		28587D0BA48D89A36E46D21A /* PBXTargetDependency */ = {
			isa = PBXTargetDependency;
			name = SearchData;
			target = A2EA2D9BB19451ABF800F252 /* SearchData */;
			targetProxy = 4D797B88DC2BB735545BC3BB /* PBXContainerItemProxy */;
		};
		36912A250C6A2258BADB04FC /* PBXTargetDependency */ = {
			isa = PBXTargetDependency;
			name = SearchTesting;
			target = 31ED15E7542DF88C68D74C23 /* SearchTesting */;
			targetProxy = 9EF7CADFC7BD51C3E18D10C6 /* PBXContainerItemProxy */;
		};
		3F2E7817C21A2824345AB93D /* PBXTargetDependency */ = {
			isa = PBXTargetDependency;
			name = SearchInterface;
			target = D41DC0BE09F22AC4DBD3A7A5 /* SearchInterface */;
			targetProxy = D63EEF4A14BA451E0A149F57 /* PBXContainerItemProxy */;
		};
		5356DC492AA6B99510F3FA0A /* PBXTargetDependency */ = {
			isa = PBXTargetDependency;
			name = SearchDomain;
			target = 26FFBA832191496DD58DB176 /* SearchDomain */;
			targetProxy = D3097A6E2AA4C096E889E716 /* PBXContainerItemProxy */;
		};
		6D6834B86C16FCA01DD86055 /* PBXTargetDependency */ = {
			isa = PBXTargetDependency;
			name = SearchDomain;
			target = 26FFBA832191496DD58DB176 /* SearchDomain */;
			targetProxy = 62A739F24FFCB3B6E669A397 /* PBXContainerItemProxy */;
		};
		73F5D0063FA3BA8316874AC0 /* PBXTargetDependency */ = {
			isa = PBXTargetDependency;
			name = SearchInterface;
			target = D41DC0BE09F22AC4DBD3A7A5 /* SearchInterface */;
			targetProxy = 39A146418653F9CB1A853868 /* PBXContainerItemProxy */;
		};
		8E44B6C6609C7CEF9A9F7263 /* PBXTargetDependency */ = {
			isa = PBXTargetDependency;
			name = SearchDomain;
			target = 26FFBA832191496DD58DB176 /* SearchDomain */;
			targetProxy = E57B87314070DD3A65029C41 /* PBXContainerItemProxy */;
		};
		95FC6FAC195385135792AB1E /* PBXTargetDependency */ = {
			isa = PBXTargetDependency;
			name = SearchDomain;
			target = 26FFBA832191496DD58DB176 /* SearchDomain */;
			targetProxy = 96758654DB4384106D89F27A /* PBXContainerItemProxy */;
		};
		97ED1C029CF8404BE25C3065 /* PBXTargetDependency */ = {
			isa = PBXTargetDependency;
			name = SearchTesting;
			target = 31ED15E7542DF88C68D74C23 /* SearchTesting */;
			targetProxy = 2A974DFABC58EE3BFB935771 /* PBXContainerItemProxy */;
		};
		AA3269EFB3974985258C0DC9 /* PBXTargetDependency */ = {
			isa = PBXTargetDependency;
			name = Search;
			target = C8340F58B0B1AD7EA1B1F833 /* Search */;
			targetProxy = 1EEE6ADC761F6FE0DBEEBE9C /* PBXContainerItemProxy */;
		};
/* End PBXTargetDependency section */

/* Begin XCBuildConfiguration section */
		070322E47DE2C97A76C8B8F3 /* Release */ = {
			isa = XCBuildConfiguration;
			buildSettings = {
				CODE_SIGN_IDENTITY = "";
				CURRENT_PROJECT_VERSION = 1;
				DEFINES_MODULE = YES;
				DYLIB_COMPATIBILITY_VERSION = 1;
				DYLIB_CURRENT_VERSION = 1;
				DYLIB_INSTALL_NAME_BASE = "@rpath";
				INFOPLIST_FILE = "Derived/InfoPlists/SearchDomain-Info.plist";
				INSTALL_PATH = "$(LOCAL_LIBRARY_DIR)/Frameworks";
				IPHONEOS_DEPLOYMENT_TARGET = 18.0;
				LD_RUNPATH_SEARCH_PATHS = (
					"$(inherited)",
					"@executable_path/Frameworks",
					"@loader_path/Frameworks",
				);
				MACH_O_TYPE = staticlib;
				PRODUCT_BUNDLE_IDENTIFIER = com.newdok.search.domain;
				PRODUCT_NAME = SearchDomain;
				SDKROOT = iphoneos;
				SKIP_INSTALL = YES;
				SUPPORTS_MACCATALYST = NO;
				SUPPORTS_MAC_DESIGNED_FOR_IPHONE_IPAD = YES;
				SUPPORTS_XR_DESIGNED_FOR_IPHONE_IPAD = NO;
				SWIFT_COMPILATION_MODE = wholemodule;
				SWIFT_ENABLE_EXPLICIT_MODULES = YES;
				SWIFT_OPTIMIZATION_LEVEL = "-O";
				SWIFT_STRICT_CONCURRENCY = complete;
				SWIFT_VERSION = 5.0;
				TARGETED_DEVICE_FAMILY = "1,2";
				VERSIONING_SYSTEM = "apple-generic";
				VERSION_INFO_PREFIX = "";
			};
			name = Release;
		};
		07199AF8C06269F3ED779359 /* Release */ = {
			isa = XCBuildConfiguration;
			buildSettings = {
				ASSETCATALOG_COMPILER_APPICON_NAME = AppIcon;
				ASSETCATALOG_COMPILER_GLOBAL_ACCENT_COLOR_NAME = AccentColor;
				CODE_SIGNING_ALLOWED = NO;
				CODE_SIGNING_REQUIRED = NO;
				CODE_SIGN_IDENTITY = "";
				ENABLE_PREVIEWS = YES;
				INFOPLIST_FILE = "Derived/InfoPlists/SearchExample-Info.plist";
				IPHONEOS_DEPLOYMENT_TARGET = 18.0;
				LD_RUNPATH_SEARCH_PATHS = (
					"$(inherited)",
					"@executable_path/Frameworks",
				);
				PRODUCT_BUNDLE_IDENTIFIER = com.newdok.search.example;
				PRODUCT_NAME = SearchExample;
				SDKROOT = iphoneos;
				SUPPORTS_MACCATALYST = NO;
				SUPPORTS_MAC_DESIGNED_FOR_IPHONE_IPAD = YES;
				SUPPORTS_XR_DESIGNED_FOR_IPHONE_IPAD = NO;
				SWIFT_COMPILATION_MODE = wholemodule;
				SWIFT_OPTIMIZATION_LEVEL = "-O";
				SWIFT_VERSION = 5.0;
				TARGETED_DEVICE_FAMILY = "1,2";
			};
			name = Release;
		};
		300906BB4956E84FE6DA0168 /* Debug */ = {
			isa = XCBuildConfiguration;
			buildSettings = {
				ASSETCATALOG_COMPILER_APPICON_NAME = AppIcon;
				ASSETCATALOG_COMPILER_GLOBAL_ACCENT_COLOR_NAME = AccentColor;
				CODE_SIGNING_ALLOWED = NO;
				CODE_SIGNING_REQUIRED = NO;
				CODE_SIGN_IDENTITY = "";
				ENABLE_PREVIEWS = YES;
				INFOPLIST_FILE = "Derived/InfoPlists/SearchExample-Info.plist";
				IPHONEOS_DEPLOYMENT_TARGET = 18.0;
				LD_RUNPATH_SEARCH_PATHS = (
					"$(inherited)",
					"@executable_path/Frameworks",
				);
				PRODUCT_BUNDLE_IDENTIFIER = com.newdok.search.example;
				PRODUCT_NAME = SearchExample;
				SDKROOT = iphoneos;
				SUPPORTS_MACCATALYST = NO;
				SUPPORTS_MAC_DESIGNED_FOR_IPHONE_IPAD = YES;
				SUPPORTS_XR_DESIGNED_FOR_IPHONE_IPAD = NO;
				SWIFT_ACTIVE_COMPILATION_CONDITIONS = (
					"$(inherited)",
					DEBUG,
				);
				SWIFT_COMPILATION_MODE = singlefile;
				SWIFT_OPTIMIZATION_LEVEL = "-Onone";
				SWIFT_VERSION = 5.0;
				TARGETED_DEVICE_FAMILY = "1,2";
			};
			name = Debug;
		};
		4567E3C863E192E62025B73F /* Debug */ = {
			isa = XCBuildConfiguration;
			buildSettings = {
				ALWAYS_SEARCH_USER_PATHS = NO;
				CLANG_ANALYZER_LOCALIZABILITY_NONLOCALIZED = YES;
				CLANG_ANALYZER_NONNULL = YES;
				CLANG_ANALYZER_NUMBER_OBJECT_CONVERSION = YES_AGGRESSIVE;
				CLANG_CXX_LANGUAGE_STANDARD = "gnu++14";
				CLANG_CXX_LIBRARY = "libc++";
				CLANG_ENABLE_MODULES = YES;
				CLANG_ENABLE_OBJC_ARC = YES;
				CLANG_ENABLE_OBJC_WEAK = YES;
				CLANG_WARN_BLOCK_CAPTURE_AUTORELEASING = YES;
				CLANG_WARN_BOOL_CONVERSION = YES;
				CLANG_WARN_COMMA = YES;
				CLANG_WARN_CONSTANT_CONVERSION = YES;
				CLANG_WARN_DEPRECATED_OBJC_IMPLEMENTATIONS = YES;
				CLANG_WARN_DIRECT_OBJC_ISA_USAGE = YES_ERROR;
				CLANG_WARN_DOCUMENTATION_COMMENTS = YES;
				CLANG_WARN_EMPTY_BODY = YES;
				CLANG_WARN_ENUM_CONVERSION = YES;
				CLANG_WARN_INFINITE_RECURSION = YES;
				CLANG_WARN_INT_CONVERSION = YES;
				CLANG_WARN_NON_LITERAL_NULL_CONVERSION = YES;
				CLANG_WARN_OBJC_IMPLICIT_RETAIN_SELF = YES;
				CLANG_WARN_OBJC_LITERAL_CONVERSION = YES;
				CLANG_WARN_OBJC_ROOT_CLASS = YES_ERROR;
				CLANG_WARN_QUOTED_INCLUDE_IN_FRAMEWORK_HEADER = YES;
				CLANG_WARN_RANGE_LOOP_ANALYSIS = YES;
				CLANG_WARN_STRICT_PROTOTYPES = YES;
				CLANG_WARN_SUSPICIOUS_MOVE = YES;
				CLANG_WARN_UNGUARDED_AVAILABILITY = YES_AGGRESSIVE;
				CLANG_WARN_UNREACHABLE_CODE = YES;
				CLANG_WARN__DUPLICATE_METHOD_MATCH = YES;
				COPY_PHASE_STRIP = NO;
				DEAD_CODE_STRIPPING = YES;
				DEBUG_INFORMATION_FORMAT = dwarf;
				ENABLE_STRICT_OBJC_MSGSEND = YES;
				ENABLE_TESTABILITY = YES;
				GCC_C_LANGUAGE_STANDARD = gnu11;
				GCC_DYNAMIC_NO_PIC = NO;
				GCC_NO_COMMON_BLOCKS = YES;
				GCC_OPTIMIZATION_LEVEL = 0;
				GCC_PREPROCESSOR_DEFINITIONS = (
					"DEBUG=1",
					"$(inherited)",
				);
				GCC_WARN_64_TO_32_BIT_CONVERSION = YES;
				GCC_WARN_ABOUT_RETURN_TYPE = YES_ERROR;
				GCC_WARN_UNDECLARED_SELECTOR = YES;
				GCC_WARN_UNINITIALIZED_AUTOS = YES_AGGRESSIVE;
				GCC_WARN_UNUSED_FUNCTION = YES;
				GCC_WARN_UNUSED_VARIABLE = YES;
				MTL_ENABLE_DEBUG_INFO = YES;
				ONLY_ACTIVE_ARCH = YES;
				PRODUCT_NAME = "$(TARGET_NAME)";
			};
			name = Debug;
		};
		4CCC285622510F39E51C4ADE /* Release */ = {
			isa = XCBuildConfiguration;
			buildSettings = {
				CODE_SIGN_IDENTITY = "";
				CURRENT_PROJECT_VERSION = 1;
				DEFINES_MODULE = YES;
				DYLIB_COMPATIBILITY_VERSION = 1;
				DYLIB_CURRENT_VERSION = 1;
				DYLIB_INSTALL_NAME_BASE = "@rpath";
				INFOPLIST_FILE = "Derived/InfoPlists/SearchData-Info.plist";
				INSTALL_PATH = "$(LOCAL_LIBRARY_DIR)/Frameworks";
				IPHONEOS_DEPLOYMENT_TARGET = 18.0;
				LD_RUNPATH_SEARCH_PATHS = (
					"$(inherited)",
					"@executable_path/Frameworks",
					"@loader_path/Frameworks",
				);
				MACH_O_TYPE = staticlib;
				PRODUCT_BUNDLE_IDENTIFIER = com.newdok.search.data;
				PRODUCT_NAME = SearchData;
				SDKROOT = iphoneos;
				SKIP_INSTALL = YES;
				SUPPORTS_MACCATALYST = NO;
				SUPPORTS_MAC_DESIGNED_FOR_IPHONE_IPAD = YES;
				SUPPORTS_XR_DESIGNED_FOR_IPHONE_IPAD = NO;
				SWIFT_COMPILATION_MODE = wholemodule;
				SWIFT_ENABLE_EXPLICIT_MODULES = YES;
				SWIFT_OPTIMIZATION_LEVEL = "-O";
				SWIFT_STRICT_CONCURRENCY = complete;
				SWIFT_VERSION = 5.0;
				TARGETED_DEVICE_FAMILY = "1,2";
				VERSIONING_SYSTEM = "apple-generic";
				VERSION_INFO_PREFIX = "";
			};
			name = Release;
		};
		69581C56F70B06DA99CBFA2B /* Release */ = {
			isa = XCBuildConfiguration;
			buildSettings = {
				CODE_SIGN_IDENTITY = "iPhone Developer";
				INFOPLIST_FILE = "Derived/InfoPlists/SearchTests-Info.plist";
				IPHONEOS_DEPLOYMENT_TARGET = 18.0;
				LD_RUNPATH_SEARCH_PATHS = (
					"$(inherited)",
					"@executable_path/Frameworks",
					"@loader_path/Frameworks",
				);
				PRODUCT_BUNDLE_IDENTIFIER = com.newdok.search.tests;
				PRODUCT_NAME = SearchTests;
				SDKROOT = iphoneos;
				SUPPORTS_MACCATALYST = NO;
				SUPPORTS_MAC_DESIGNED_FOR_IPHONE_IPAD = YES;
				SUPPORTS_XR_DESIGNED_FOR_IPHONE_IPAD = NO;
				SWIFT_COMPILATION_MODE = wholemodule;
				SWIFT_OPTIMIZATION_LEVEL = "-O";
				SWIFT_VERSION = 5.0;
				TARGETED_DEVICE_FAMILY = "1,2";
			};
			name = Release;
		};
		6F91587368A607F6ABAB1864 /* Debug */ = {
			isa = XCBuildConfiguration;
			buildSettings = {
				CODE_SIGN_IDENTITY = "";
				CURRENT_PROJECT_VERSION = 1;
				DEFINES_MODULE = YES;
				DYLIB_COMPATIBILITY_VERSION = 1;
				DYLIB_CURRENT_VERSION = 1;
				DYLIB_INSTALL_NAME_BASE = "@rpath";
				INFOPLIST_FILE = "Derived/InfoPlists/SearchTesting-Info.plist";
				INSTALL_PATH = "$(LOCAL_LIBRARY_DIR)/Frameworks";
				IPHONEOS_DEPLOYMENT_TARGET = 18.0;
				LD_RUNPATH_SEARCH_PATHS = (
					"$(inherited)",
					"@executable_path/Frameworks",
					"@loader_path/Frameworks",
				);
				MACH_O_TYPE = staticlib;
				PRODUCT_BUNDLE_IDENTIFIER = com.newdok.search.testing;
				PRODUCT_NAME = SearchTesting;
				SDKROOT = iphoneos;
				SKIP_INSTALL = YES;
				SUPPORTS_MACCATALYST = NO;
				SUPPORTS_MAC_DESIGNED_FOR_IPHONE_IPAD = YES;
				SUPPORTS_XR_DESIGNED_FOR_IPHONE_IPAD = NO;
				SWIFT_ACTIVE_COMPILATION_CONDITIONS = (
					"$(inherited)",
					DEBUG,
				);
				SWIFT_COMPILATION_MODE = singlefile;
				SWIFT_ENABLE_EXPLICIT_MODULES = YES;
				SWIFT_OPTIMIZATION_LEVEL = "-Onone";
				SWIFT_STRICT_CONCURRENCY = complete;
				SWIFT_VERSION = 5.0;
				TARGETED_DEVICE_FAMILY = "1,2";
				VERSIONING_SYSTEM = "apple-generic";
				VERSION_INFO_PREFIX = "";
			};
			name = Debug;
		};
		822093BB18628A15B48CBF7D /* Debug */ = {
			isa = XCBuildConfiguration;
			buildSettings = {
				CODE_SIGN_IDENTITY = "";
				CURRENT_PROJECT_VERSION = 1;
				DEFINES_MODULE = YES;
				DYLIB_COMPATIBILITY_VERSION = 1;
				DYLIB_CURRENT_VERSION = 1;
				DYLIB_INSTALL_NAME_BASE = "@rpath";
				INFOPLIST_FILE = "Derived/InfoPlists/SearchData-Info.plist";
				INSTALL_PATH = "$(LOCAL_LIBRARY_DIR)/Frameworks";
				IPHONEOS_DEPLOYMENT_TARGET = 18.0;
				LD_RUNPATH_SEARCH_PATHS = (
					"$(inherited)",
					"@executable_path/Frameworks",
					"@loader_path/Frameworks",
				);
				MACH_O_TYPE = staticlib;
				PRODUCT_BUNDLE_IDENTIFIER = com.newdok.search.data;
				PRODUCT_NAME = SearchData;
				SDKROOT = iphoneos;
				SKIP_INSTALL = YES;
				SUPPORTS_MACCATALYST = NO;
				SUPPORTS_MAC_DESIGNED_FOR_IPHONE_IPAD = YES;
				SUPPORTS_XR_DESIGNED_FOR_IPHONE_IPAD = NO;
				SWIFT_ACTIVE_COMPILATION_CONDITIONS = (
					"$(inherited)",
					DEBUG,
				);
				SWIFT_COMPILATION_MODE = singlefile;
				SWIFT_ENABLE_EXPLICIT_MODULES = YES;
				SWIFT_OPTIMIZATION_LEVEL = "-Onone";
				SWIFT_STRICT_CONCURRENCY = complete;
				SWIFT_VERSION = 5.0;
				TARGETED_DEVICE_FAMILY = "1,2";
				VERSIONING_SYSTEM = "apple-generic";
				VERSION_INFO_PREFIX = "";
			};
			name = Debug;
		};
		944B67E1A50736F337E6FA13 /* Debug */ = {
			isa = XCBuildConfiguration;
			buildSettings = {
				CODE_SIGN_IDENTITY = "";
				CURRENT_PROJECT_VERSION = 1;
				DEFINES_MODULE = YES;
				DYLIB_COMPATIBILITY_VERSION = 1;
				DYLIB_CURRENT_VERSION = 1;
				DYLIB_INSTALL_NAME_BASE = "@rpath";
				INFOPLIST_FILE = "Derived/InfoPlists/SearchDomain-Info.plist";
				INSTALL_PATH = "$(LOCAL_LIBRARY_DIR)/Frameworks";
				IPHONEOS_DEPLOYMENT_TARGET = 18.0;
				LD_RUNPATH_SEARCH_PATHS = (
					"$(inherited)",
					"@executable_path/Frameworks",
					"@loader_path/Frameworks",
				);
				MACH_O_TYPE = staticlib;
				PRODUCT_BUNDLE_IDENTIFIER = com.newdok.search.domain;
				PRODUCT_NAME = SearchDomain;
				SDKROOT = iphoneos;
				SKIP_INSTALL = YES;
				SUPPORTS_MACCATALYST = NO;
				SUPPORTS_MAC_DESIGNED_FOR_IPHONE_IPAD = YES;
				SUPPORTS_XR_DESIGNED_FOR_IPHONE_IPAD = NO;
				SWIFT_ACTIVE_COMPILATION_CONDITIONS = (
					"$(inherited)",
					DEBUG,
				);
				SWIFT_COMPILATION_MODE = singlefile;
				SWIFT_ENABLE_EXPLICIT_MODULES = YES;
				SWIFT_OPTIMIZATION_LEVEL = "-Onone";
				SWIFT_STRICT_CONCURRENCY = complete;
				SWIFT_VERSION = 5.0;
				TARGETED_DEVICE_FAMILY = "1,2";
				VERSIONING_SYSTEM = "apple-generic";
				VERSION_INFO_PREFIX = "";
			};
			name = Debug;
		};
		AA9B6EF6202CB526808B5C95 /* Release */ = {
			isa = XCBuildConfiguration;
			buildSettings = {
				CODE_SIGN_IDENTITY = "";
				CURRENT_PROJECT_VERSION = 1;
				DEFINES_MODULE = YES;
				DYLIB_COMPATIBILITY_VERSION = 1;
				DYLIB_CURRENT_VERSION = 1;
				DYLIB_INSTALL_NAME_BASE = "@rpath";
				INFOPLIST_FILE = "Derived/InfoPlists/SearchTesting-Info.plist";
				INSTALL_PATH = "$(LOCAL_LIBRARY_DIR)/Frameworks";
				IPHONEOS_DEPLOYMENT_TARGET = 18.0;
				LD_RUNPATH_SEARCH_PATHS = (
					"$(inherited)",
					"@executable_path/Frameworks",
					"@loader_path/Frameworks",
				);
				MACH_O_TYPE = staticlib;
				PRODUCT_BUNDLE_IDENTIFIER = com.newdok.search.testing;
				PRODUCT_NAME = SearchTesting;
				SDKROOT = iphoneos;
				SKIP_INSTALL = YES;
				SUPPORTS_MACCATALYST = NO;
				SUPPORTS_MAC_DESIGNED_FOR_IPHONE_IPAD = YES;
				SUPPORTS_XR_DESIGNED_FOR_IPHONE_IPAD = NO;
				SWIFT_COMPILATION_MODE = wholemodule;
				SWIFT_ENABLE_EXPLICIT_MODULES = YES;
				SWIFT_OPTIMIZATION_LEVEL = "-O";
				SWIFT_STRICT_CONCURRENCY = complete;
				SWIFT_VERSION = 5.0;
				TARGETED_DEVICE_FAMILY = "1,2";
				VERSIONING_SYSTEM = "apple-generic";
				VERSION_INFO_PREFIX = "";
			};
			name = Release;
		};
		AFD799D827E89703D46A6588 /* Release */ = {
			isa = XCBuildConfiguration;
			buildSettings = {
				CODE_SIGN_IDENTITY = "";
				CURRENT_PROJECT_VERSION = 1;
				DEFINES_MODULE = YES;
				DYLIB_COMPATIBILITY_VERSION = 1;
				DYLIB_CURRENT_VERSION = 1;
				DYLIB_INSTALL_NAME_BASE = "@rpath";
				INFOPLIST_FILE = "Derived/InfoPlists/Search-Info.plist";
				INSTALL_PATH = "$(LOCAL_LIBRARY_DIR)/Frameworks";
				IPHONEOS_DEPLOYMENT_TARGET = 18.0;
				LD_RUNPATH_SEARCH_PATHS = (
					"$(inherited)",
					"@executable_path/Frameworks",
					"@loader_path/Frameworks",
				);
				MACH_O_TYPE = staticlib;
				PRODUCT_BUNDLE_IDENTIFIER = com.newdok.search;
				PRODUCT_NAME = Search;
				SDKROOT = iphoneos;
				SKIP_INSTALL = YES;
				SUPPORTS_MACCATALYST = NO;
				SUPPORTS_MAC_DESIGNED_FOR_IPHONE_IPAD = YES;
				SUPPORTS_XR_DESIGNED_FOR_IPHONE_IPAD = NO;
				SWIFT_COMPILATION_MODE = wholemodule;
				SWIFT_ENABLE_EXPLICIT_MODULES = YES;
				SWIFT_INSTALL_OBJC_HEADER = NO;
				SWIFT_OPTIMIZATION_LEVEL = "-O";
				SWIFT_STRICT_CONCURRENCY = complete;
				SWIFT_VERSION = 5.0;
				TARGETED_DEVICE_FAMILY = "1,2";
				VERSIONING_SYSTEM = "apple-generic";
				VERSION_INFO_PREFIX = "";
			};
			name = Release;
		};
		CC9F1680F743330437B157DB /* Debug */ = {
			isa = XCBuildConfiguration;
			buildSettings = {
				CODE_SIGN_IDENTITY = "";
				CURRENT_PROJECT_VERSION = 1;
				DEFINES_MODULE = YES;
				DYLIB_COMPATIBILITY_VERSION = 1;
				DYLIB_CURRENT_VERSION = 1;
				DYLIB_INSTALL_NAME_BASE = "@rpath";
				INFOPLIST_FILE = "Derived/InfoPlists/Search-Info.plist";
				INSTALL_PATH = "$(LOCAL_LIBRARY_DIR)/Frameworks";
				IPHONEOS_DEPLOYMENT_TARGET = 18.0;
				LD_RUNPATH_SEARCH_PATHS = (
					"$(inherited)",
					"@executable_path/Frameworks",
					"@loader_path/Frameworks",
				);
				MACH_O_TYPE = staticlib;
				PRODUCT_BUNDLE_IDENTIFIER = com.newdok.search;
				PRODUCT_NAME = Search;
				SDKROOT = iphoneos;
				SKIP_INSTALL = YES;
				SUPPORTS_MACCATALYST = NO;
				SUPPORTS_MAC_DESIGNED_FOR_IPHONE_IPAD = YES;
				SUPPORTS_XR_DESIGNED_FOR_IPHONE_IPAD = NO;
				SWIFT_ACTIVE_COMPILATION_CONDITIONS = (
					"$(inherited)",
					DEBUG,
				);
				SWIFT_COMPILATION_MODE = singlefile;
				SWIFT_ENABLE_EXPLICIT_MODULES = YES;
				SWIFT_INSTALL_OBJC_HEADER = NO;
				SWIFT_OPTIMIZATION_LEVEL = "-Onone";
				SWIFT_STRICT_CONCURRENCY = complete;
				SWIFT_VERSION = 5.0;
				TARGETED_DEVICE_FAMILY = "1,2";
				VERSIONING_SYSTEM = "apple-generic";
				VERSION_INFO_PREFIX = "";
			};
			name = Debug;
		};
		D84A410B14C7D3E1CBD3CA37 /* Debug */ = {
			isa = XCBuildConfiguration;
			buildSettings = {
				CODE_SIGN_IDENTITY = "";
				CURRENT_PROJECT_VERSION = 1;
				DEFINES_MODULE = YES;
				DYLIB_COMPATIBILITY_VERSION = 1;
				DYLIB_CURRENT_VERSION = 1;
				DYLIB_INSTALL_NAME_BASE = "@rpath";
				INFOPLIST_FILE = "Derived/InfoPlists/SearchInterface-Info.plist";
				INSTALL_PATH = "$(LOCAL_LIBRARY_DIR)/Frameworks";
				IPHONEOS_DEPLOYMENT_TARGET = 18.0;
				LD_RUNPATH_SEARCH_PATHS = (
					"$(inherited)",
					"@executable_path/Frameworks",
					"@loader_path/Frameworks",
				);
				MACH_O_TYPE = staticlib;
				PRODUCT_BUNDLE_IDENTIFIER = com.newdok.search.interface;
				PRODUCT_NAME = SearchInterface;
				SDKROOT = iphoneos;
				SKIP_INSTALL = YES;
				SUPPORTS_MACCATALYST = NO;
				SUPPORTS_MAC_DESIGNED_FOR_IPHONE_IPAD = YES;
				SUPPORTS_XR_DESIGNED_FOR_IPHONE_IPAD = NO;
				SWIFT_ACTIVE_COMPILATION_CONDITIONS = (
					"$(inherited)",
					DEBUG,
				);
				SWIFT_COMPILATION_MODE = singlefile;
				SWIFT_ENABLE_EXPLICIT_MODULES = YES;
				SWIFT_OPTIMIZATION_LEVEL = "-Onone";
				SWIFT_STRICT_CONCURRENCY = complete;
				SWIFT_VERSION = 5.0;
				TARGETED_DEVICE_FAMILY = "1,2";
				VERSIONING_SYSTEM = "apple-generic";
				VERSION_INFO_PREFIX = "";
			};
			name = Debug;
		};
		E828B296DD1DDCBCD86B02E3 /* Release */ = {
			isa = XCBuildConfiguration;
			buildSettings = {
				ALWAYS_SEARCH_USER_PATHS = NO;
				CLANG_ANALYZER_LOCALIZABILITY_NONLOCALIZED = YES;
				CLANG_ANALYZER_NONNULL = YES;
				CLANG_ANALYZER_NUMBER_OBJECT_CONVERSION = YES_AGGRESSIVE;
				CLANG_CXX_LANGUAGE_STANDARD = "gnu++14";
				CLANG_CXX_LIBRARY = "libc++";
				CLANG_ENABLE_MODULES = YES;
				CLANG_ENABLE_OBJC_ARC = YES;
				CLANG_ENABLE_OBJC_WEAK = YES;
				CLANG_WARN_BLOCK_CAPTURE_AUTORELEASING = YES;
				CLANG_WARN_BOOL_CONVERSION = YES;
				CLANG_WARN_COMMA = YES;
				CLANG_WARN_CONSTANT_CONVERSION = YES;
				CLANG_WARN_DEPRECATED_OBJC_IMPLEMENTATIONS = YES;
				CLANG_WARN_DIRECT_OBJC_ISA_USAGE = YES_ERROR;
				CLANG_WARN_DOCUMENTATION_COMMENTS = YES;
				CLANG_WARN_EMPTY_BODY = YES;
				CLANG_WARN_ENUM_CONVERSION = YES;
				CLANG_WARN_INFINITE_RECURSION = YES;
				CLANG_WARN_INT_CONVERSION = YES;
				CLANG_WARN_NON_LITERAL_NULL_CONVERSION = YES;
				CLANG_WARN_OBJC_IMPLICIT_RETAIN_SELF = YES;
				CLANG_WARN_OBJC_LITERAL_CONVERSION = YES;
				CLANG_WARN_OBJC_ROOT_CLASS = YES_ERROR;
				CLANG_WARN_QUOTED_INCLUDE_IN_FRAMEWORK_HEADER = YES;
				CLANG_WARN_RANGE_LOOP_ANALYSIS = YES;
				CLANG_WARN_STRICT_PROTOTYPES = YES;
				CLANG_WARN_SUSPICIOUS_MOVE = YES;
				CLANG_WARN_UNGUARDED_AVAILABILITY = YES_AGGRESSIVE;
				CLANG_WARN_UNREACHABLE_CODE = YES;
				CLANG_WARN__DUPLICATE_METHOD_MATCH = YES;
				COPY_PHASE_STRIP = NO;
				DEAD_CODE_STRIPPING = YES;
				DEBUG_INFORMATION_FORMAT = "dwarf-with-dsym";
				ENABLE_NS_ASSERTIONS = NO;
				ENABLE_STRICT_OBJC_MSGSEND = YES;
				GCC_C_LANGUAGE_STANDARD = gnu11;
				GCC_NO_COMMON_BLOCKS = YES;
				GCC_WARN_64_TO_32_BIT_CONVERSION = YES;
				GCC_WARN_ABOUT_RETURN_TYPE = YES_ERROR;
				GCC_WARN_UNDECLARED_SELECTOR = YES;
				GCC_WARN_UNINITIALIZED_AUTOS = YES_AGGRESSIVE;
				GCC_WARN_UNUSED_FUNCTION = YES;
				GCC_WARN_UNUSED_VARIABLE = YES;
				MTL_ENABLE_DEBUG_INFO = NO;
				PRODUCT_NAME = "$(TARGET_NAME)";
				VALIDATE_PRODUCT = YES;
			};
			name = Release;
		};
		FA12A4D73C5F28CA55A9CADF /* Release */ = {
			isa = XCBuildConfiguration;
			buildSettings = {
				CODE_SIGN_IDENTITY = "";
				CURRENT_PROJECT_VERSION = 1;
				DEFINES_MODULE = YES;
				DYLIB_COMPATIBILITY_VERSION = 1;
				DYLIB_CURRENT_VERSION = 1;
				DYLIB_INSTALL_NAME_BASE = "@rpath";
				INFOPLIST_FILE = "Derived/InfoPlists/SearchInterface-Info.plist";
				INSTALL_PATH = "$(LOCAL_LIBRARY_DIR)/Frameworks";
				IPHONEOS_DEPLOYMENT_TARGET = 18.0;
				LD_RUNPATH_SEARCH_PATHS = (
					"$(inherited)",
					"@executable_path/Frameworks",
					"@loader_path/Frameworks",
				);
				MACH_O_TYPE = staticlib;
				PRODUCT_BUNDLE_IDENTIFIER = com.newdok.search.interface;
				PRODUCT_NAME = SearchInterface;
				SDKROOT = iphoneos;
				SKIP_INSTALL = YES;
				SUPPORTS_MACCATALYST = NO;
				SUPPORTS_MAC_DESIGNED_FOR_IPHONE_IPAD = YES;
				SUPPORTS_XR_DESIGNED_FOR_IPHONE_IPAD = NO;
				SWIFT_COMPILATION_MODE = wholemodule;
				SWIFT_ENABLE_EXPLICIT_MODULES = YES;
				SWIFT_OPTIMIZATION_LEVEL = "-O";
				SWIFT_STRICT_CONCURRENCY = complete;
				SWIFT_VERSION = 5.0;
				TARGETED_DEVICE_FAMILY = "1,2";
				VERSIONING_SYSTEM = "apple-generic";
				VERSION_INFO_PREFIX = "";
			};
			name = Release;
		};
		FDDD66F86BE7D07E8AE9115A /* Debug */ = {
			isa = XCBuildConfiguration;
			buildSettings = {
				CODE_SIGN_IDENTITY = "iPhone Developer";
				INFOPLIST_FILE = "Derived/InfoPlists/SearchTests-Info.plist";
				IPHONEOS_DEPLOYMENT_TARGET = 18.0;
				LD_RUNPATH_SEARCH_PATHS = (
					"$(inherited)",
					"@executable_path/Frameworks",
					"@loader_path/Frameworks",
				);
				PRODUCT_BUNDLE_IDENTIFIER = com.newdok.search.tests;
				PRODUCT_NAME = SearchTests;
				SDKROOT = iphoneos;
				SUPPORTS_MACCATALYST = NO;
				SUPPORTS_MAC_DESIGNED_FOR_IPHONE_IPAD = YES;
				SUPPORTS_XR_DESIGNED_FOR_IPHONE_IPAD = NO;
				SWIFT_ACTIVE_COMPILATION_CONDITIONS = (
					"$(inherited)",
					DEBUG,
				);
				SWIFT_COMPILATION_MODE = singlefile;
				SWIFT_OPTIMIZATION_LEVEL = "-Onone";
				SWIFT_VERSION = 5.0;
				TARGETED_DEVICE_FAMILY = "1,2";
			};
			name = Debug;
		};
/* End XCBuildConfiguration section */

/* Begin XCConfigurationList section */
		07EA95A7700BA1362F87E897 /* Build configuration list for PBXNativeTarget "SearchTests" */ = {
			isa = XCConfigurationList;
			buildConfigurations = (
				FDDD66F86BE7D07E8AE9115A /* Debug */,
				69581C56F70B06DA99CBFA2B /* Release */,
			);
			defaultConfigurationIsVisible = 0;
			defaultConfigurationName = Release;
		};
		4C72AA69BC5FE556E6470145 /* Build configuration list for PBXNativeTarget "SearchTesting" */ = {
			isa = XCConfigurationList;
			buildConfigurations = (
				6F91587368A607F6ABAB1864 /* Debug */,
				AA9B6EF6202CB526808B5C95 /* Release */,
			);
			defaultConfigurationIsVisible = 0;
			defaultConfigurationName = Release;
		};
		6B24B05B816EAB022D8C04E6 /* Build configuration list for PBXNativeTarget "SearchData" */ = {
			isa = XCConfigurationList;
			buildConfigurations = (
				822093BB18628A15B48CBF7D /* Debug */,
				4CCC285622510F39E51C4ADE /* Release */,
			);
			defaultConfigurationIsVisible = 0;
			defaultConfigurationName = Release;
		};
		731940972587373E5B45F8C7 /* Build configuration list for PBXProject "Search" */ = {
			isa = XCConfigurationList;
			buildConfigurations = (
				4567E3C863E192E62025B73F /* Debug */,
				E828B296DD1DDCBCD86B02E3 /* Release */,
			);
			defaultConfigurationIsVisible = 0;
			defaultConfigurationName = Release;
		};
		735F65DA838EB3DBB0596DD8 /* Build configuration list for PBXNativeTarget "SearchDomain" */ = {
			isa = XCConfigurationList;
			buildConfigurations = (
				944B67E1A50736F337E6FA13 /* Debug */,
				070322E47DE2C97A76C8B8F3 /* Release */,
			);
			defaultConfigurationIsVisible = 0;
			defaultConfigurationName = Release;
		};
		77A26238B6C52E838B945E55 /* Build configuration list for PBXNativeTarget "SearchInterface" */ = {
			isa = XCConfigurationList;
			buildConfigurations = (
				D84A410B14C7D3E1CBD3CA37 /* Debug */,
				FA12A4D73C5F28CA55A9CADF /* Release */,
			);
			defaultConfigurationIsVisible = 0;
			defaultConfigurationName = Release;
		};
		7959414547E0A4954D52B231 /* Build configuration list for PBXNativeTarget "Search" */ = {
			isa = XCConfigurationList;
			buildConfigurations = (
				CC9F1680F743330437B157DB /* Debug */,
				AFD799D827E89703D46A6588 /* Release */,
			);
			defaultConfigurationIsVisible = 0;
			defaultConfigurationName = Release;
		};
		819DE5C226F0DAB582993039 /* Build configuration list for PBXNativeTarget "SearchExample" */ = {
			isa = XCConfigurationList;
			buildConfigurations = (
				300906BB4956E84FE6DA0168 /* Debug */,
				07199AF8C06269F3ED779359 /* Release */,
			);
			defaultConfigurationIsVisible = 0;
			defaultConfigurationName = Release;
		};
/* End XCConfigurationList section */
	};
	rootObject = 5A5799AE384BBD104247C169 /* Project object */;
}
